{
  "version": 4,
  "terraform_version": "1.4.2",
  "serial": 6,
  "lineage": "004dcad4-18ac-2d4a-3e06-442e815a8bfd",
  "outputs": {
    "vpc_self_link": {
      "value": "https://www.googleapis.com/compute/v1/projects/qwiklabs-gcp-02-b3fe8e1aec59/global/networks/default",
      "type": "string"
    }
  },
  "resources": [
    {
      "mode": "managed",
      "type": "google_compute_global_address",
      "name": "private_ip_block",
      "provider": "provider[\"registry.terraform.io/hashicorp/google\"]",
      "instances": [
        {
          "schema_version": 0,
          "attributes": {
            "address": "10.96.224.0",
            "address_type": "INTERNAL",
            "creation_timestamp": "2023-04-20T07:35:51.809-07:00",
            "description": "",
            "id": "projects/qwiklabs-gcp-02-b3fe8e1aec59/global/addresses/private-ip-block",
            "ip_version": "",
            "name": "private-ip-block",
            "network": "https://www.googleapis.com/compute/v1/projects/qwiklabs-gcp-02-b3fe8e1aec59/global/networks/default",
            "prefix_length": 20,
            "project": "qwiklabs-gcp-02-b3fe8e1aec59",
            "purpose": "VPC_PEERING",
            "self_link": "https://www.googleapis.com/compute/v1/projects/qwiklabs-gcp-02-b3fe8e1aec59/global/addresses/private-ip-block",
            "timeouts": null
          },
          "sensitive_attributes": [],
          "private": "eyJlMmJmYjczMC1lY2FhLTExZTYtOGY4OC0zNDM2M2JjN2M0YzAiOnsiY3JlYXRlIjoxMjAwMDAwMDAwMDAwLCJkZWxldGUiOjEyMDAwMDAwMDAwMDB9fQ=="
        }
      ]
    },
    {
      "mode": "managed",
      "type": "google_service_networking_connection",
      "name": "private_vpc_connection",
      "provider": "provider[\"registry.terraform.io/hashicorp/google\"]",
      "instances": [
        {
          "schema_version": 0,
          "attributes": {
            "id": "https%3A%2F%2Fwww.googleapis.com%2Fcompute%2Fv1%2Fprojects%2Fqwiklabs-gcp-02-b3fe8e1aec59%2Fglobal%2Fnetworks%2Fdefault:servicenetworking.googleapis.com",
            "network": "https://www.googleapis.com/compute/v1/projects/qwiklabs-gcp-02-b3fe8e1aec59/global/networks/default",
            "peering": "servicenetworking-googleapis-com",
            "reserved_peering_ranges": [
              "private-ip-block"
            ],
            "service": "servicenetworking.googleapis.com",
            "timeouts": null
          },
          "sensitive_attributes": [],
          "private": "eyJlMmJmYjczMC1lY2FhLTExZTYtOGY4OC0zNDM2M2JjN2M0YzAiOnsiY3JlYXRlIjo2MDAwMDAwMDAwMDAsImRlbGV0ZSI6NjAwMDAwMDAwMDAwLCJ1cGRhdGUiOjYwMDAwMDAwMDAwMH19",
          "dependencies": [
            "google_compute_global_address.private_ip_block"
          ]
        }
      ]
    },
    {
      "mode": "managed",
      "type": "google_sql_database_instance",
      "name": "wordpress-db",
      "provider": "provider[\"registry.terraform.io/hashicorp/google\"]",
      "instances": [
        {
          "schema_version": 0,
          "attributes": {
            "available_maintenance_versions": [],
            "clone": [],
            "connection_name": "qwiklabs-gcp-02-b3fe8e1aec59:us-east1:wordpress-db",
            "database_version": "MYSQL_5_7",
            "deletion_protection": true,
            "encryption_key_name": null,
            "first_ip_address": "10.96.224.2",
            "id": "wordpress-db",
            "instance_type": "CLOUD_SQL_INSTANCE",
            "ip_address": [
              {
                "ip_address": "10.96.224.2",
                "time_to_retire": "",
                "type": "PRIVATE"
              }
            ],
            "maintenance_version": "MYSQL_5_7_40.R20230314.03_02",
            "master_instance_name": "",
            "name": "wordpress-db",
            "private_ip_address": "10.96.224.2",
            "project": "qwiklabs-gcp-02-b3fe8e1aec59",
            "public_ip_address": "",
            "region": "us-east1",
            "replica_configuration": [],
            "restore_backup_context": [],
            "root_password": "jesuisunmdp",
            "self_link": "https://sqladmin.googleapis.com/sql/v1beta4/projects/qwiklabs-gcp-02-b3fe8e1aec59/instances/wordpress-db",
            "server_ca_cert": [
              {
                "cert": "-----BEGIN CERTIFICATE-----\nMIIDfzCCAmegAwIBAgIBADANBgkqhkiG9w0BAQsFADB3MS0wKwYDVQQuEyQxMDNj\nYzk1Ny03OGFkLTRjYTItYjNiMy01MDk4ZDBjMGU4MjIxIzAhBgNVBAMTGkdvb2ds\nZSBDbG91ZCBTUUwgU2VydmVyIENBMRQwEgYDVQQKEwtHb29nbGUsIEluYzELMAkG\nA1UEBhMCVVMwHhcNMjMwNDIwMTQ0MTIzWhcNMzMwNDE3MTQ0MjIzWjB3MS0wKwYD\nVQQuEyQxMDNjYzk1Ny03OGFkLTRjYTItYjNiMy01MDk4ZDBjMGU4MjIxIzAhBgNV\nBAMTGkdvb2dsZSBDbG91ZCBTUUwgU2VydmVyIENBMRQwEgYDVQQKEwtHb29nbGUs\nIEluYzELMAkGA1UEBhMCVVMwggEiMA0GCSqGSIb3DQEBAQUAA4IBDwAwggEKAoIB\nAQCrwOBrURZa8ZcOztQMHMpBRJfUGURvHbfkDqErSKyDKb9ZdnahhE8pTgKF7X28\nrD7/Tm/W9V/fnBWyQ0ORs85EJMYwgO0eDe8gl0FLqV45mdkCYWyykImgbNZqPmrb\nj3nQJkrgb/3Ri0AoXWIIlBmOlmO0wkGiAA0fYSuogMSrNsI0yPj5XXjJuaMK1Bzo\nAifXrbjA71CigV2KAXvTD9XnxZg5Qt1K/aLlVTT8aOyEo83lHjcsK7M2Qbk2ysjU\nJgn0HrYCYlDdUr0Kp2BHqL5adCDt+K3vXUINXrXZcaPet7f5X/hO2+Et28Ab8w3f\niw/23dJz1a+RvzrhcaVjvs23AgMBAAGjFjAUMBIGA1UdEwEB/wQIMAYBAf8CAQAw\nDQYJKoZIhvcNAQELBQADggEBAFuQs6ns0QvapxZPpbQrlW7OESwp9rCbXZ2HT4g9\nocXvjWGfqIcnPV9vGuyiFeEB2nrBxp1ndwwzEgX8jqV4ilCE7Pa95GTFKtc9q1rE\n09kIa59WdRPPeuehCgkfIFJeNQJCID/yB1AfK/DzkTiozmmxMmLB9zig5Ll7YNXy\nqZrTIfKZ0z0Arh6zwvfwclznfInarSS7tqysA9btZcrAqZ1tOzXVzW6Pyg0soQTj\n8Bu7WZe3OrwUOm3aT9dva/jlYo+g3onJil33yPd8U70281w4R99Z5TjvpoVON7Ih\nZ+8VAOz911fUor0Uw5G1s5TN0sZSfv5O8bRfUiHEy3TZq2k=\n-----END CERTIFICATE-----",
                "common_name": "C=US,O=Google\\, Inc,CN=Google Cloud SQL Server CA,dnQualifier=103cc957-78ad-4ca2-b3b3-5098d0c0e822",
                "create_time": "2023-04-20T14:41:23.873Z",
                "expiration_time": "2033-04-17T14:42:23.873Z",
                "sha1_fingerprint": "c570e9359fe2c714134b2ab9f277aeb77a0cca98"
              }
            ],
            "service_account_email_address": "p212424465690-y4a6hs@gcp-sa-cloud-sql.iam.gserviceaccount.com",
            "settings": [
              {
                "activation_policy": "ALWAYS",
                "active_directory_config": [],
                "availability_type": "REGIONAL",
                "backup_configuration": [
                  {
                    "backup_retention_settings": [
                      {
                        "retained_backups": 7,
                        "retention_unit": "COUNT"
                      }
                    ],
                    "binary_log_enabled": true,
                    "enabled": true,
                    "location": "",
                    "point_in_time_recovery_enabled": false,
                    "start_time": "13:00",
                    "transaction_log_retention_days": 7
                  }
                ],
                "collation": "",
                "connector_enforcement": "NOT_REQUIRED",
                "database_flags": [],
                "deletion_protection_enabled": false,
                "deny_maintenance_period": [],
                "disk_autoresize": true,
                "disk_autoresize_limit": 0,
                "disk_size": 10,
                "disk_type": "PD_SSD",
                "insights_config": [],
                "ip_configuration": [
                  {
                    "allocated_ip_range": "",
                    "authorized_networks": [],
                    "enable_private_path_for_google_cloud_services": false,
                    "ipv4_enabled": false,
                    "private_network": "projects/qwiklabs-gcp-02-b3fe8e1aec59/global/networks/default",
                    "require_ssl": false
                  }
                ],
                "location_preference": [
                  {
                    "follow_gae_application": "",
                    "secondary_zone": "",
                    "zone": "us-east1-c"
                  }
                ],
                "maintenance_window": [],
                "password_validation_policy": [],
                "pricing_plan": "PER_USE",
                "sql_server_audit_config": [],
                "tier": "db-f1-micro",
                "time_zone": "",
                "user_labels": {},
                "version": 4
              }
            ],
            "timeouts": null
          },
          "sensitive_attributes": [],
          "private": "eyJlMmJmYjczMC1lY2FhLTExZTYtOGY4OC0zNDM2M2JjN2M0YzAiOnsiY3JlYXRlIjoyNDAwMDAwMDAwMDAwLCJkZWxldGUiOjE4MDAwMDAwMDAwMDAsInVwZGF0ZSI6MTgwMDAwMDAwMDAwMH19",
          "dependencies": [
            "google_compute_global_address.private_ip_block",
            "google_service_networking_connection.private_vpc_connection"
          ]
        }
      ]
    }
  ],
  "check_results": null
}
