{
  "version": 4,
  "terraform_version": "1.4.2",
  "serial": 3,
  "lineage": "004dcad4-18ac-2d4a-3e06-442e815a8bfd",
  "outputs": {
    "vpc_self_link": {
      "value": "https://www.googleapis.com/compute/v1/projects/qwiklabs-gcp-02-b3fe8e1aec59/global/networks/default",
      "type": "string"
    }
  },
  "resources": [
    {
      "mode": "managed",
      "type": "google_compute_global_address",
      "name": "private_ip_block",
      "provider": "provider[\"registry.terraform.io/hashicorp/google\"]",
      "instances": [
        {
          "schema_version": 0,
          "attributes": {
            "address": "10.96.224.0",
            "address_type": "INTERNAL",
            "creation_timestamp": "2023-04-20T07:35:51.809-07:00",
            "description": "",
            "id": "projects/qwiklabs-gcp-02-b3fe8e1aec59/global/addresses/private-ip-block",
            "ip_version": "",
            "name": "private-ip-block",
            "network": "https://www.googleapis.com/compute/v1/projects/qwiklabs-gcp-02-b3fe8e1aec59/global/networks/default",
            "prefix_length": 20,
            "project": "qwiklabs-gcp-02-b3fe8e1aec59",
            "purpose": "VPC_PEERING",
            "self_link": "https://www.googleapis.com/compute/v1/projects/qwiklabs-gcp-02-b3fe8e1aec59/global/addresses/private-ip-block",
            "timeouts": null
          },
          "sensitive_attributes": [],
          "private": "eyJlMmJmYjczMC1lY2FhLTExZTYtOGY4OC0zNDM2M2JjN2M0YzAiOnsiY3JlYXRlIjoxMjAwMDAwMDAwMDAwLCJkZWxldGUiOjEyMDAwMDAwMDAwMDB9fQ=="
        }
      ]
    },
    {
      "mode": "managed",
      "type": "google_sql_database_instance",
      "name": "wordpress-db",
      "provider": "provider[\"registry.terraform.io/hashicorp/google\"]",
      "instances": []
    }
  ],
  "check_results": null
}
