{
  "version": 4,
  "terraform_version": "1.4.2",
  "serial": 6,
  "lineage": "8dc1f1e1-0042-6a07-d0d1-e9d15119e048",
  "outputs": {},
  "resources": [
    {
      "mode": "managed",
      "type": "google_pubsub_subscription",
      "name": "mySubscription",
      "provider": "provider[\"registry.terraform.io/hashicorp/google\"]",
      "instances": [
        {
          "schema_version": 0,
          "attributes": {
            "ack_deadline_seconds": 10,
            "bigquery_config": [],
            "dead_letter_policy": [],
            "enable_exactly_once_delivery": false,
            "enable_message_ordering": false,
            "expiration_policy": [
              {
                "ttl": "2678400s"
              }
            ],
            "filter": "",
            "id": "projects/qwiklabs-gcp-01-4c85d6bb955f/subscriptions/mySubscription",
            "labels": null,
            "message_retention_duration": "604800s",
            "name": "mySubscription",
            "project": "qwiklabs-gcp-01-4c85d6bb955f",
            "push_config": [],
            "retain_acked_messages": false,
            "retry_policy": [],
            "timeouts": null,
            "topic": "projects/qwiklabs-gcp-01-4c85d6bb955f/topics/myTopic"
          },
          "sensitive_attributes": [],
          "private": "eyJlMmJmYjczMC1lY2FhLTExZTYtOGY4OC0zNDM2M2JjN2M0YzAiOnsiY3JlYXRlIjoxMjAwMDAwMDAwMDAwLCJkZWxldGUiOjEyMDAwMDAwMDAwMDAsInVwZGF0ZSI6MTIwMDAwMDAwMDAwMH19",
          "dependencies": [
            "google_pubsub_topic.myTopic"
          ]
        }
      ]
    },
    {
      "mode": "managed",
      "type": "google_pubsub_topic",
      "name": "myTopic",
      "provider": "provider[\"registry.terraform.io/hashicorp/google\"]",
      "instances": [
        {
          "schema_version": 0,
          "attributes": {
            "id": "projects/qwiklabs-gcp-01-4c85d6bb955f/topics/myTopic",
            "kms_key_name": "",
            "labels": {
              "foo": "bar"
            },
            "message_retention_duration": "",
            "message_storage_policy": [
              {
                "allowed_persistence_regions": [
                  "asia-east1",
                  "asia-northeast1",
                  "asia-south1",
                  "asia-southeast1",
                  "australia-southeast1",
                  "europe-central2",
                  "europe-north1",
                  "europe-west1",
                  "europe-west12",
                  "europe-west2",
                  "europe-west3",
                  "europe-west4",
                  "europe-west5",
                  "me-central1",
                  "me-west1",
                  "southamerica-west1",
                  "us-central1",
                  "us-central2",
                  "us-east1",
                  "us-east4",
                  "us-east5",
                  "us-east7",
                  "us-south1",
                  "us-west1",
                  "us-west2",
                  "us-west3",
                  "us-west4"
                ]
              }
            ],
            "name": "myTopic",
            "project": "qwiklabs-gcp-01-4c85d6bb955f",
            "schema_settings": [],
            "timeouts": null
          },
          "sensitive_attributes": [],
          "private": "eyJlMmJmYjczMC1lY2FhLTExZTYtOGY4OC0zNDM2M2JjN2M0YzAiOnsiY3JlYXRlIjoxMjAwMDAwMDAwMDAwLCJkZWxldGUiOjEyMDAwMDAwMDAwMDAsInVwZGF0ZSI6MTIwMDAwMDAwMDAwMH19"
        }
      ]
    }
  ],
  "check_results": null
}
