{
  "version": 4,
  "terraform_version": "1.4.2",
  "serial": 10,
  "lineage": "0cddee85-42f4-0d5e-51a6-cc9db7916a1f",
  "outputs": {},
  "resources": [
    {
      "module": "module.tf-instance-1",
      "mode": "managed",
      "type": "google_compute_instance",
      "name": "default",
      "provider": "provider[\"registry.terraform.io/hashicorp/google\"]",
      "instances": [
        {
          "schema_version": 6,
          "attributes": {
            "advanced_machine_features": [],
            "allow_stopping_for_update": true,
            "attached_disk": [],
            "boot_disk": [
              {
                "auto_delete": true,
                "device_name": "persistent-disk-0",
                "disk_encryption_key_raw": "",
                "disk_encryption_key_sha256": "",
                "initialize_params": [
                  {
                    "image": "https://www.googleapis.com/compute/v1/projects/debian-cloud/global/images/debian-10-buster-v20230510",
                    "labels": {},
                    "size": 10,
                    "type": "pd-standard"
                  }
                ],
                "kms_key_self_link": "",
                "mode": "READ_WRITE",
                "source": "https://www.googleapis.com/compute/v1/projects/qwiklabs-gcp-03-c49e130c2434/zones/us-east1-c/disks/tf-instance-1"
              }
            ],
            "can_ip_forward": false,
            "confidential_instance_config": [],
            "cpu_platform": "Intel Haswell",
            "current_status": "RUNNING",
            "deletion_protection": false,
            "description": "",
            "desired_status": null,
            "enable_display": false,
            "guest_accelerator": [],
            "hostname": "",
            "id": "projects/qwiklabs-gcp-03-c49e130c2434/zones/us-east1-c/instances/tf-instance-1",
            "instance_id": "162970140588709375",
            "label_fingerprint": "dwhKv-8ddOc=",
            "labels": {
              "goog-dm": "qldm-55845507-2beb6a266a092f93"
            },
            "machine_type": "n1-standard-1",
            "metadata": {},
            "metadata_fingerprint": "xnxYwHeaoz4=",
            "metadata_startup_script": "#!/bin/bash\n",
            "min_cpu_platform": "",
            "name": "tf-instance-1",
            "network_interface": [
              {
                "access_config": [
                  {
                    "nat_ip": "34.23.78.156",
                    "network_tier": "PREMIUM",
                    "public_ptr_domain_name": ""
                  }
                ],
                "alias_ip_range": [],
                "ipv6_access_config": [],
                "ipv6_access_type": "",
                "name": "nic0",
                "network": "https://www.googleapis.com/compute/v1/projects/qwiklabs-gcp-03-c49e130c2434/global/networks/default",
                "network_ip": "10.142.0.5",
                "nic_type": "",
                "queue_count": 0,
                "stack_type": "IPV4_ONLY",
                "subnetwork": "https://www.googleapis.com/compute/v1/projects/qwiklabs-gcp-03-c49e130c2434/regions/us-east1/subnetworks/default",
                "subnetwork_project": "qwiklabs-gcp-03-c49e130c2434"
              }
            ],
            "project": "qwiklabs-gcp-03-c49e130c2434",
            "reservation_affinity": [],
            "resource_policies": null,
            "scheduling": [
              {
                "automatic_restart": true,
                "instance_termination_action": "",
                "min_node_cpus": 0,
                "node_affinities": [],
                "on_host_maintenance": "MIGRATE",
                "preemptible": false,
                "provisioning_model": "STANDARD"
              }
            ],
            "scratch_disk": [],
            "self_link": "https://www.googleapis.com/compute/v1/projects/qwiklabs-gcp-03-c49e130c2434/zones/us-east1-c/instances/tf-instance-1",
            "service_account": [
              {
                "email": "qwiklabs-gcp-03-c49e130c2434@qwiklabs-gcp-03-c49e130c2434.iam.gserviceaccount.com",
                "scopes": [
                  "https://www.googleapis.com/auth/cloud-platform"
                ]
              }
            ],
            "shielded_instance_config": [
              {
                "enable_integrity_monitoring": true,
                "enable_secure_boot": false,
                "enable_vtpm": true
              }
            ],
            "tags": null,
            "tags_fingerprint": "42WmSpB8rSM=",
            "timeouts": {
              "create": null,
              "delete": null,
              "update": null
            },
            "zone": "us-east1-c"
          },
          "sensitive_attributes": [],
          "private": "eyJlMmJmYjczMC1lY2FhLTExZTYtOGY4OC0zNDM2M2JjN2M0YzAiOnsiY3JlYXRlIjoxMjAwMDAwMDAwMDAwLCJkZWxldGUiOjEyMDAwMDAwMDAwMDAsInVwZGF0ZSI6MTIwMDAwMDAwMDAwMH0sInNjaGVtYV92ZXJzaW9uIjoiNiJ9"
        }
      ]
    },
    {
      "module": "module.tf-instance-2",
      "mode": "managed",
      "type": "google_compute_instance",
      "name": "default",
      "provider": "provider[\"registry.terraform.io/hashicorp/google\"]",
      "instances": [
        {
          "schema_version": 6,
          "attributes": {
            "advanced_machine_features": [],
            "allow_stopping_for_update": true,
            "attached_disk": [],
            "boot_disk": [
              {
                "auto_delete": true,
                "device_name": "persistent-disk-0",
                "disk_encryption_key_raw": "",
                "disk_encryption_key_sha256": "",
                "initialize_params": [
                  {
                    "image": "https://www.googleapis.com/compute/v1/projects/debian-cloud/global/images/debian-10-buster-v20230510",
                    "labels": {},
                    "size": 10,
                    "type": "pd-standard"
                  }
                ],
                "kms_key_self_link": "",
                "mode": "READ_WRITE",
                "source": "https://www.googleapis.com/compute/v1/projects/qwiklabs-gcp-03-c49e130c2434/zones/us-east1-c/disks/tf-instance-2"
              }
            ],
            "can_ip_forward": false,
            "confidential_instance_config": [],
            "cpu_platform": "Intel Haswell",
            "current_status": "RUNNING",
            "deletion_protection": false,
            "description": "",
            "desired_status": null,
            "enable_display": false,
            "guest_accelerator": [],
            "hostname": "",
            "id": "projects/qwiklabs-gcp-03-c49e130c2434/zones/us-east1-c/instances/tf-instance-2",
            "instance_id": "3134234309872391648",
            "label_fingerprint": "dwhKv-8ddOc=",
            "labels": {
              "goog-dm": "qldm-55845507-2beb6a266a092f93"
            },
            "machine_type": "n1-standard-1",
            "metadata": {},
            "metadata_fingerprint": "xnxYwHeaoz4=",
            "metadata_startup_script": "#!/bin/bash\n",
            "min_cpu_platform": "",
            "name": "tf-instance-2",
            "network_interface": [
              {
                "access_config": [
                  {
                    "nat_ip": "35.227.85.195",
                    "network_tier": "PREMIUM",
                    "public_ptr_domain_name": ""
                  }
                ],
                "alias_ip_range": [],
                "ipv6_access_config": [],
                "ipv6_access_type": "",
                "name": "nic0",
                "network": "https://www.googleapis.com/compute/v1/projects/qwiklabs-gcp-03-c49e130c2434/global/networks/default",
                "network_ip": "10.142.0.4",
                "nic_type": "",
                "queue_count": 0,
                "stack_type": "IPV4_ONLY",
                "subnetwork": "https://www.googleapis.com/compute/v1/projects/qwiklabs-gcp-03-c49e130c2434/regions/us-east1/subnetworks/default",
                "subnetwork_project": "qwiklabs-gcp-03-c49e130c2434"
              }
            ],
            "project": "qwiklabs-gcp-03-c49e130c2434",
            "reservation_affinity": [],
            "resource_policies": null,
            "scheduling": [
              {
                "automatic_restart": true,
                "instance_termination_action": "",
                "min_node_cpus": 0,
                "node_affinities": [],
                "on_host_maintenance": "MIGRATE",
                "preemptible": false,
                "provisioning_model": "STANDARD"
              }
            ],
            "scratch_disk": [],
            "self_link": "https://www.googleapis.com/compute/v1/projects/qwiklabs-gcp-03-c49e130c2434/zones/us-east1-c/instances/tf-instance-2",
            "service_account": [
              {
                "email": "qwiklabs-gcp-03-c49e130c2434@qwiklabs-gcp-03-c49e130c2434.iam.gserviceaccount.com",
                "scopes": [
                  "https://www.googleapis.com/auth/cloud-platform"
                ]
              }
            ],
            "shielded_instance_config": [
              {
                "enable_integrity_monitoring": true,
                "enable_secure_boot": false,
                "enable_vtpm": true
              }
            ],
            "tags": null,
            "tags_fingerprint": "42WmSpB8rSM=",
            "timeouts": {
              "create": null,
              "delete": null,
              "update": null
            },
            "zone": "us-east1-c"
          },
          "sensitive_attributes": [],
          "private": "eyJlMmJmYjczMC1lY2FhLTExZTYtOGY4OC0zNDM2M2JjN2M0YzAiOnsiY3JlYXRlIjoxMjAwMDAwMDAwMDAwLCJkZWxldGUiOjEyMDAwMDAwMDAwMDAsInVwZGF0ZSI6MTIwMDAwMDAwMDAwMH0sInNjaGVtYV92ZXJzaW9uIjoiNiJ9"
        }
      ]
    }
  ],
  "check_results": null
}
