{
  "version": 4,
  "terraform_version": "1.4.2",
  "serial": 5,
  "lineage": "24adad36-40bf-9b14-dc10-c4c1175753b4",
  "outputs": {},
  "resources": [
    {
      "mode": "managed",
      "type": "google_container_cluster",
      "name": "standard-cluster-1",
      "provider": "provider[\"registry.terraform.io/hashicorp/google\"]",
      "instances": [
        {
          "schema_version": 1,
          "attributes": {
            "addons_config": [
              {
                "cloudrun_config": [],
                "config_connector_config": [],
                "dns_cache_config": [],
                "gce_persistent_disk_csi_driver_config": [
                  {
                    "enabled": true
                  }
                ],
                "gcp_filestore_csi_driver_config": [],
                "gke_backup_agent_config": [],
                "horizontal_pod_autoscaling": [],
                "http_load_balancing": [],
                "network_policy_config": [
                  {
                    "disabled": true
                  }
                ]
              }
            ],
            "authenticator_groups_config": [],
            "binary_authorization": [
              {
                "enabled": false,
                "evaluation_mode": ""
              }
            ],
            "cluster_autoscaling": [
              {
                "auto_provisioning_defaults": [],
                "enabled": false,
                "resource_limits": []
              }
            ],
            "cluster_ipv4_cidr": "10.8.0.0/14",
            "confidential_nodes": [],
            "cost_management_config": [],
            "database_encryption": [
              {
                "key_name": "",
                "state": "DECRYPTED"
              }
            ],
            "datapath_provider": "",
            "default_max_pods_per_node": null,
            "default_snat_status": [
              {
                "disabled": false
              }
            ],
            "description": "",
            "dns_config": [],
            "enable_autopilot": false,
            "enable_binary_authorization": false,
            "enable_intranode_visibility": false,
            "enable_kubernetes_alpha": false,
            "enable_l4_ilb_subsetting": false,
            "enable_legacy_abac": false,
            "enable_shielded_nodes": true,
            "enable_tpu": false,
            "endpoint": "34.135.175.187",
            "gateway_api_config": [],
            "id": "projects/qwiklabs-gcp-04-c40ab5c0bef4/locations/us-central1-a/clusters/standard-cluster-1",
            "initial_node_count": 1,
            "ip_allocation_policy": [],
            "label_fingerprint": "a9dc16a7",
            "location": "us-central1-a",
            "logging_config": [
              {
                "enable_components": [
                  "SYSTEM_COMPONENTS",
                  "WORKLOADS"
                ]
              }
            ],
            "logging_service": "logging.googleapis.com/kubernetes",
            "maintenance_policy": [],
            "master_auth": [
              {
                "client_certificate": "",
                "client_certificate_config": [
                  {
                    "issue_client_certificate": false
                  }
                ],
                "client_key": "",
                "cluster_ca_certificate": "LS0tLS1CRUdJTiBDRVJUSUZJQ0FURS0tLS0tCk1JSUVMVENDQXBXZ0F3SUJBZ0lSQU1yRjJjR2ppZ01VNTZmQ1ZseEN5OTh3RFFZSktvWklodmNOQVFFTEJRQXcKTHpFdE1Dc0dBMVVFQXhNa1pEWmhNR0poWkdVdFpHRm1OUzAwTmpRMkxXRmxNbVl0TlRjd01qazFPV1JtT1dNNApNQ0FYRFRJek1EVXhOekV3TURJMU9Gb1lEekl3TlRNd05UQTVNVEV3TWpVNFdqQXZNUzB3S3dZRFZRUURFeVJrCk5tRXdZbUZrWlMxa1lXWTFMVFEyTkRZdFlXVXlaaTAxTnpBeU9UVTVaR1k1WXpnd2dnR2lNQTBHQ1NxR1NJYjMKRFFFQkFRVUFBNElCandBd2dnR0tBb0lCZ1FDdmZGQWRzaHhYQkxIMURwWmhBOGNDTlRyejZPTkt6R3lEaFQ5eApiSFRkNXZkaW4wMURGcDZ4VzdCOTJVYlc4SEJ3K0kwZzVkK3lZZ3dHaWoxa2dtNUJrTmFhTW01aUV0VmswMHh6CnZrNDdSTERkZmF5eS9UTTNGSTlRUVQ1TGRlcklwaDdEdnQ1eGp2dkh5cktBOWJmMloxcXMwaS9HcU1iQy9pcVkKWmh1eHczWXYzdC9QUTJ2S0JwNmphWDg0ZDk4LzMrUWdVQVdoTGNIekt3dUdVamI5RE15VnFHQ0V5UmNGbitTdgphQk0yTWlUNkFGWG00OXVpWW1YOW9TNVU5SG5BTGNTQmFYdUJuVzVxWEN0WnF1RUZlZEVpMHVKd29nbGVncnVUCmdza1JOZVVIbWEwSm1NcWhMYy9JTmZPNG1nbTdndHRkb2xWc3hSVmF1VnlIVzcxZHNkbkIrbmtIWVo5L2ovdngKSHAzNFhyS0hjSXNpNjhNRjUyWU9MSzd4VDlyUmszZ052dHNsUWd3ZElGZEgxWG1YcFpxYUg4dzZwZWtIY2dKeQpOdXdSV3h5Vm5vdmxjdm1GS0pralUxMHdzWGJndEFTOXRsNVNvUnFNQVlwbktGNC9FRHp6RkxnaHJoYlQ0RXpFCnF6Ym84Vk5HV2pFRGxhMWlqVWdHbEVHTHAyY0NBd0VBQWFOQ01FQXdEZ1lEVlIwUEFRSC9CQVFEQWdJRU1BOEcKQTFVZEV3RUIvd1FGTUFNQkFmOHdIUVlEVlIwT0JCWUVGTlJkYitsdlVXOWdFbG9oNFIxVDJwMEpaVkRSTUEwRwpDU3FHU0liM0RRRUJDd1VBQTRJQmdRQlEyMlA4cHVtZmpjWC93djZSWXJvcEZ5aG5tem5yZ0JOM0JZUDN6YUNaCnFxdlJGaEFFN2YvV0k0djlhVkhFYUEzbi94UXZUTHR4OCtpWTRPQk9HTGVuUDdKUVUzSHJMdjRDcHZvL3ZWVnIKRFI5UVFjTzk2UWFFcUkzem5NdCtlOUw0UklxUmE1K3NYbTNNWmpwKys2VHQwQlZvaEF1L25DSlh5V0dmNkFxQQpseEhqTHZVbGIwU3M0SFFkMUJXODZBMGNJL2h1TkVHUGlNQlM1Wll3QXFla1NrelVqRThXLzZ6SjdyWUw3TGd5CldYaFppRFFjcEg5cEZycjlMdG4vNVlHZGJJLzl5eHFjdFVQWXMrOXpOSTlTN2lzNWo5Um5ZZThaM0VyZEtnUnMKTVowTVllZEZmditOdjRWdkJqenBzVEI4Ny8waitSSWU1cUkyZWQwUE5yQTA1WU1vVDRyclRGZkRBWlFOVk41cwpwellNNitPd01sTW9lMFcvT2FVa3IzdHlydjdaL215TVg4YVcyMEtpQStKM1doT1l5cUtOZTVVOWRnRllsUmtvCjN2QTMzZE5Bazl5ai9nc1hwNzlBOG43dXFhVjZRc1ZMR1NobndDWkIzNVdNNXN4L2pENVlsYTlKSGY2cEt5YWsKc3pKZ0xYUlpqd1BaZjB0TVZQZ1JDOGc9Ci0tLS0tRU5EIENFUlRJRklDQVRFLS0tLS0K"
              }
            ],
            "master_authorized_networks_config": [],
            "master_version": "1.25.8-gke.500",
            "mesh_certificates": [],
            "min_master_version": null,
            "monitoring_config": [
              {
                "enable_components": [
                  "SYSTEM_COMPONENTS"
                ],
                "managed_prometheus": []
              }
            ],
            "monitoring_service": "monitoring.googleapis.com/kubernetes",
            "name": "standard-cluster-1",
            "network": "projects/qwiklabs-gcp-04-c40ab5c0bef4/global/networks/default",
            "network_policy": [
              {
                "enabled": false,
                "provider": "PROVIDER_UNSPECIFIED"
              }
            ],
            "networking_mode": "ROUTES",
            "node_config": [
              {
                "advanced_machine_features": [],
                "boot_disk_kms_key": "",
                "disk_size_gb": 100,
                "disk_type": "pd-balanced",
                "ephemeral_storage_local_ssd_config": [],
                "gcfs_config": [],
                "guest_accelerator": [],
                "gvnic": [],
                "image_type": "COS_CONTAINERD",
                "kubelet_config": [],
                "labels": {},
                "linux_node_config": [],
                "local_nvme_ssd_block_config": [],
                "local_ssd_count": 0,
                "logging_variant": "DEFAULT",
                "machine_type": "e2-small",
                "metadata": {
                  "disable-legacy-endpoints": "true"
                },
                "min_cpu_platform": "",
                "node_group": "",
                "oauth_scopes": [
                  "https://www.googleapis.com/auth/cloud-platform"
                ],
                "preemptible": false,
                "reservation_affinity": [],
                "resource_labels": {},
                "service_account": "default",
                "shielded_instance_config": [
                  {
                    "enable_integrity_monitoring": true,
                    "enable_secure_boot": false
                  }
                ],
                "spot": false,
                "tags": [],
                "taint": [],
                "workload_metadata_config": []
              }
            ],
            "node_locations": [],
            "node_pool": [
              {
                "autoscaling": [],
                "initial_node_count": 3,
                "instance_group_urls": [
                  "https://www.googleapis.com/compute/v1/projects/qwiklabs-gcp-04-c40ab5c0bef4/zones/us-central1-a/instanceGroupManagers/gke-standard-cluster-1-default-pool-5a545f82-grp"
                ],
                "managed_instance_group_urls": [
                  "https://www.googleapis.com/compute/v1/projects/qwiklabs-gcp-04-c40ab5c0bef4/zones/us-central1-a/instanceGroups/gke-standard-cluster-1-default-pool-5a545f82-grp"
                ],
                "management": [
                  {
                    "auto_repair": true,
                    "auto_upgrade": true
                  }
                ],
                "max_pods_per_node": 0,
                "name": "default-pool",
                "name_prefix": "",
                "network_config": [
                  {
                    "create_pod_range": false,
                    "enable_private_nodes": false,
                    "pod_ipv4_cidr_block": "",
                    "pod_range": ""
                  }
                ],
                "node_config": [
                  {
                    "advanced_machine_features": [],
                    "boot_disk_kms_key": "",
                    "disk_size_gb": 100,
                    "disk_type": "pd-balanced",
                    "ephemeral_storage_local_ssd_config": [],
                    "gcfs_config": [],
                    "guest_accelerator": [],
                    "gvnic": [],
                    "image_type": "COS_CONTAINERD",
                    "kubelet_config": [],
                    "labels": {},
                    "linux_node_config": [],
                    "local_nvme_ssd_block_config": [],
                    "local_ssd_count": 0,
                    "logging_variant": "DEFAULT",
                    "machine_type": "e2-small",
                    "metadata": {
                      "disable-legacy-endpoints": "true"
                    },
                    "min_cpu_platform": "",
                    "node_group": "",
                    "oauth_scopes": [
                      "https://www.googleapis.com/auth/cloud-platform"
                    ],
                    "preemptible": false,
                    "reservation_affinity": [],
                    "resource_labels": {},
                    "service_account": "default",
                    "shielded_instance_config": [
                      {
                        "enable_integrity_monitoring": true,
                        "enable_secure_boot": false
                      }
                    ],
                    "spot": false,
                    "tags": [],
                    "taint": [],
                    "workload_metadata_config": []
                  }
                ],
                "node_count": 3,
                "node_locations": [
                  "us-central1-a"
                ],
                "placement_policy": [],
                "upgrade_settings": [
                  {
                    "blue_green_settings": [],
                    "max_surge": 1,
                    "max_unavailable": 0,
                    "strategy": "SURGE"
                  }
                ],
                "version": "1.25.8-gke.500"
              }
            ],
            "node_pool_defaults": [
              {
                "node_config_defaults": [
                  {
                    "logging_variant": "DEFAULT"
                  }
                ]
              }
            ],
            "node_version": "1.25.8-gke.500",
            "notification_config": [
              {
                "pubsub": [
                  {
                    "enabled": false,
                    "filter": [],
                    "topic": ""
                  }
                ]
              }
            ],
            "operation": null,
            "private_cluster_config": [
              {
                "enable_private_endpoint": false,
                "enable_private_nodes": false,
                "master_global_access_config": [
                  {
                    "enabled": false
                  }
                ],
                "master_ipv4_cidr_block": "",
                "peering_name": "",
                "private_endpoint": "10.128.0.2",
                "private_endpoint_subnetwork": "",
                "public_endpoint": "34.135.175.187"
              }
            ],
            "private_ipv6_google_access": "",
            "project": "qwiklabs-gcp-04-c40ab5c0bef4",
            "release_channel": [
              {
                "channel": "REGULAR"
              }
            ],
            "remove_default_node_pool": true,
            "resource_labels": {},
            "resource_usage_export_config": [],
            "self_link": "https://container.googleapis.com/v1/projects/qwiklabs-gcp-04-c40ab5c0bef4/zones/us-central1-a/clusters/standard-cluster-1",
            "service_external_ips_config": [
              {
                "enabled": false
              }
            ],
            "services_ipv4_cidr": "10.11.240.0/20",
            "subnetwork": "projects/qwiklabs-gcp-04-c40ab5c0bef4/regions/us-central1/subnetworks/default",
            "timeouts": null,
            "tpu_ipv4_cidr_block": "",
            "vertical_pod_autoscaling": [],
            "workload_identity_config": []
          },
          "sensitive_attributes": [],
          "private": "eyJlMmJmYjczMC1lY2FhLTExZTYtOGY4OC0zNDM2M2JjN2M0YzAiOnsiY3JlYXRlIjoyNDAwMDAwMDAwMDAwLCJkZWxldGUiOjI0MDAwMDAwMDAwMDAsInJlYWQiOjI0MDAwMDAwMDAwMDAsInVwZGF0ZSI6MzYwMDAwMDAwMDAwMH0sInNjaGVtYV92ZXJzaW9uIjoiMSJ9"
        }
      ]
    },
    {
      "mode": "managed",
      "type": "google_container_node_pool",
      "name": "default-pool",
      "provider": "provider[\"registry.terraform.io/hashicorp/google\"]",
      "instances": [
        {
          "schema_version": 1,
          "attributes": {
            "autoscaling": [],
            "cluster": "standard-cluster-1",
            "id": "projects/qwiklabs-gcp-04-c40ab5c0bef4/locations/us-central1-a/clusters/standard-cluster-1/nodePools/default-pool",
            "initial_node_count": 4,
            "instance_group_urls": [
              "https://www.googleapis.com/compute/v1/projects/qwiklabs-gcp-04-c40ab5c0bef4/zones/us-central1-a/instanceGroupManagers/gke-standard-cluster-1-default-pool-5a545f82-grp"
            ],
            "location": "us-central1-a",
            "managed_instance_group_urls": [
              "https://www.googleapis.com/compute/v1/projects/qwiklabs-gcp-04-c40ab5c0bef4/zones/us-central1-a/instanceGroups/gke-standard-cluster-1-default-pool-5a545f82-grp"
            ],
            "management": [
              {
                "auto_repair": true,
                "auto_upgrade": true
              }
            ],
            "max_pods_per_node": null,
            "name": "default-pool",
            "name_prefix": "",
            "network_config": [
              {
                "create_pod_range": false,
                "enable_private_nodes": false,
                "pod_ipv4_cidr_block": "",
                "pod_range": ""
              }
            ],
            "node_config": [
              {
                "advanced_machine_features": [],
                "boot_disk_kms_key": "",
                "disk_size_gb": 100,
                "disk_type": "pd-balanced",
                "ephemeral_storage_local_ssd_config": [],
                "gcfs_config": [],
                "guest_accelerator": [],
                "gvnic": [],
                "image_type": "COS_CONTAINERD",
                "kubelet_config": [],
                "labels": {},
                "linux_node_config": [],
                "local_nvme_ssd_block_config": [],
                "local_ssd_count": 0,
                "logging_variant": "DEFAULT",
                "machine_type": "e2-small",
                "metadata": {
                  "disable-legacy-endpoints": "true"
                },
                "min_cpu_platform": "",
                "node_group": "",
                "oauth_scopes": [
                  "https://www.googleapis.com/auth/cloud-platform"
                ],
                "preemptible": false,
                "reservation_affinity": [],
                "resource_labels": {},
                "service_account": "default",
                "shielded_instance_config": [
                  {
                    "enable_integrity_monitoring": true,
                    "enable_secure_boot": false
                  }
                ],
                "spot": false,
                "tags": [],
                "taint": [],
                "workload_metadata_config": []
              }
            ],
            "node_count": 4,
            "node_locations": [
              "us-central1-a"
            ],
            "operation": null,
            "placement_policy": [],
            "project": "qwiklabs-gcp-04-c40ab5c0bef4",
            "timeouts": null,
            "upgrade_settings": [
              {
                "blue_green_settings": [],
                "max_surge": 1,
                "max_unavailable": 0,
                "strategy": "SURGE"
              }
            ],
            "version": "1.25.8-gke.500"
          },
          "sensitive_attributes": [],
          "private": "eyJlMmJmYjczMC1lY2FhLTExZTYtOGY4OC0zNDM2M2JjN2M0YzAiOnsiY3JlYXRlIjoxODAwMDAwMDAwMDAwLCJkZWxldGUiOjE4MDAwMDAwMDAwMDAsInVwZGF0ZSI6MTgwMDAwMDAwMDAwMH0sInNjaGVtYV92ZXJzaW9uIjoiMSJ9",
          "dependencies": [
            "google_container_cluster.standard-cluster-1"
          ]
        }
      ]
    }
  ],
  "check_results": null
}
