{
  "version": 4,
  "terraform_version": "1.4.2",
  "serial": 60,
  "lineage": "b1bb098e-94a2-10e0-7123-1044e1ffec85",
  "outputs": {
    "demo-vpn-ip-0": {
      "value": "35.242.97.243",
      "type": "string"
    },
    "demo-vpn-ip-1": {
      "value": "35.220.73.166",
      "type": "string"
    },
    "on-prem-vpn-ip-0": {
      "value": "35.242.116.142",
      "type": "string"
    },
    "on-prem-vpn-ip-1": {
      "value": "35.220.66.102",
      "type": "string"
    }
  },
  "resources": [
    {
      "mode": "data",
      "type": "google_compute_default_service_account",
      "name": "default",
      "provider": "provider[\"registry.terraform.io/hashicorp/google\"]",
      "instances": [
        {
          "schema_version": 0,
          "attributes": {
            "display_name": "Compute Engine default service account",
            "email": "562176375703-compute@developer.gserviceaccount.com",
            "id": "projects/qwiklabs-gcp-01-fd9db8a58e32/serviceAccounts/562176375703-compute@developer.gserviceaccount.com",
            "name": "projects/qwiklabs-gcp-01-fd9db8a58e32/serviceAccounts/562176375703-compute@developer.gserviceaccount.com",
            "project": "qwiklabs-gcp-01-fd9db8a58e32",
            "unique_id": "103460283108342005331"
          },
          "sensitive_attributes": []
        }
      ]
    },
    {
      "mode": "managed",
      "type": "google_compute_firewall",
      "name": "on-prem-allow-custom",
      "provider": "provider[\"registry.terraform.io/hashicorp/google\"]",
      "instances": [
        {
          "schema_version": 1,
          "attributes": {
            "allow": [
              {
                "ports": [
                  "0-65535"
                ],
                "protocol": "tcp"
              },
              {
                "ports": [
                  "0-65535"
                ],
                "protocol": "udp"
              },
              {
                "ports": [],
                "protocol": "icmp"
              }
            ],
            "creation_timestamp": "2023-04-26T11:40:04.161-07:00",
            "deny": [],
            "description": "",
            "destination_ranges": [],
            "direction": "INGRESS",
            "disabled": false,
            "enable_logging": null,
            "id": "projects/qwiklabs-gcp-01-fd9db8a58e32/global/firewalls/on-prem-allow-custom",
            "log_config": [],
            "name": "on-prem-allow-custom",
            "network": "https://www.googleapis.com/compute/v1/projects/qwiklabs-gcp-01-fd9db8a58e32/global/networks/on-prem",
            "priority": 65534,
            "project": "qwiklabs-gcp-01-fd9db8a58e32",
            "self_link": "https://www.googleapis.com/compute/v1/projects/qwiklabs-gcp-01-fd9db8a58e32/global/firewalls/on-prem-allow-custom",
            "source_ranges": [
              "192.168.0.0/16"
            ],
            "source_service_accounts": [],
            "source_tags": [],
            "target_service_accounts": [],
            "target_tags": [],
            "timeouts": null
          },
          "sensitive_attributes": [],
          "private": "eyJlMmJmYjczMC1lY2FhLTExZTYtOGY4OC0zNDM2M2JjN2M0YzAiOnsiY3JlYXRlIjoxMjAwMDAwMDAwMDAwLCJkZWxldGUiOjEyMDAwMDAwMDAwMDAsInVwZGF0ZSI6MTIwMDAwMDAwMDAwMH0sInNjaGVtYV92ZXJzaW9uIjoiMSJ9",
          "dependencies": [
            "google_compute_network.on-prem"
          ]
        }
      ]
    },
    {
      "mode": "managed",
      "type": "google_compute_firewall",
      "name": "on-prem-allow-ssh-icmp",
      "provider": "provider[\"registry.terraform.io/hashicorp/google\"]",
      "instances": [
        {
          "schema_version": 1,
          "attributes": {
            "allow": [
              {
                "ports": [
                  "22"
                ],
                "protocol": "tcp"
              },
              {
                "ports": [],
                "protocol": "icmp"
              }
            ],
            "creation_timestamp": "2023-04-26T11:40:02.974-07:00",
            "deny": [],
            "description": "",
            "destination_ranges": [],
            "direction": "INGRESS",
            "disabled": false,
            "enable_logging": null,
            "id": "projects/qwiklabs-gcp-01-fd9db8a58e32/global/firewalls/on-prem-allow-ssh-icmp",
            "log_config": [],
            "name": "on-prem-allow-ssh-icmp",
            "network": "https://www.googleapis.com/compute/v1/projects/qwiklabs-gcp-01-fd9db8a58e32/global/networks/on-prem",
            "priority": 65534,
            "project": "qwiklabs-gcp-01-fd9db8a58e32",
            "self_link": "https://www.googleapis.com/compute/v1/projects/qwiklabs-gcp-01-fd9db8a58e32/global/firewalls/on-prem-allow-ssh-icmp",
            "source_ranges": [
              "0.0.0.0/0"
            ],
            "source_service_accounts": [],
            "source_tags": [],
            "target_service_accounts": [],
            "target_tags": [],
            "timeouts": null
          },
          "sensitive_attributes": [],
          "private": "eyJlMmJmYjczMC1lY2FhLTExZTYtOGY4OC0zNDM2M2JjN2M0YzAiOnsiY3JlYXRlIjoxMjAwMDAwMDAwMDAwLCJkZWxldGUiOjEyMDAwMDAwMDAwMDAsInVwZGF0ZSI6MTIwMDAwMDAwMDAwMH0sInNjaGVtYV92ZXJzaW9uIjoiMSJ9",
          "dependencies": [
            "google_compute_network.on-prem"
          ]
        }
      ]
    },
    {
      "mode": "managed",
      "type": "google_compute_firewall",
      "name": "vpc-demo-allow-custom",
      "provider": "provider[\"registry.terraform.io/hashicorp/google\"]",
      "instances": [
        {
          "schema_version": 1,
          "attributes": {
            "allow": [
              {
                "ports": [
                  "0-65535"
                ],
                "protocol": "tcp"
              },
              {
                "ports": [
                  "0-65535"
                ],
                "protocol": "udp"
              },
              {
                "ports": [],
                "protocol": "icmp"
              }
            ],
            "creation_timestamp": "2023-04-26T11:39:52.381-07:00",
            "deny": [],
            "description": "",
            "destination_ranges": [],
            "direction": "INGRESS",
            "disabled": false,
            "enable_logging": null,
            "id": "projects/qwiklabs-gcp-01-fd9db8a58e32/global/firewalls/vpc-demo-allow-custom",
            "log_config": [],
            "name": "vpc-demo-allow-custom",
            "network": "https://www.googleapis.com/compute/v1/projects/qwiklabs-gcp-01-fd9db8a58e32/global/networks/vpc-demo",
            "priority": 65534,
            "project": "qwiklabs-gcp-01-fd9db8a58e32",
            "self_link": "https://www.googleapis.com/compute/v1/projects/qwiklabs-gcp-01-fd9db8a58e32/global/firewalls/vpc-demo-allow-custom",
            "source_ranges": [
              "10.0.0.0/8"
            ],
            "source_service_accounts": [],
            "source_tags": [],
            "target_service_accounts": [],
            "target_tags": [],
            "timeouts": null
          },
          "sensitive_attributes": [],
          "private": "eyJlMmJmYjczMC1lY2FhLTExZTYtOGY4OC0zNDM2M2JjN2M0YzAiOnsiY3JlYXRlIjoxMjAwMDAwMDAwMDAwLCJkZWxldGUiOjEyMDAwMDAwMDAwMDAsInVwZGF0ZSI6MTIwMDAwMDAwMDAwMH0sInNjaGVtYV92ZXJzaW9uIjoiMSJ9",
          "dependencies": [
            "google_compute_network.vpc-demo"
          ]
        }
      ]
    },
    {
      "mode": "managed",
      "type": "google_compute_firewall",
      "name": "vpc-demo-allow-ssh-icmp",
      "provider": "provider[\"registry.terraform.io/hashicorp/google\"]",
      "instances": [
        {
          "schema_version": 1,
          "attributes": {
            "allow": [
              {
                "ports": [
                  "22"
                ],
                "protocol": "tcp"
              },
              {
                "ports": [],
                "protocol": "icmp"
              }
            ],
            "creation_timestamp": "2023-04-26T11:39:52.701-07:00",
            "deny": [],
            "description": "",
            "destination_ranges": [],
            "direction": "INGRESS",
            "disabled": false,
            "enable_logging": null,
            "id": "projects/qwiklabs-gcp-01-fd9db8a58e32/global/firewalls/vpc-demo-allow-ssh-icmp",
            "log_config": [],
            "name": "vpc-demo-allow-ssh-icmp",
            "network": "https://www.googleapis.com/compute/v1/projects/qwiklabs-gcp-01-fd9db8a58e32/global/networks/vpc-demo",
            "priority": 65534,
            "project": "qwiklabs-gcp-01-fd9db8a58e32",
            "self_link": "https://www.googleapis.com/compute/v1/projects/qwiklabs-gcp-01-fd9db8a58e32/global/firewalls/vpc-demo-allow-ssh-icmp",
            "source_ranges": [
              "0.0.0.0/0"
            ],
            "source_service_accounts": [],
            "source_tags": [],
            "target_service_accounts": [],
            "target_tags": [],
            "timeouts": null
          },
          "sensitive_attributes": [],
          "private": "eyJlMmJmYjczMC1lY2FhLTExZTYtOGY4OC0zNDM2M2JjN2M0YzAiOnsiY3JlYXRlIjoxMjAwMDAwMDAwMDAwLCJkZWxldGUiOjEyMDAwMDAwMDAwMDAsInVwZGF0ZSI6MTIwMDAwMDAwMDAwMH0sInNjaGVtYV92ZXJzaW9uIjoiMSJ9",
          "dependencies": [
            "google_compute_network.vpc-demo"
          ]
        }
      ]
    },
    {
      "mode": "managed",
      "type": "google_compute_ha_vpn_gateway",
      "name": "on-prem-vpn-gw1",
      "provider": "provider[\"registry.terraform.io/hashicorp/google\"]",
      "instances": [
        {
          "schema_version": 0,
          "attributes": {
            "description": "",
            "id": "projects/qwiklabs-gcp-01-fd9db8a58e32/regions/us-central1/vpnGateways/on-prem-vpn-gw1",
            "name": "on-prem-vpn-gw1",
            "network": "https://www.googleapis.com/compute/v1/projects/qwiklabs-gcp-01-fd9db8a58e32/global/networks/on-prem",
            "project": "qwiklabs-gcp-01-fd9db8a58e32",
            "region": "us-central1",
            "self_link": "https://www.googleapis.com/compute/v1/projects/qwiklabs-gcp-01-fd9db8a58e32/regions/us-central1/vpnGateways/on-prem-vpn-gw1",
            "stack_type": "IPV4_ONLY",
            "timeouts": null,
            "vpn_interfaces": [
              {
                "id": 0,
                "interconnect_attachment": "",
                "ip_address": "35.242.116.142"
              },
              {
                "id": 1,
                "interconnect_attachment": "",
                "ip_address": "35.220.66.102"
              }
            ]
          },
          "sensitive_attributes": [],
          "private": "eyJlMmJmYjczMC1lY2FhLTExZTYtOGY4OC0zNDM2M2JjN2M0YzAiOnsiY3JlYXRlIjoxMjAwMDAwMDAwMDAwLCJkZWxldGUiOjEyMDAwMDAwMDAwMDB9fQ==",
          "dependencies": [
            "google_compute_network.on-prem"
          ]
        }
      ]
    },
    {
      "mode": "managed",
      "type": "google_compute_ha_vpn_gateway",
      "name": "vpc-demo-vpn-gw1",
      "provider": "provider[\"registry.terraform.io/hashicorp/google\"]",
      "instances": [
        {
          "schema_version": 0,
          "attributes": {
            "description": "",
            "id": "projects/qwiklabs-gcp-01-fd9db8a58e32/regions/us-central1/vpnGateways/vpc-demo-vpn-gw1",
            "name": "vpc-demo-vpn-gw1",
            "network": "https://www.googleapis.com/compute/v1/projects/qwiklabs-gcp-01-fd9db8a58e32/global/networks/vpc-demo",
            "project": "qwiklabs-gcp-01-fd9db8a58e32",
            "region": "us-central1",
            "self_link": "https://www.googleapis.com/compute/v1/projects/qwiklabs-gcp-01-fd9db8a58e32/regions/us-central1/vpnGateways/vpc-demo-vpn-gw1",
            "stack_type": "IPV4_ONLY",
            "timeouts": null,
            "vpn_interfaces": [
              {
                "id": 0,
                "interconnect_attachment": "",
                "ip_address": "35.242.97.243"
              },
              {
                "id": 1,
                "interconnect_attachment": "",
                "ip_address": "35.220.73.166"
              }
            ]
          },
          "sensitive_attributes": [],
          "private": "eyJlMmJmYjczMC1lY2FhLTExZTYtOGY4OC0zNDM2M2JjN2M0YzAiOnsiY3JlYXRlIjoxMjAwMDAwMDAwMDAwLCJkZWxldGUiOjEyMDAwMDAwMDAwMDB9fQ==",
          "dependencies": [
            "google_compute_network.vpc-demo"
          ]
        }
      ]
    },
    {
      "mode": "managed",
      "type": "google_compute_instance",
      "name": "on-prem-instance1",
      "provider": "provider[\"registry.terraform.io/hashicorp/google\"]",
      "instances": [
        {
          "schema_version": 6,
          "attributes": {
            "advanced_machine_features": [],
            "allow_stopping_for_update": null,
            "attached_disk": [],
            "boot_disk": [
              {
                "auto_delete": true,
                "device_name": "persistent-disk-0",
                "disk_encryption_key_raw": "",
                "disk_encryption_key_sha256": "",
                "initialize_params": [
                  {
                    "image": "https://www.googleapis.com/compute/v1/projects/debian-cloud/global/images/debian-11-bullseye-v20230411",
                    "labels": {},
                    "size": 10,
                    "type": "pd-standard"
                  }
                ],
                "kms_key_self_link": "",
                "mode": "READ_WRITE",
                "source": "https://www.googleapis.com/compute/v1/projects/qwiklabs-gcp-01-fd9db8a58e32/zones/us-central1-a/disks/on-prem-instance1"
              }
            ],
            "can_ip_forward": false,
            "confidential_instance_config": [],
            "cpu_platform": "Intel Haswell",
            "current_status": "RUNNING",
            "deletion_protection": false,
            "description": "",
            "desired_status": null,
            "enable_display": false,
            "guest_accelerator": [],
            "hostname": "",
            "id": "projects/qwiklabs-gcp-01-fd9db8a58e32/zones/us-central1-a/instances/on-prem-instance1",
            "instance_id": "36279746503692030",
            "label_fingerprint": "42WmSpB8rSM=",
            "labels": {},
            "machine_type": "f1-micro",
            "metadata": {},
            "metadata_fingerprint": "AH0kuKTJMLc=",
            "metadata_startup_script": null,
            "min_cpu_platform": "",
            "name": "on-prem-instance1",
            "network_interface": [
              {
                "access_config": [
                  {
                    "nat_ip": "34.136.30.32",
                    "network_tier": "PREMIUM",
                    "public_ptr_domain_name": ""
                  }
                ],
                "alias_ip_range": [],
                "ipv6_access_config": [],
                "ipv6_access_type": "",
                "name": "nic0",
                "network": "https://www.googleapis.com/compute/v1/projects/qwiklabs-gcp-01-fd9db8a58e32/global/networks/on-prem",
                "network_ip": "192.168.1.2",
                "nic_type": "",
                "queue_count": 0,
                "stack_type": "IPV4_ONLY",
                "subnetwork": "https://www.googleapis.com/compute/v1/projects/qwiklabs-gcp-01-fd9db8a58e32/regions/us-central1/subnetworks/on-prem-subnet1",
                "subnetwork_project": "qwiklabs-gcp-01-fd9db8a58e32"
              }
            ],
            "project": "qwiklabs-gcp-01-fd9db8a58e32",
            "reservation_affinity": [],
            "resource_policies": [],
            "scheduling": [
              {
                "automatic_restart": true,
                "instance_termination_action": "",
                "min_node_cpus": 0,
                "node_affinities": [],
                "on_host_maintenance": "MIGRATE",
                "preemptible": false,
                "provisioning_model": "STANDARD"
              }
            ],
            "scratch_disk": [],
            "self_link": "https://www.googleapis.com/compute/v1/projects/qwiklabs-gcp-01-fd9db8a58e32/zones/us-central1-a/instances/on-prem-instance1",
            "service_account": [
              {
                "email": "562176375703-compute@developer.gserviceaccount.com",
                "scopes": [
                  "https://www.googleapis.com/auth/devstorage.read_only",
                  "https://www.googleapis.com/auth/logging.write",
                  "https://www.googleapis.com/auth/monitoring.write",
                  "https://www.googleapis.com/auth/service.management.readonly",
                  "https://www.googleapis.com/auth/servicecontrol",
                  "https://www.googleapis.com/auth/trace.append"
                ]
              }
            ],
            "shielded_instance_config": [
              {
                "enable_integrity_monitoring": true,
                "enable_secure_boot": false,
                "enable_vtpm": true
              }
            ],
            "tags": [],
            "tags_fingerprint": "42WmSpB8rSM=",
            "timeouts": null,
            "zone": "us-central1-a"
          },
          "sensitive_attributes": [],
          "private": "eyJlMmJmYjczMC1lY2FhLTExZTYtOGY4OC0zNDM2M2JjN2M0YzAiOnsiY3JlYXRlIjoxMjAwMDAwMDAwMDAwLCJkZWxldGUiOjEyMDAwMDAwMDAwMDAsInVwZGF0ZSI6MTIwMDAwMDAwMDAwMH0sInNjaGVtYV92ZXJzaW9uIjoiNiJ9",
          "dependencies": [
            "data.google_compute_default_service_account.default",
            "google_compute_network.on-prem",
            "google_compute_subnetwork.on-prem-subnet1"
          ]
        }
      ]
    },
    {
      "mode": "managed",
      "type": "google_compute_instance",
      "name": "vpc-demo-instance1",
      "provider": "provider[\"registry.terraform.io/hashicorp/google\"]",
      "instances": [
        {
          "schema_version": 6,
          "attributes": {
            "advanced_machine_features": [],
            "allow_stopping_for_update": null,
            "attached_disk": [],
            "boot_disk": [
              {
                "auto_delete": true,
                "device_name": "persistent-disk-0",
                "disk_encryption_key_raw": "",
                "disk_encryption_key_sha256": "",
                "initialize_params": [
                  {
                    "image": "https://www.googleapis.com/compute/v1/projects/debian-cloud/global/images/debian-11-bullseye-v20230411",
                    "labels": {},
                    "size": 10,
                    "type": "pd-standard"
                  }
                ],
                "kms_key_self_link": "",
                "mode": "READ_WRITE",
                "source": "https://www.googleapis.com/compute/v1/projects/qwiklabs-gcp-01-fd9db8a58e32/zones/us-central1-b/disks/vpc-demo-instance1"
              }
            ],
            "can_ip_forward": false,
            "confidential_instance_config": [],
            "cpu_platform": "Intel Haswell",
            "current_status": "RUNNING",
            "deletion_protection": false,
            "description": "",
            "desired_status": null,
            "enable_display": false,
            "guest_accelerator": [],
            "hostname": "",
            "id": "projects/qwiklabs-gcp-01-fd9db8a58e32/zones/us-central1-b/instances/vpc-demo-instance1",
            "instance_id": "7628103169144573669",
            "label_fingerprint": "42WmSpB8rSM=",
            "labels": {},
            "machine_type": "f1-micro",
            "metadata": {},
            "metadata_fingerprint": "AH0kuKTJMLc=",
            "metadata_startup_script": null,
            "min_cpu_platform": "",
            "name": "vpc-demo-instance1",
            "network_interface": [
              {
                "access_config": [
                  {
                    "nat_ip": "146.148.96.101",
                    "network_tier": "PREMIUM",
                    "public_ptr_domain_name": ""
                  }
                ],
                "alias_ip_range": [],
                "ipv6_access_config": [],
                "ipv6_access_type": "",
                "name": "nic0",
                "network": "https://www.googleapis.com/compute/v1/projects/qwiklabs-gcp-01-fd9db8a58e32/global/networks/vpc-demo",
                "network_ip": "10.1.1.2",
                "nic_type": "",
                "queue_count": 0,
                "stack_type": "IPV4_ONLY",
                "subnetwork": "https://www.googleapis.com/compute/v1/projects/qwiklabs-gcp-01-fd9db8a58e32/regions/us-central1/subnetworks/vpc-demo-subnet1",
                "subnetwork_project": "qwiklabs-gcp-01-fd9db8a58e32"
              }
            ],
            "project": "qwiklabs-gcp-01-fd9db8a58e32",
            "reservation_affinity": [],
            "resource_policies": [],
            "scheduling": [
              {
                "automatic_restart": true,
                "instance_termination_action": "",
                "min_node_cpus": 0,
                "node_affinities": [],
                "on_host_maintenance": "MIGRATE",
                "preemptible": false,
                "provisioning_model": "STANDARD"
              }
            ],
            "scratch_disk": [],
            "self_link": "https://www.googleapis.com/compute/v1/projects/qwiklabs-gcp-01-fd9db8a58e32/zones/us-central1-b/instances/vpc-demo-instance1",
            "service_account": [
              {
                "email": "562176375703-compute@developer.gserviceaccount.com",
                "scopes": [
                  "https://www.googleapis.com/auth/devstorage.read_only",
                  "https://www.googleapis.com/auth/logging.write",
                  "https://www.googleapis.com/auth/monitoring.write",
                  "https://www.googleapis.com/auth/service.management.readonly",
                  "https://www.googleapis.com/auth/servicecontrol",
                  "https://www.googleapis.com/auth/trace.append"
                ]
              }
            ],
            "shielded_instance_config": [
              {
                "enable_integrity_monitoring": true,
                "enable_secure_boot": false,
                "enable_vtpm": true
              }
            ],
            "tags": [],
            "tags_fingerprint": "42WmSpB8rSM=",
            "timeouts": null,
            "zone": "us-central1-b"
          },
          "sensitive_attributes": [],
          "private": "eyJlMmJmYjczMC1lY2FhLTExZTYtOGY4OC0zNDM2M2JjN2M0YzAiOnsiY3JlYXRlIjoxMjAwMDAwMDAwMDAwLCJkZWxldGUiOjEyMDAwMDAwMDAwMDAsInVwZGF0ZSI6MTIwMDAwMDAwMDAwMH0sInNjaGVtYV92ZXJzaW9uIjoiNiJ9",
          "dependencies": [
            "data.google_compute_default_service_account.default",
            "google_compute_network.vpc-demo",
            "google_compute_subnetwork.vpc-demo-subnet1"
          ]
        }
      ]
    },
    {
      "mode": "managed",
      "type": "google_compute_instance",
      "name": "vpc-demo-instance2",
      "provider": "provider[\"registry.terraform.io/hashicorp/google\"]",
      "instances": [
        {
          "schema_version": 6,
          "attributes": {
            "advanced_machine_features": [],
            "allow_stopping_for_update": null,
            "attached_disk": [],
            "boot_disk": [
              {
                "auto_delete": true,
                "device_name": "persistent-disk-0",
                "disk_encryption_key_raw": "",
                "disk_encryption_key_sha256": "",
                "initialize_params": [
                  {
                    "image": "https://www.googleapis.com/compute/v1/projects/debian-cloud/global/images/debian-11-bullseye-v20230411",
                    "labels": {},
                    "size": 10,
                    "type": "pd-standard"
                  }
                ],
                "kms_key_self_link": "",
                "mode": "READ_WRITE",
                "source": "https://www.googleapis.com/compute/v1/projects/qwiklabs-gcp-01-fd9db8a58e32/zones/us-east1-b/disks/vpc-demo-instance2"
              }
            ],
            "can_ip_forward": false,
            "confidential_instance_config": [],
            "cpu_platform": "Intel Haswell",
            "current_status": "RUNNING",
            "deletion_protection": false,
            "description": "",
            "desired_status": null,
            "enable_display": false,
            "guest_accelerator": [],
            "hostname": "",
            "id": "projects/qwiklabs-gcp-01-fd9db8a58e32/zones/us-east1-b/instances/vpc-demo-instance2",
            "instance_id": "7499649205651427040",
            "label_fingerprint": "42WmSpB8rSM=",
            "labels": {},
            "machine_type": "f1-micro",
            "metadata": {},
            "metadata_fingerprint": "AH0kuKTJMLc=",
            "metadata_startup_script": null,
            "min_cpu_platform": "",
            "name": "vpc-demo-instance2",
            "network_interface": [
              {
                "access_config": [
                  {
                    "nat_ip": "34.73.87.250",
                    "network_tier": "PREMIUM",
                    "public_ptr_domain_name": ""
                  }
                ],
                "alias_ip_range": [],
                "ipv6_access_config": [],
                "ipv6_access_type": "",
                "name": "nic0",
                "network": "https://www.googleapis.com/compute/v1/projects/qwiklabs-gcp-01-fd9db8a58e32/global/networks/vpc-demo",
                "network_ip": "10.2.1.2",
                "nic_type": "",
                "queue_count": 0,
                "stack_type": "IPV4_ONLY",
                "subnetwork": "https://www.googleapis.com/compute/v1/projects/qwiklabs-gcp-01-fd9db8a58e32/regions/us-east1/subnetworks/vpc-demo-subnet2",
                "subnetwork_project": "qwiklabs-gcp-01-fd9db8a58e32"
              }
            ],
            "project": "qwiklabs-gcp-01-fd9db8a58e32",
            "reservation_affinity": [],
            "resource_policies": [],
            "scheduling": [
              {
                "automatic_restart": true,
                "instance_termination_action": "",
                "min_node_cpus": 0,
                "node_affinities": [],
                "on_host_maintenance": "MIGRATE",
                "preemptible": false,
                "provisioning_model": "STANDARD"
              }
            ],
            "scratch_disk": [],
            "self_link": "https://www.googleapis.com/compute/v1/projects/qwiklabs-gcp-01-fd9db8a58e32/zones/us-east1-b/instances/vpc-demo-instance2",
            "service_account": [
              {
                "email": "562176375703-compute@developer.gserviceaccount.com",
                "scopes": [
                  "https://www.googleapis.com/auth/devstorage.read_only",
                  "https://www.googleapis.com/auth/logging.write",
                  "https://www.googleapis.com/auth/monitoring.write",
                  "https://www.googleapis.com/auth/service.management.readonly",
                  "https://www.googleapis.com/auth/servicecontrol",
                  "https://www.googleapis.com/auth/trace.append"
                ]
              }
            ],
            "shielded_instance_config": [
              {
                "enable_integrity_monitoring": true,
                "enable_secure_boot": false,
                "enable_vtpm": true
              }
            ],
            "tags": [],
            "tags_fingerprint": "42WmSpB8rSM=",
            "timeouts": null,
            "zone": "us-east1-b"
          },
          "sensitive_attributes": [],
          "private": "eyJlMmJmYjczMC1lY2FhLTExZTYtOGY4OC0zNDM2M2JjN2M0YzAiOnsiY3JlYXRlIjoxMjAwMDAwMDAwMDAwLCJkZWxldGUiOjEyMDAwMDAwMDAwMDAsInVwZGF0ZSI6MTIwMDAwMDAwMDAwMH0sInNjaGVtYV92ZXJzaW9uIjoiNiJ9",
          "dependencies": [
            "data.google_compute_default_service_account.default",
            "google_compute_network.vpc-demo",
            "google_compute_subnetwork.vpc-demo-subnet2"
          ]
        }
      ]
    },
    {
      "mode": "managed",
      "type": "google_compute_network",
      "name": "on-prem",
      "provider": "provider[\"registry.terraform.io/hashicorp/google\"]",
      "instances": [
        {
          "schema_version": 0,
          "attributes": {
            "auto_create_subnetworks": false,
            "delete_default_routes_on_create": false,
            "description": "On premise VPC",
            "enable_ula_internal_ipv6": false,
            "gateway_ipv4": "",
            "id": "projects/qwiklabs-gcp-01-fd9db8a58e32/global/networks/on-prem",
            "internal_ipv6_range": "",
            "mtu": 0,
            "name": "on-prem",
            "network_firewall_policy_enforcement_order": "AFTER_CLASSIC_FIREWALL",
            "project": "qwiklabs-gcp-01-fd9db8a58e32",
            "routing_mode": "REGIONAL",
            "self_link": "https://www.googleapis.com/compute/v1/projects/qwiklabs-gcp-01-fd9db8a58e32/global/networks/on-prem",
            "timeouts": null
          },
          "sensitive_attributes": [],
          "private": "eyJlMmJmYjczMC1lY2FhLTExZTYtOGY4OC0zNDM2M2JjN2M0YzAiOnsiY3JlYXRlIjoxMjAwMDAwMDAwMDAwLCJkZWxldGUiOjEyMDAwMDAwMDAwMDAsInVwZGF0ZSI6MTIwMDAwMDAwMDAwMH19"
        }
      ]
    },
    {
      "mode": "managed",
      "type": "google_compute_network",
      "name": "vpc-demo",
      "provider": "provider[\"registry.terraform.io/hashicorp/google\"]",
      "instances": [
        {
          "schema_version": 0,
          "attributes": {
            "auto_create_subnetworks": false,
            "delete_default_routes_on_create": false,
            "description": "Demo VPC",
            "enable_ula_internal_ipv6": false,
            "gateway_ipv4": "",
            "id": "projects/qwiklabs-gcp-01-fd9db8a58e32/global/networks/vpc-demo",
            "internal_ipv6_range": "",
            "mtu": 0,
            "name": "vpc-demo",
            "network_firewall_policy_enforcement_order": "AFTER_CLASSIC_FIREWALL",
            "project": "qwiklabs-gcp-01-fd9db8a58e32",
            "routing_mode": "GLOBAL",
            "self_link": "https://www.googleapis.com/compute/v1/projects/qwiklabs-gcp-01-fd9db8a58e32/global/networks/vpc-demo",
            "timeouts": null
          },
          "sensitive_attributes": [],
          "private": "eyJlMmJmYjczMC1lY2FhLTExZTYtOGY4OC0zNDM2M2JjN2M0YzAiOnsiY3JlYXRlIjoxMjAwMDAwMDAwMDAwLCJkZWxldGUiOjEyMDAwMDAwMDAwMDAsInVwZGF0ZSI6MTIwMDAwMDAwMDAwMH19"
        }
      ]
    },
    {
      "mode": "managed",
      "type": "google_compute_router",
      "name": "on-prem-router1",
      "provider": "provider[\"registry.terraform.io/hashicorp/google\"]",
      "instances": [
        {
          "schema_version": 0,
          "attributes": {
            "bgp": [
              {
                "advertise_mode": "DEFAULT",
                "advertised_groups": [],
                "advertised_ip_ranges": [],
                "asn": 65002,
                "keepalive_interval": 20
              }
            ],
            "creation_timestamp": "2023-04-26T11:40:03.567-07:00",
            "description": "",
            "encrypted_interconnect_router": false,
            "id": "projects/qwiklabs-gcp-01-fd9db8a58e32/regions/us-central1/routers/on-prem-router1",
            "name": "on-prem-router1",
            "network": "https://www.googleapis.com/compute/v1/projects/qwiklabs-gcp-01-fd9db8a58e32/global/networks/on-prem",
            "project": "qwiklabs-gcp-01-fd9db8a58e32",
            "region": "us-central1",
            "self_link": "https://www.googleapis.com/compute/v1/projects/qwiklabs-gcp-01-fd9db8a58e32/regions/us-central1/routers/on-prem-router1",
            "timeouts": null
          },
          "sensitive_attributes": [],
          "private": "eyJlMmJmYjczMC1lY2FhLTExZTYtOGY4OC0zNDM2M2JjN2M0YzAiOnsiY3JlYXRlIjoxMjAwMDAwMDAwMDAwLCJkZWxldGUiOjEyMDAwMDAwMDAwMDAsInVwZGF0ZSI6MTIwMDAwMDAwMDAwMH19",
          "dependencies": [
            "google_compute_network.on-prem"
          ]
        }
      ]
    },
    {
      "mode": "managed",
      "type": "google_compute_router",
      "name": "vpc-demo-router1",
      "provider": "provider[\"registry.terraform.io/hashicorp/google\"]",
      "instances": [
        {
          "schema_version": 0,
          "attributes": {
            "bgp": [
              {
                "advertise_mode": "DEFAULT",
                "advertised_groups": [],
                "advertised_ip_ranges": [],
                "asn": 65001,
                "keepalive_interval": 20
              }
            ],
            "creation_timestamp": "2023-04-26T11:39:54.396-07:00",
            "description": "",
            "encrypted_interconnect_router": false,
            "id": "projects/qwiklabs-gcp-01-fd9db8a58e32/regions/us-central1/routers/vpc-demo-router1",
            "name": "vpc-demo-router1",
            "network": "https://www.googleapis.com/compute/v1/projects/qwiklabs-gcp-01-fd9db8a58e32/global/networks/vpc-demo",
            "project": "qwiklabs-gcp-01-fd9db8a58e32",
            "region": "us-central1",
            "self_link": "https://www.googleapis.com/compute/v1/projects/qwiklabs-gcp-01-fd9db8a58e32/regions/us-central1/routers/vpc-demo-router1",
            "timeouts": null
          },
          "sensitive_attributes": [],
          "private": "eyJlMmJmYjczMC1lY2FhLTExZTYtOGY4OC0zNDM2M2JjN2M0YzAiOnsiY3JlYXRlIjoxMjAwMDAwMDAwMDAwLCJkZWxldGUiOjEyMDAwMDAwMDAwMDAsInVwZGF0ZSI6MTIwMDAwMDAwMDAwMH19",
          "dependencies": [
            "google_compute_network.vpc-demo"
          ]
        }
      ]
    },
    {
      "mode": "managed",
      "type": "google_compute_router_interface",
      "name": "on-prem-router0",
      "provider": "provider[\"registry.terraform.io/hashicorp/google\"]",
      "instances": [
        {
          "schema_version": 0,
          "attributes": {
            "id": "us-central1/on-prem-router1/if-tunnel0-to-vpc-demo",
            "interconnect_attachment": "",
            "ip_range": "169.254.0.2/30",
            "name": "if-tunnel0-to-vpc-demo",
            "private_ip_address": "",
            "project": "qwiklabs-gcp-01-fd9db8a58e32",
            "redundant_interface": "",
            "region": "us-central1",
            "router": "on-prem-router1",
            "subnetwork": "",
            "timeouts": null,
            "vpn_tunnel": "https://www.googleapis.com/compute/v1/projects/qwiklabs-gcp-01-fd9db8a58e32/regions/us-central1/vpnTunnels/on-prem-tunnel0"
          },
          "sensitive_attributes": [],
          "private": "eyJlMmJmYjczMC1lY2FhLTExZTYtOGY4OC0zNDM2M2JjN2M0YzAiOnsiY3JlYXRlIjoyNDAwMDAwMDAwMDAsImRlbGV0ZSI6MjQwMDAwMDAwMDAwfX0=",
          "dependencies": [
            "google_compute_ha_vpn_gateway.on-prem-vpn-gw1",
            "google_compute_ha_vpn_gateway.vpc-demo-vpn-gw1",
            "google_compute_network.on-prem",
            "google_compute_network.vpc-demo",
            "google_compute_router.on-prem-router1",
            "google_compute_vpn_tunnel.on-prem-tunnel0"
          ]
        }
      ]
    },
    {
      "mode": "managed",
      "type": "google_compute_router_interface",
      "name": "on-prem-router1",
      "provider": "provider[\"registry.terraform.io/hashicorp/google\"]",
      "instances": [
        {
          "schema_version": 0,
          "attributes": {
            "id": "us-central1/on-prem-router1/if-tunnel1-to-vpc-demo",
            "interconnect_attachment": "",
            "ip_range": "169.254.1.2/30",
            "name": "if-tunnel1-to-vpc-demo",
            "private_ip_address": "",
            "project": "qwiklabs-gcp-01-fd9db8a58e32",
            "redundant_interface": "",
            "region": "us-central1",
            "router": "on-prem-router1",
            "subnetwork": "",
            "timeouts": null,
            "vpn_tunnel": "https://www.googleapis.com/compute/v1/projects/qwiklabs-gcp-01-fd9db8a58e32/regions/us-central1/vpnTunnels/on-prem-tunnel1"
          },
          "sensitive_attributes": [],
          "private": "eyJlMmJmYjczMC1lY2FhLTExZTYtOGY4OC0zNDM2M2JjN2M0YzAiOnsiY3JlYXRlIjoyNDAwMDAwMDAwMDAsImRlbGV0ZSI6MjQwMDAwMDAwMDAwfX0=",
          "dependencies": [
            "google_compute_ha_vpn_gateway.on-prem-vpn-gw1",
            "google_compute_ha_vpn_gateway.vpc-demo-vpn-gw1",
            "google_compute_network.on-prem",
            "google_compute_network.vpc-demo",
            "google_compute_router.on-prem-router1",
            "google_compute_vpn_tunnel.on-prem-tunnel1"
          ]
        }
      ]
    },
    {
      "mode": "managed",
      "type": "google_compute_router_interface",
      "name": "vpc-demo-router0",
      "provider": "provider[\"registry.terraform.io/hashicorp/google\"]",
      "instances": [
        {
          "schema_version": 0,
          "attributes": {
            "id": "us-central1/vpc-demo-router1/if-tunnel0-to-on-prem",
            "interconnect_attachment": "",
            "ip_range": "169.254.0.1/30",
            "name": "if-tunnel0-to-on-prem",
            "private_ip_address": "",
            "project": "qwiklabs-gcp-01-fd9db8a58e32",
            "redundant_interface": "",
            "region": "us-central1",
            "router": "vpc-demo-router1",
            "subnetwork": "",
            "timeouts": null,
            "vpn_tunnel": "https://www.googleapis.com/compute/v1/projects/qwiklabs-gcp-01-fd9db8a58e32/regions/us-central1/vpnTunnels/vpc-demo-tunnel0"
          },
          "sensitive_attributes": [],
          "private": "eyJlMmJmYjczMC1lY2FhLTExZTYtOGY4OC0zNDM2M2JjN2M0YzAiOnsiY3JlYXRlIjoyNDAwMDAwMDAwMDAsImRlbGV0ZSI6MjQwMDAwMDAwMDAwfX0=",
          "dependencies": [
            "google_compute_ha_vpn_gateway.on-prem-vpn-gw1",
            "google_compute_ha_vpn_gateway.vpc-demo-vpn-gw1",
            "google_compute_network.on-prem",
            "google_compute_network.vpc-demo",
            "google_compute_router.vpc-demo-router1",
            "google_compute_vpn_tunnel.vpc-demo-tunnel0"
          ]
        }
      ]
    },
    {
      "mode": "managed",
      "type": "google_compute_router_interface",
      "name": "vpc-demo-router1",
      "provider": "provider[\"registry.terraform.io/hashicorp/google\"]",
      "instances": [
        {
          "schema_version": 0,
          "attributes": {
            "id": "us-central1/vpc-demo-router1/if-tunnel1-to-on-prem",
            "interconnect_attachment": "",
            "ip_range": "169.254.1.1/30",
            "name": "if-tunnel1-to-on-prem",
            "private_ip_address": "",
            "project": "qwiklabs-gcp-01-fd9db8a58e32",
            "redundant_interface": "",
            "region": "us-central1",
            "router": "vpc-demo-router1",
            "subnetwork": "",
            "timeouts": null,
            "vpn_tunnel": "https://www.googleapis.com/compute/v1/projects/qwiklabs-gcp-01-fd9db8a58e32/regions/us-central1/vpnTunnels/vpc-demo-tunnel1"
          },
          "sensitive_attributes": [],
          "private": "eyJlMmJmYjczMC1lY2FhLTExZTYtOGY4OC0zNDM2M2JjN2M0YzAiOnsiY3JlYXRlIjoyNDAwMDAwMDAwMDAsImRlbGV0ZSI6MjQwMDAwMDAwMDAwfX0=",
          "dependencies": [
            "google_compute_ha_vpn_gateway.on-prem-vpn-gw1",
            "google_compute_ha_vpn_gateway.vpc-demo-vpn-gw1",
            "google_compute_network.on-prem",
            "google_compute_network.vpc-demo",
            "google_compute_router.vpc-demo-router1",
            "google_compute_vpn_tunnel.vpc-demo-tunnel1"
          ]
        }
      ]
    },
    {
      "mode": "managed",
      "type": "google_compute_router_peer",
      "name": "on-prem-router_bgp_peer0",
      "provider": "provider[\"registry.terraform.io/hashicorp/google\"]",
      "instances": [
        {
          "schema_version": 0,
          "attributes": {
            "advertise_mode": "DEFAULT",
            "advertised_groups": [],
            "advertised_ip_ranges": [],
            "advertised_route_priority": 0,
            "bfd": [
              {
                "min_receive_interval": 1000,
                "min_transmit_interval": 1000,
                "multiplier": 5,
                "session_initialization_mode": "DISABLED"
              }
            ],
            "enable": true,
            "id": "projects/qwiklabs-gcp-01-fd9db8a58e32/regions/us-central1/routers/on-prem-router1/bgp-vpc-demo-tunnel0",
            "interface": "if-tunnel0-to-vpc-demo",
            "ip_address": "169.254.0.2",
            "management_type": "",
            "name": "bgp-vpc-demo-tunnel0",
            "peer_asn": 65001,
            "peer_ip_address": "169.254.0.1",
            "project": "qwiklabs-gcp-01-fd9db8a58e32",
            "region": "us-central1",
            "router": "on-prem-router1",
            "router_appliance_instance": "",
            "timeouts": null
          },
          "sensitive_attributes": [],
          "private": "eyJlMmJmYjczMC1lY2FhLTExZTYtOGY4OC0zNDM2M2JjN2M0YzAiOnsiY3JlYXRlIjoxMjAwMDAwMDAwMDAwLCJkZWxldGUiOjEyMDAwMDAwMDAwMDAsInVwZGF0ZSI6MTIwMDAwMDAwMDAwMH19",
          "dependencies": [
            "google_compute_ha_vpn_gateway.on-prem-vpn-gw1",
            "google_compute_ha_vpn_gateway.vpc-demo-vpn-gw1",
            "google_compute_network.on-prem",
            "google_compute_network.vpc-demo",
            "google_compute_router.on-prem-router1",
            "google_compute_router_interface.on-prem-router0",
            "google_compute_vpn_tunnel.on-prem-tunnel0"
          ]
        }
      ]
    },
    {
      "mode": "managed",
      "type": "google_compute_router_peer",
      "name": "on-prem-router_bgp_peer1",
      "provider": "provider[\"registry.terraform.io/hashicorp/google\"]",
      "instances": [
        {
          "schema_version": 0,
          "attributes": {
            "advertise_mode": "DEFAULT",
            "advertised_groups": [],
            "advertised_ip_ranges": [],
            "advertised_route_priority": 0,
            "bfd": [
              {
                "min_receive_interval": 1000,
                "min_transmit_interval": 1000,
                "multiplier": 5,
                "session_initialization_mode": "DISABLED"
              }
            ],
            "enable": true,
            "id": "projects/qwiklabs-gcp-01-fd9db8a58e32/regions/us-central1/routers/on-prem-router1/bgp-vpc-demo-tunnel1",
            "interface": "if-tunnel1-to-vpc-demo",
            "ip_address": "169.254.1.2",
            "management_type": "",
            "name": "bgp-vpc-demo-tunnel1",
            "peer_asn": 65001,
            "peer_ip_address": "169.254.1.1",
            "project": "qwiklabs-gcp-01-fd9db8a58e32",
            "region": "us-central1",
            "router": "on-prem-router1",
            "router_appliance_instance": "",
            "timeouts": null
          },
          "sensitive_attributes": [],
          "private": "eyJlMmJmYjczMC1lY2FhLTExZTYtOGY4OC0zNDM2M2JjN2M0YzAiOnsiY3JlYXRlIjoxMjAwMDAwMDAwMDAwLCJkZWxldGUiOjEyMDAwMDAwMDAwMDAsInVwZGF0ZSI6MTIwMDAwMDAwMDAwMH19",
          "dependencies": [
            "google_compute_ha_vpn_gateway.on-prem-vpn-gw1",
            "google_compute_ha_vpn_gateway.vpc-demo-vpn-gw1",
            "google_compute_network.on-prem",
            "google_compute_network.vpc-demo",
            "google_compute_router.on-prem-router1",
            "google_compute_router_interface.on-prem-router1",
            "google_compute_vpn_tunnel.on-prem-tunnel1"
          ]
        }
      ]
    },
    {
      "mode": "managed",
      "type": "google_compute_router_peer",
      "name": "vpc-demo-router_bgp_peer0",
      "provider": "provider[\"registry.terraform.io/hashicorp/google\"]",
      "instances": [
        {
          "schema_version": 0,
          "attributes": {
            "advertise_mode": "DEFAULT",
            "advertised_groups": [],
            "advertised_ip_ranges": [],
            "advertised_route_priority": 0,
            "bfd": [
              {
                "min_receive_interval": 1000,
                "min_transmit_interval": 1000,
                "multiplier": 5,
                "session_initialization_mode": "DISABLED"
              }
            ],
            "enable": true,
            "id": "projects/qwiklabs-gcp-01-fd9db8a58e32/regions/us-central1/routers/vpc-demo-router1/bgp-on-prem-tunnel0",
            "interface": "if-tunnel0-to-on-prem",
            "ip_address": "169.254.0.1",
            "management_type": "",
            "name": "bgp-on-prem-tunnel0",
            "peer_asn": 65002,
            "peer_ip_address": "169.254.0.2",
            "project": "qwiklabs-gcp-01-fd9db8a58e32",
            "region": "us-central1",
            "router": "vpc-demo-router1",
            "router_appliance_instance": "",
            "timeouts": null
          },
          "sensitive_attributes": [],
          "private": "eyJlMmJmYjczMC1lY2FhLTExZTYtOGY4OC0zNDM2M2JjN2M0YzAiOnsiY3JlYXRlIjoxMjAwMDAwMDAwMDAwLCJkZWxldGUiOjEyMDAwMDAwMDAwMDAsInVwZGF0ZSI6MTIwMDAwMDAwMDAwMH19",
          "dependencies": [
            "google_compute_ha_vpn_gateway.on-prem-vpn-gw1",
            "google_compute_ha_vpn_gateway.vpc-demo-vpn-gw1",
            "google_compute_network.on-prem",
            "google_compute_network.vpc-demo",
            "google_compute_router.vpc-demo-router1",
            "google_compute_router_interface.vpc-demo-router0",
            "google_compute_vpn_tunnel.vpc-demo-tunnel0"
          ]
        }
      ]
    },
    {
      "mode": "managed",
      "type": "google_compute_router_peer",
      "name": "vpc-demo-router_bgp_peer1",
      "provider": "provider[\"registry.terraform.io/hashicorp/google\"]",
      "instances": [
        {
          "schema_version": 0,
          "attributes": {
            "advertise_mode": "DEFAULT",
            "advertised_groups": [],
            "advertised_ip_ranges": [],
            "advertised_route_priority": 0,
            "bfd": [
              {
                "min_receive_interval": 1000,
                "min_transmit_interval": 1000,
                "multiplier": 5,
                "session_initialization_mode": "DISABLED"
              }
            ],
            "enable": true,
            "id": "projects/qwiklabs-gcp-01-fd9db8a58e32/regions/us-central1/routers/vpc-demo-router1/bgp-on-prem-tunnel1",
            "interface": "if-tunnel1-to-on-prem",
            "ip_address": "169.254.1.1",
            "management_type": "",
            "name": "bgp-on-prem-tunnel1",
            "peer_asn": 65002,
            "peer_ip_address": "169.254.1.2",
            "project": "qwiklabs-gcp-01-fd9db8a58e32",
            "region": "us-central1",
            "router": "vpc-demo-router1",
            "router_appliance_instance": "",
            "timeouts": null
          },
          "sensitive_attributes": [],
          "private": "eyJlMmJmYjczMC1lY2FhLTExZTYtOGY4OC0zNDM2M2JjN2M0YzAiOnsiY3JlYXRlIjoxMjAwMDAwMDAwMDAwLCJkZWxldGUiOjEyMDAwMDAwMDAwMDAsInVwZGF0ZSI6MTIwMDAwMDAwMDAwMH19",
          "dependencies": [
            "google_compute_ha_vpn_gateway.on-prem-vpn-gw1",
            "google_compute_ha_vpn_gateway.vpc-demo-vpn-gw1",
            "google_compute_network.on-prem",
            "google_compute_network.vpc-demo",
            "google_compute_router.vpc-demo-router1",
            "google_compute_router_interface.vpc-demo-router1",
            "google_compute_vpn_tunnel.vpc-demo-tunnel1"
          ]
        }
      ]
    },
    {
      "mode": "managed",
      "type": "google_compute_subnetwork",
      "name": "on-prem-subnet1",
      "provider": "provider[\"registry.terraform.io/hashicorp/google\"]",
      "instances": [
        {
          "schema_version": 0,
          "attributes": {
            "creation_timestamp": "2023-04-26T11:40:03.729-07:00",
            "description": "",
            "external_ipv6_prefix": "",
            "fingerprint": null,
            "gateway_address": "192.168.1.1",
            "id": "projects/qwiklabs-gcp-01-fd9db8a58e32/regions/us-central1/subnetworks/on-prem-subnet1",
            "ip_cidr_range": "192.168.1.0/24",
            "ipv6_access_type": "",
            "ipv6_cidr_range": "",
            "log_config": [],
            "name": "on-prem-subnet1",
            "network": "https://www.googleapis.com/compute/v1/projects/qwiklabs-gcp-01-fd9db8a58e32/global/networks/on-prem",
            "private_ip_google_access": false,
            "private_ipv6_google_access": "DISABLE_GOOGLE_ACCESS",
            "project": "qwiklabs-gcp-01-fd9db8a58e32",
            "purpose": "PRIVATE",
            "region": "us-central1",
            "role": "",
            "secondary_ip_range": [],
            "self_link": "https://www.googleapis.com/compute/v1/projects/qwiklabs-gcp-01-fd9db8a58e32/regions/us-central1/subnetworks/on-prem-subnet1",
            "stack_type": "IPV4_ONLY",
            "timeouts": null
          },
          "sensitive_attributes": [],
          "private": "eyJlMmJmYjczMC1lY2FhLTExZTYtOGY4OC0zNDM2M2JjN2M0YzAiOnsiY3JlYXRlIjoxMjAwMDAwMDAwMDAwLCJkZWxldGUiOjEyMDAwMDAwMDAwMDAsInVwZGF0ZSI6MTIwMDAwMDAwMDAwMH19",
          "dependencies": [
            "google_compute_network.on-prem"
          ]
        }
      ]
    },
    {
      "mode": "managed",
      "type": "google_compute_subnetwork",
      "name": "vpc-demo-subnet1",
      "provider": "provider[\"registry.terraform.io/hashicorp/google\"]",
      "instances": [
        {
          "schema_version": 0,
          "attributes": {
            "creation_timestamp": "2023-04-26T11:39:55.568-07:00",
            "description": "",
            "external_ipv6_prefix": "",
            "fingerprint": null,
            "gateway_address": "10.1.1.1",
            "id": "projects/qwiklabs-gcp-01-fd9db8a58e32/regions/us-central1/subnetworks/vpc-demo-subnet1",
            "ip_cidr_range": "10.1.1.0/24",
            "ipv6_access_type": "",
            "ipv6_cidr_range": "",
            "log_config": [],
            "name": "vpc-demo-subnet1",
            "network": "https://www.googleapis.com/compute/v1/projects/qwiklabs-gcp-01-fd9db8a58e32/global/networks/vpc-demo",
            "private_ip_google_access": false,
            "private_ipv6_google_access": "DISABLE_GOOGLE_ACCESS",
            "project": "qwiklabs-gcp-01-fd9db8a58e32",
            "purpose": "PRIVATE",
            "region": "us-central1",
            "role": "",
            "secondary_ip_range": [],
            "self_link": "https://www.googleapis.com/compute/v1/projects/qwiklabs-gcp-01-fd9db8a58e32/regions/us-central1/subnetworks/vpc-demo-subnet1",
            "stack_type": "IPV4_ONLY",
            "timeouts": null
          },
          "sensitive_attributes": [],
          "private": "eyJlMmJmYjczMC1lY2FhLTExZTYtOGY4OC0zNDM2M2JjN2M0YzAiOnsiY3JlYXRlIjoxMjAwMDAwMDAwMDAwLCJkZWxldGUiOjEyMDAwMDAwMDAwMDAsInVwZGF0ZSI6MTIwMDAwMDAwMDAwMH19",
          "dependencies": [
            "google_compute_network.vpc-demo"
          ]
        }
      ]
    },
    {
      "mode": "managed",
      "type": "google_compute_subnetwork",
      "name": "vpc-demo-subnet2",
      "provider": "provider[\"registry.terraform.io/hashicorp/google\"]",
      "instances": [
        {
          "schema_version": 0,
          "attributes": {
            "creation_timestamp": "2023-04-26T11:39:52.873-07:00",
            "description": "",
            "external_ipv6_prefix": "",
            "fingerprint": null,
            "gateway_address": "10.2.1.1",
            "id": "projects/qwiklabs-gcp-01-fd9db8a58e32/regions/us-east1/subnetworks/vpc-demo-subnet2",
            "ip_cidr_range": "10.2.1.0/24",
            "ipv6_access_type": "",
            "ipv6_cidr_range": "",
            "log_config": [],
            "name": "vpc-demo-subnet2",
            "network": "https://www.googleapis.com/compute/v1/projects/qwiklabs-gcp-01-fd9db8a58e32/global/networks/vpc-demo",
            "private_ip_google_access": false,
            "private_ipv6_google_access": "DISABLE_GOOGLE_ACCESS",
            "project": "qwiklabs-gcp-01-fd9db8a58e32",
            "purpose": "PRIVATE",
            "region": "us-east1",
            "role": "",
            "secondary_ip_range": [],
            "self_link": "https://www.googleapis.com/compute/v1/projects/qwiklabs-gcp-01-fd9db8a58e32/regions/us-east1/subnetworks/vpc-demo-subnet2",
            "stack_type": "IPV4_ONLY",
            "timeouts": null
          },
          "sensitive_attributes": [],
          "private": "eyJlMmJmYjczMC1lY2FhLTExZTYtOGY4OC0zNDM2M2JjN2M0YzAiOnsiY3JlYXRlIjoxMjAwMDAwMDAwMDAwLCJkZWxldGUiOjEyMDAwMDAwMDAwMDAsInVwZGF0ZSI6MTIwMDAwMDAwMDAwMH19",
          "dependencies": [
            "google_compute_network.vpc-demo"
          ]
        }
      ]
    },
    {
      "mode": "managed",
      "type": "google_compute_vpn_tunnel",
      "name": "on-prem-tunnel0",
      "provider": "provider[\"registry.terraform.io/hashicorp/google\"]",
      "instances": [
        {
          "schema_version": 0,
          "attributes": {
            "creation_timestamp": "2023-04-26T11:43:22.386-07:00",
            "description": "",
            "detailed_status": "Tunnel is up and running.",
            "id": "projects/qwiklabs-gcp-01-fd9db8a58e32/regions/us-central1/vpnTunnels/on-prem-tunnel0",
            "ike_version": 2,
            "local_traffic_selector": [
              "0.0.0.0/0"
            ],
            "name": "on-prem-tunnel0",
            "peer_external_gateway": "",
            "peer_external_gateway_interface": 0,
            "peer_gcp_gateway": "https://www.googleapis.com/compute/v1/projects/qwiklabs-gcp-01-fd9db8a58e32/regions/us-central1/vpnGateways/vpc-demo-vpn-gw1",
            "peer_ip": "35.242.97.243",
            "project": "qwiklabs-gcp-01-fd9db8a58e32",
            "region": "us-central1",
            "remote_traffic_selector": [
              "0.0.0.0/0"
            ],
            "router": "https://www.googleapis.com/compute/v1/projects/qwiklabs-gcp-01-fd9db8a58e32/regions/us-central1/routers/on-prem-router1",
            "self_link": "https://www.googleapis.com/compute/v1/projects/qwiklabs-gcp-01-fd9db8a58e32/regions/us-central1/vpnTunnels/on-prem-tunnel0",
            "shared_secret": "[SHARED_SECRET]",
            "shared_secret_hash": "lF6eHLGrPMdFDNH1Rq8jWcAc-VxZ",
            "target_vpn_gateway": "",
            "timeouts": null,
            "tunnel_id": "4776027791183629861",
            "vpn_gateway": "https://www.googleapis.com/compute/v1/projects/qwiklabs-gcp-01-fd9db8a58e32/regions/us-central1/vpnGateways/on-prem-vpn-gw1",
            "vpn_gateway_interface": 0
          },
          "sensitive_attributes": [],
          "private": "eyJlMmJmYjczMC1lY2FhLTExZTYtOGY4OC0zNDM2M2JjN2M0YzAiOnsiY3JlYXRlIjoxMjAwMDAwMDAwMDAwLCJkZWxldGUiOjEyMDAwMDAwMDAwMDB9fQ==",
          "dependencies": [
            "google_compute_ha_vpn_gateway.on-prem-vpn-gw1",
            "google_compute_ha_vpn_gateway.vpc-demo-vpn-gw1",
            "google_compute_network.on-prem",
            "google_compute_network.vpc-demo",
            "google_compute_router.on-prem-router1"
          ]
        }
      ]
    },
    {
      "mode": "managed",
      "type": "google_compute_vpn_tunnel",
      "name": "on-prem-tunnel1",
      "provider": "provider[\"registry.terraform.io/hashicorp/google\"]",
      "instances": [
        {
          "schema_version": 0,
          "attributes": {
            "creation_timestamp": "2023-04-26T11:43:22.106-07:00",
            "description": "",
            "detailed_status": "Tunnel is up and running.",
            "id": "projects/qwiklabs-gcp-01-fd9db8a58e32/regions/us-central1/vpnTunnels/on-prem-tunnel1",
            "ike_version": 2,
            "local_traffic_selector": [
              "0.0.0.0/0"
            ],
            "name": "on-prem-tunnel1",
            "peer_external_gateway": "",
            "peer_external_gateway_interface": 0,
            "peer_gcp_gateway": "https://www.googleapis.com/compute/v1/projects/qwiklabs-gcp-01-fd9db8a58e32/regions/us-central1/vpnGateways/vpc-demo-vpn-gw1",
            "peer_ip": "35.220.73.166",
            "project": "qwiklabs-gcp-01-fd9db8a58e32",
            "region": "us-central1",
            "remote_traffic_selector": [
              "0.0.0.0/0"
            ],
            "router": "https://www.googleapis.com/compute/v1/projects/qwiklabs-gcp-01-fd9db8a58e32/regions/us-central1/routers/on-prem-router1",
            "self_link": "https://www.googleapis.com/compute/v1/projects/qwiklabs-gcp-01-fd9db8a58e32/regions/us-central1/vpnTunnels/on-prem-tunnel1",
            "shared_secret": "[SHARED_SECRET]",
            "shared_secret_hash": "ANyMUQybqDr75sfMWPOZ0n629shH",
            "target_vpn_gateway": "",
            "timeouts": null,
            "tunnel_id": "3242438924200889893",
            "vpn_gateway": "https://www.googleapis.com/compute/v1/projects/qwiklabs-gcp-01-fd9db8a58e32/regions/us-central1/vpnGateways/on-prem-vpn-gw1",
            "vpn_gateway_interface": 1
          },
          "sensitive_attributes": [],
          "private": "eyJlMmJmYjczMC1lY2FhLTExZTYtOGY4OC0zNDM2M2JjN2M0YzAiOnsiY3JlYXRlIjoxMjAwMDAwMDAwMDAwLCJkZWxldGUiOjEyMDAwMDAwMDAwMDB9fQ==",
          "dependencies": [
            "google_compute_ha_vpn_gateway.on-prem-vpn-gw1",
            "google_compute_ha_vpn_gateway.vpc-demo-vpn-gw1",
            "google_compute_network.on-prem",
            "google_compute_network.vpc-demo",
            "google_compute_router.on-prem-router1"
          ]
        }
      ]
    },
    {
      "mode": "managed",
      "type": "google_compute_vpn_tunnel",
      "name": "vpc-demo-tunnel0",
      "provider": "provider[\"registry.terraform.io/hashicorp/google\"]",
      "instances": [
        {
          "schema_version": 0,
          "attributes": {
            "creation_timestamp": "2023-04-26T11:43:21.579-07:00",
            "description": "",
            "detailed_status": "Tunnel is up and running.",
            "id": "projects/qwiklabs-gcp-01-fd9db8a58e32/regions/us-central1/vpnTunnels/vpc-demo-tunnel0",
            "ike_version": 2,
            "local_traffic_selector": [
              "0.0.0.0/0"
            ],
            "name": "vpc-demo-tunnel0",
            "peer_external_gateway": "",
            "peer_external_gateway_interface": 0,
            "peer_gcp_gateway": "https://www.googleapis.com/compute/v1/projects/qwiklabs-gcp-01-fd9db8a58e32/regions/us-central1/vpnGateways/on-prem-vpn-gw1",
            "peer_ip": "35.242.116.142",
            "project": "qwiklabs-gcp-01-fd9db8a58e32",
            "region": "us-central1",
            "remote_traffic_selector": [
              "0.0.0.0/0"
            ],
            "router": "https://www.googleapis.com/compute/v1/projects/qwiklabs-gcp-01-fd9db8a58e32/regions/us-central1/routers/vpc-demo-router1",
            "self_link": "https://www.googleapis.com/compute/v1/projects/qwiklabs-gcp-01-fd9db8a58e32/regions/us-central1/vpnTunnels/vpc-demo-tunnel0",
            "shared_secret": "[SHARED_SECRET]",
            "shared_secret_hash": "fUzQ5b80VewnaHq1gl2CUDJA4lOI",
            "target_vpn_gateway": "",
            "timeouts": null,
            "tunnel_id": "8870604639140367910",
            "vpn_gateway": "https://www.googleapis.com/compute/v1/projects/qwiklabs-gcp-01-fd9db8a58e32/regions/us-central1/vpnGateways/vpc-demo-vpn-gw1",
            "vpn_gateway_interface": 0
          },
          "sensitive_attributes": [],
          "private": "eyJlMmJmYjczMC1lY2FhLTExZTYtOGY4OC0zNDM2M2JjN2M0YzAiOnsiY3JlYXRlIjoxMjAwMDAwMDAwMDAwLCJkZWxldGUiOjEyMDAwMDAwMDAwMDB9fQ==",
          "dependencies": [
            "google_compute_ha_vpn_gateway.on-prem-vpn-gw1",
            "google_compute_ha_vpn_gateway.vpc-demo-vpn-gw1",
            "google_compute_network.on-prem",
            "google_compute_network.vpc-demo",
            "google_compute_router.vpc-demo-router1"
          ]
        }
      ]
    },
    {
      "mode": "managed",
      "type": "google_compute_vpn_tunnel",
      "name": "vpc-demo-tunnel1",
      "provider": "provider[\"registry.terraform.io/hashicorp/google\"]",
      "instances": [
        {
          "schema_version": 0,
          "attributes": {
            "creation_timestamp": "2023-04-26T11:43:22.029-07:00",
            "description": "",
            "detailed_status": "Tunnel is up and running.",
            "id": "projects/qwiklabs-gcp-01-fd9db8a58e32/regions/us-central1/vpnTunnels/vpc-demo-tunnel1",
            "ike_version": 2,
            "local_traffic_selector": [
              "0.0.0.0/0"
            ],
            "name": "vpc-demo-tunnel1",
            "peer_external_gateway": "",
            "peer_external_gateway_interface": 0,
            "peer_gcp_gateway": "https://www.googleapis.com/compute/v1/projects/qwiklabs-gcp-01-fd9db8a58e32/regions/us-central1/vpnGateways/on-prem-vpn-gw1",
            "peer_ip": "35.220.66.102",
            "project": "qwiklabs-gcp-01-fd9db8a58e32",
            "region": "us-central1",
            "remote_traffic_selector": [
              "0.0.0.0/0"
            ],
            "router": "https://www.googleapis.com/compute/v1/projects/qwiklabs-gcp-01-fd9db8a58e32/regions/us-central1/routers/vpc-demo-router1",
            "self_link": "https://www.googleapis.com/compute/v1/projects/qwiklabs-gcp-01-fd9db8a58e32/regions/us-central1/vpnTunnels/vpc-demo-tunnel1",
            "shared_secret": "[SHARED_SECRET]",
            "shared_secret_hash": "HMjEJZ0NfhkqDyw9PO3dHEB0RnHP",
            "target_vpn_gateway": "",
            "timeouts": null,
            "tunnel_id": "5119083360444272165",
            "vpn_gateway": "https://www.googleapis.com/compute/v1/projects/qwiklabs-gcp-01-fd9db8a58e32/regions/us-central1/vpnGateways/vpc-demo-vpn-gw1",
            "vpn_gateway_interface": 1
          },
          "sensitive_attributes": [],
          "private": "eyJlMmJmYjczMC1lY2FhLTExZTYtOGY4OC0zNDM2M2JjN2M0YzAiOnsiY3JlYXRlIjoxMjAwMDAwMDAwMDAwLCJkZWxldGUiOjEyMDAwMDAwMDAwMDB9fQ==",
          "dependencies": [
            "google_compute_ha_vpn_gateway.on-prem-vpn-gw1",
            "google_compute_ha_vpn_gateway.vpc-demo-vpn-gw1",
            "google_compute_network.on-prem",
            "google_compute_network.vpc-demo",
            "google_compute_router.vpc-demo-router1"
          ]
        }
      ]
    }
  ],
  "check_results": null
}
