{
  "version": 4,
  "terraform_version": "1.4.2",
  "serial": 32,
  "lineage": "6442c78e-3c4e-627c-aa10-b30c7df9742e",
  "outputs": {},
  "resources": [
    {
      "mode": "data",
      "type": "google_compute_default_service_account",
      "name": "default",
      "provider": "provider[\"registry.terraform.io/hashicorp/google\"]",
      "instances": [
        {
          "schema_version": 0,
          "attributes": {
            "display_name": "Compute Engine default service account",
            "email": "285856707122-compute@developer.gserviceaccount.com",
            "id": "projects/qwiklabs-gcp-04-c361fa218a2b/serviceAccounts/285856707122-compute@developer.gserviceaccount.com",
            "name": "projects/qwiklabs-gcp-04-c361fa218a2b/serviceAccounts/285856707122-compute@developer.gserviceaccount.com",
            "project": "qwiklabs-gcp-04-c361fa218a2b",
            "unique_id": "102021726074805394990"
          },
          "sensitive_attributes": []
        }
      ]
    },
    {
      "mode": "managed",
      "type": "google_compute_firewall",
      "name": "griffin-dev-allow-ssh",
      "provider": "provider[\"registry.terraform.io/hashicorp/google\"]",
      "instances": [
        {
          "schema_version": 1,
          "attributes": {
            "allow": [
              {
                "ports": [
                  "22"
                ],
                "protocol": "tcp"
              }
            ],
            "creation_timestamp": "2023-04-30T02:47:38.919-07:00",
            "deny": [],
            "description": "",
            "destination_ranges": [],
            "direction": "INGRESS",
            "disabled": false,
            "enable_logging": null,
            "id": "projects/qwiklabs-gcp-04-c361fa218a2b/global/firewalls/griffin-dev-vpc-allow-ssh",
            "log_config": [],
            "name": "griffin-dev-vpc-allow-ssh",
            "network": "https://www.googleapis.com/compute/v1/projects/qwiklabs-gcp-04-c361fa218a2b/global/networks/griffin-dev-vpc",
            "priority": 65534,
            "project": "qwiklabs-gcp-04-c361fa218a2b",
            "self_link": "https://www.googleapis.com/compute/v1/projects/qwiklabs-gcp-04-c361fa218a2b/global/firewalls/griffin-dev-vpc-allow-ssh",
            "source_ranges": [
              "0.0.0.0/0"
            ],
            "source_service_accounts": [],
            "source_tags": [],
            "target_service_accounts": [],
            "target_tags": [],
            "timeouts": null
          },
          "sensitive_attributes": [],
          "private": "eyJlMmJmYjczMC1lY2FhLTExZTYtOGY4OC0zNDM2M2JjN2M0YzAiOnsiY3JlYXRlIjoxMjAwMDAwMDAwMDAwLCJkZWxldGUiOjEyMDAwMDAwMDAwMDAsInVwZGF0ZSI6MTIwMDAwMDAwMDAwMH0sInNjaGVtYV92ZXJzaW9uIjoiMSJ9",
          "dependencies": [
            "google_compute_network.griffin-dev-vpc"
          ]
        }
      ]
    },
    {
      "mode": "managed",
      "type": "google_compute_firewall",
      "name": "griffin-prod-allow-ssh",
      "provider": "provider[\"registry.terraform.io/hashicorp/google\"]",
      "instances": [
        {
          "schema_version": 1,
          "attributes": {
            "allow": [
              {
                "ports": [
                  "22"
                ],
                "protocol": "tcp"
              }
            ],
            "creation_timestamp": "2023-04-30T02:47:38.827-07:00",
            "deny": [],
            "description": "",
            "destination_ranges": [],
            "direction": "INGRESS",
            "disabled": false,
            "enable_logging": null,
            "id": "projects/qwiklabs-gcp-04-c361fa218a2b/global/firewalls/griffin-prod-vpc-allow-ssh",
            "log_config": [],
            "name": "griffin-prod-vpc-allow-ssh",
            "network": "https://www.googleapis.com/compute/v1/projects/qwiklabs-gcp-04-c361fa218a2b/global/networks/griffin-prod-vpc",
            "priority": 65534,
            "project": "qwiklabs-gcp-04-c361fa218a2b",
            "self_link": "https://www.googleapis.com/compute/v1/projects/qwiklabs-gcp-04-c361fa218a2b/global/firewalls/griffin-prod-vpc-allow-ssh",
            "source_ranges": [
              "0.0.0.0/0"
            ],
            "source_service_accounts": [],
            "source_tags": [],
            "target_service_accounts": [],
            "target_tags": [],
            "timeouts": null
          },
          "sensitive_attributes": [],
          "private": "eyJlMmJmYjczMC1lY2FhLTExZTYtOGY4OC0zNDM2M2JjN2M0YzAiOnsiY3JlYXRlIjoxMjAwMDAwMDAwMDAwLCJkZWxldGUiOjEyMDAwMDAwMDAwMDAsInVwZGF0ZSI6MTIwMDAwMDAwMDAwMH0sInNjaGVtYV92ZXJzaW9uIjoiMSJ9",
          "dependencies": [
            "google_compute_network.griffin-prod-vpc"
          ]
        }
      ]
    },
    {
      "mode": "managed",
      "type": "google_compute_global_address",
      "name": "private_ip_address",
      "provider": "provider[\"registry.terraform.io/hashicorp/google\"]",
      "instances": [
        {
          "schema_version": 0,
          "attributes": {
            "address": "10.165.0.0",
            "address_type": "INTERNAL",
            "creation_timestamp": "2023-04-30T02:47:38.796-07:00",
            "description": "",
            "id": "projects/qwiklabs-gcp-04-c361fa218a2b/global/addresses/private-ip-address",
            "ip_version": "",
            "name": "private-ip-address",
            "network": "https://www.googleapis.com/compute/v1/projects/qwiklabs-gcp-04-c361fa218a2b/global/networks/griffin-dev-vpc",
            "prefix_length": 16,
            "project": "qwiklabs-gcp-04-c361fa218a2b",
            "purpose": "VPC_PEERING",
            "self_link": "https://www.googleapis.com/compute/v1/projects/qwiklabs-gcp-04-c361fa218a2b/global/addresses/private-ip-address",
            "timeouts": null
          },
          "sensitive_attributes": [],
          "private": "eyJlMmJmYjczMC1lY2FhLTExZTYtOGY4OC0zNDM2M2JjN2M0YzAiOnsiY3JlYXRlIjoxMjAwMDAwMDAwMDAwLCJkZWxldGUiOjEyMDAwMDAwMDAwMDB9fQ==",
          "dependencies": [
            "google_compute_network.griffin-dev-vpc"
          ]
        }
      ]
    },
    {
      "mode": "managed",
      "type": "google_compute_instance",
      "name": "bastion",
      "provider": "provider[\"registry.terraform.io/hashicorp/google\"]",
      "instances": [
        {
          "schema_version": 6,
          "attributes": {
            "advanced_machine_features": [],
            "allow_stopping_for_update": null,
            "attached_disk": [],
            "boot_disk": [
              {
                "auto_delete": true,
                "device_name": "persistent-disk-0",
                "disk_encryption_key_raw": "",
                "disk_encryption_key_sha256": "",
                "initialize_params": [
                  {
                    "image": "https://www.googleapis.com/compute/v1/projects/debian-cloud/global/images/debian-11-bullseye-v20230411",
                    "labels": {},
                    "size": 10,
                    "type": "pd-standard"
                  }
                ],
                "kms_key_self_link": "",
                "mode": "READ_WRITE",
                "source": "https://www.googleapis.com/compute/v1/projects/qwiklabs-gcp-04-c361fa218a2b/zones/us-east1-b/disks/bastion"
              }
            ],
            "can_ip_forward": false,
            "confidential_instance_config": [],
            "cpu_platform": "Intel Haswell",
            "current_status": "RUNNING",
            "deletion_protection": false,
            "description": "",
            "desired_status": null,
            "enable_display": false,
            "guest_accelerator": [],
            "hostname": "",
            "id": "projects/qwiklabs-gcp-04-c361fa218a2b/zones/us-east1-b/instances/bastion",
            "instance_id": "3689619842339669926",
            "label_fingerprint": "42WmSpB8rSM=",
            "labels": {},
            "machine_type": "n1-standard-1",
            "metadata": {},
            "metadata_fingerprint": "iBMNFt_YqpI=",
            "metadata_startup_script": null,
            "min_cpu_platform": "",
            "name": "bastion",
            "network_interface": [
              {
                "access_config": [],
                "alias_ip_range": [],
                "ipv6_access_config": [],
                "ipv6_access_type": "",
                "name": "nic0",
                "network": "https://www.googleapis.com/compute/v1/projects/qwiklabs-gcp-04-c361fa218a2b/global/networks/griffin-dev-vpc",
                "network_ip": "192.168.32.2",
                "nic_type": "",
                "queue_count": 0,
                "stack_type": "IPV4_ONLY",
                "subnetwork": "https://www.googleapis.com/compute/v1/projects/qwiklabs-gcp-04-c361fa218a2b/regions/us-east1/subnetworks/griffin-dev-mgmt",
                "subnetwork_project": "qwiklabs-gcp-04-c361fa218a2b"
              },
              {
                "access_config": [],
                "alias_ip_range": [],
                "ipv6_access_config": [],
                "ipv6_access_type": "",
                "name": "nic1",
                "network": "https://www.googleapis.com/compute/v1/projects/qwiklabs-gcp-04-c361fa218a2b/global/networks/griffin-prod-vpc",
                "network_ip": "192.168.64.2",
                "nic_type": "",
                "queue_count": 0,
                "stack_type": "IPV4_ONLY",
                "subnetwork": "https://www.googleapis.com/compute/v1/projects/qwiklabs-gcp-04-c361fa218a2b/regions/us-east1/subnetworks/griffin-prod-mgmt",
                "subnetwork_project": "qwiklabs-gcp-04-c361fa218a2b"
              }
            ],
            "project": "qwiklabs-gcp-04-c361fa218a2b",
            "reservation_affinity": [],
            "resource_policies": [],
            "scheduling": [
              {
                "automatic_restart": true,
                "instance_termination_action": "",
                "min_node_cpus": 0,
                "node_affinities": [],
                "on_host_maintenance": "MIGRATE",
                "preemptible": false,
                "provisioning_model": "STANDARD"
              }
            ],
            "scratch_disk": [],
            "self_link": "https://www.googleapis.com/compute/v1/projects/qwiklabs-gcp-04-c361fa218a2b/zones/us-east1-b/instances/bastion",
            "service_account": [
              {
                "email": "285856707122-compute@developer.gserviceaccount.com",
                "scopes": [
                  "https://www.googleapis.com/auth/devstorage.read_only",
                  "https://www.googleapis.com/auth/logging.write",
                  "https://www.googleapis.com/auth/monitoring.write",
                  "https://www.googleapis.com/auth/service.management.readonly",
                  "https://www.googleapis.com/auth/servicecontrol",
                  "https://www.googleapis.com/auth/trace.append"
                ]
              }
            ],
            "shielded_instance_config": [
              {
                "enable_integrity_monitoring": true,
                "enable_secure_boot": false,
                "enable_vtpm": true
              }
            ],
            "tags": [],
            "tags_fingerprint": "42WmSpB8rSM=",
            "timeouts": null,
            "zone": "us-east1-b"
          },
          "sensitive_attributes": [],
          "private": "eyJlMmJmYjczMC1lY2FhLTExZTYtOGY4OC0zNDM2M2JjN2M0YzAiOnsiY3JlYXRlIjoxMjAwMDAwMDAwMDAwLCJkZWxldGUiOjEyMDAwMDAwMDAwMDAsInVwZGF0ZSI6MTIwMDAwMDAwMDAwMH0sInNjaGVtYV92ZXJzaW9uIjoiNiJ9",
          "dependencies": [
            "data.google_compute_default_service_account.default",
            "google_compute_network.griffin-dev-vpc",
            "google_compute_network.griffin-prod-vpc",
            "google_compute_subnetwork.griffin-dev-mgmt",
            "google_compute_subnetwork.griffin-prod-mgmt"
          ]
        }
      ]
    },
    {
      "mode": "managed",
      "type": "google_compute_network",
      "name": "griffin-dev-vpc",
      "provider": "provider[\"registry.terraform.io/hashicorp/google\"]",
      "instances": [
        {
          "schema_version": 0,
          "attributes": {
            "auto_create_subnetworks": false,
            "delete_default_routes_on_create": false,
            "description": "VPC for Development",
            "enable_ula_internal_ipv6": false,
            "gateway_ipv4": "",
            "id": "projects/qwiklabs-gcp-04-c361fa218a2b/global/networks/griffin-dev-vpc",
            "internal_ipv6_range": "",
            "mtu": 0,
            "name": "griffin-dev-vpc",
            "network_firewall_policy_enforcement_order": "AFTER_CLASSIC_FIREWALL",
            "project": "qwiklabs-gcp-04-c361fa218a2b",
            "routing_mode": "REGIONAL",
            "self_link": "https://www.googleapis.com/compute/v1/projects/qwiklabs-gcp-04-c361fa218a2b/global/networks/griffin-dev-vpc",
            "timeouts": null
          },
          "sensitive_attributes": [],
          "private": "eyJlMmJmYjczMC1lY2FhLTExZTYtOGY4OC0zNDM2M2JjN2M0YzAiOnsiY3JlYXRlIjoxMjAwMDAwMDAwMDAwLCJkZWxldGUiOjEyMDAwMDAwMDAwMDAsInVwZGF0ZSI6MTIwMDAwMDAwMDAwMH19"
        }
      ]
    },
    {
      "mode": "managed",
      "type": "google_compute_network",
      "name": "griffin-prod-vpc",
      "provider": "provider[\"registry.terraform.io/hashicorp/google\"]",
      "instances": [
        {
          "schema_version": 0,
          "attributes": {
            "auto_create_subnetworks": false,
            "delete_default_routes_on_create": false,
            "description": "VPC for production",
            "enable_ula_internal_ipv6": false,
            "gateway_ipv4": "",
            "id": "projects/qwiklabs-gcp-04-c361fa218a2b/global/networks/griffin-prod-vpc",
            "internal_ipv6_range": "",
            "mtu": 0,
            "name": "griffin-prod-vpc",
            "network_firewall_policy_enforcement_order": "AFTER_CLASSIC_FIREWALL",
            "project": "qwiklabs-gcp-04-c361fa218a2b",
            "routing_mode": "REGIONAL",
            "self_link": "https://www.googleapis.com/compute/v1/projects/qwiklabs-gcp-04-c361fa218a2b/global/networks/griffin-prod-vpc",
            "timeouts": null
          },
          "sensitive_attributes": [],
          "private": "eyJlMmJmYjczMC1lY2FhLTExZTYtOGY4OC0zNDM2M2JjN2M0YzAiOnsiY3JlYXRlIjoxMjAwMDAwMDAwMDAwLCJkZWxldGUiOjEyMDAwMDAwMDAwMDAsInVwZGF0ZSI6MTIwMDAwMDAwMDAwMH19"
        }
      ]
    },
    {
      "mode": "managed",
      "type": "google_compute_router",
      "name": "router",
      "provider": "provider[\"registry.terraform.io/hashicorp/google\"]",
      "instances": [
        {
          "schema_version": 0,
          "attributes": {
            "bgp": [],
            "creation_timestamp": "2023-04-30T02:47:40.712-07:00",
            "description": "",
            "encrypted_interconnect_router": false,
            "id": "projects/qwiklabs-gcp-04-c361fa218a2b/regions/us-east1/routers/nat-router-us-central1",
            "name": "nat-router-us-central1",
            "network": "https://www.googleapis.com/compute/v1/projects/qwiklabs-gcp-04-c361fa218a2b/global/networks/griffin-dev-vpc",
            "project": "qwiklabs-gcp-04-c361fa218a2b",
            "region": "us-east1",
            "self_link": "https://www.googleapis.com/compute/v1/projects/qwiklabs-gcp-04-c361fa218a2b/regions/us-east1/routers/nat-router-us-central1",
            "timeouts": null
          },
          "sensitive_attributes": [],
          "private": "eyJlMmJmYjczMC1lY2FhLTExZTYtOGY4OC0zNDM2M2JjN2M0YzAiOnsiY3JlYXRlIjoxMjAwMDAwMDAwMDAwLCJkZWxldGUiOjEyMDAwMDAwMDAwMDAsInVwZGF0ZSI6MTIwMDAwMDAwMDAwMH19",
          "dependencies": [
            "google_compute_network.griffin-dev-vpc"
          ]
        }
      ]
    },
    {
      "mode": "managed",
      "type": "google_compute_router_nat",
      "name": "nat-router",
      "provider": "provider[\"registry.terraform.io/hashicorp/google\"]",
      "instances": [
        {
          "schema_version": 0,
          "attributes": {
            "drain_nat_ips": [],
            "enable_dynamic_port_allocation": false,
            "enable_endpoint_independent_mapping": true,
            "icmp_idle_timeout_sec": 30,
            "id": "qwiklabs-gcp-04-c361fa218a2b/us-east1/nat-router-us-central1/nat-router-us-central1",
            "log_config": [
              {
                "enable": true,
                "filter": "ALL"
              }
            ],
            "max_ports_per_vm": 0,
            "min_ports_per_vm": 0,
            "name": "nat-router-us-central1",
            "nat_ip_allocate_option": "AUTO_ONLY",
            "nat_ips": [],
            "project": "qwiklabs-gcp-04-c361fa218a2b",
            "region": "us-east1",
            "router": "nat-router-us-central1",
            "rules": [],
            "source_subnetwork_ip_ranges_to_nat": "ALL_SUBNETWORKS_ALL_IP_RANGES",
            "subnetwork": [],
            "tcp_established_idle_timeout_sec": 1200,
            "tcp_time_wait_timeout_sec": 120,
            "tcp_transitory_idle_timeout_sec": 30,
            "timeouts": null,
            "udp_idle_timeout_sec": 30
          },
          "sensitive_attributes": [],
          "private": "eyJlMmJmYjczMC1lY2FhLTExZTYtOGY4OC0zNDM2M2JjN2M0YzAiOnsiY3JlYXRlIjoxMjAwMDAwMDAwMDAwLCJkZWxldGUiOjEyMDAwMDAwMDAwMDAsInVwZGF0ZSI6MTIwMDAwMDAwMDAwMH19",
          "dependencies": [
            "google_compute_network.griffin-dev-vpc",
            "google_compute_router.router"
          ]
        }
      ]
    },
    {
      "mode": "managed",
      "type": "google_compute_subnetwork",
      "name": "griffin-dev-mgmt",
      "provider": "provider[\"registry.terraform.io/hashicorp/google\"]",
      "instances": [
        {
          "schema_version": 0,
          "attributes": {
            "creation_timestamp": "2023-04-30T02:47:39.696-07:00",
            "description": "",
            "external_ipv6_prefix": "",
            "fingerprint": null,
            "gateway_address": "192.168.32.1",
            "id": "projects/qwiklabs-gcp-04-c361fa218a2b/regions/us-east1/subnetworks/griffin-dev-mgmt",
            "ip_cidr_range": "192.168.32.0/20",
            "ipv6_access_type": "",
            "ipv6_cidr_range": "",
            "log_config": [],
            "name": "griffin-dev-mgmt",
            "network": "https://www.googleapis.com/compute/v1/projects/qwiklabs-gcp-04-c361fa218a2b/global/networks/griffin-dev-vpc",
            "private_ip_google_access": false,
            "private_ipv6_google_access": "DISABLE_GOOGLE_ACCESS",
            "project": "qwiklabs-gcp-04-c361fa218a2b",
            "purpose": "PRIVATE",
            "region": "us-east1",
            "role": "",
            "secondary_ip_range": [],
            "self_link": "https://www.googleapis.com/compute/v1/projects/qwiklabs-gcp-04-c361fa218a2b/regions/us-east1/subnetworks/griffin-dev-mgmt",
            "stack_type": "IPV4_ONLY",
            "timeouts": null
          },
          "sensitive_attributes": [],
          "private": "eyJlMmJmYjczMC1lY2FhLTExZTYtOGY4OC0zNDM2M2JjN2M0YzAiOnsiY3JlYXRlIjoxMjAwMDAwMDAwMDAwLCJkZWxldGUiOjEyMDAwMDAwMDAwMDAsInVwZGF0ZSI6MTIwMDAwMDAwMDAwMH19",
          "dependencies": [
            "google_compute_network.griffin-dev-vpc"
          ]
        }
      ]
    },
    {
      "mode": "managed",
      "type": "google_compute_subnetwork",
      "name": "griffin-dev-wps",
      "provider": "provider[\"registry.terraform.io/hashicorp/google\"]",
      "instances": [
        {
          "schema_version": 0,
          "attributes": {
            "creation_timestamp": "2023-04-30T02:47:40.890-07:00",
            "description": "",
            "external_ipv6_prefix": "",
            "fingerprint": null,
            "gateway_address": "192.168.16.1",
            "id": "projects/qwiklabs-gcp-04-c361fa218a2b/regions/us-east1/subnetworks/griffin-dev-wp",
            "ip_cidr_range": "192.168.16.0/20",
            "ipv6_access_type": "",
            "ipv6_cidr_range": "",
            "log_config": [],
            "name": "griffin-dev-wp",
            "network": "https://www.googleapis.com/compute/v1/projects/qwiklabs-gcp-04-c361fa218a2b/global/networks/griffin-dev-vpc",
            "private_ip_google_access": true,
            "private_ipv6_google_access": "DISABLE_GOOGLE_ACCESS",
            "project": "qwiklabs-gcp-04-c361fa218a2b",
            "purpose": "PRIVATE",
            "region": "us-east1",
            "role": "",
            "secondary_ip_range": [],
            "self_link": "https://www.googleapis.com/compute/v1/projects/qwiklabs-gcp-04-c361fa218a2b/regions/us-east1/subnetworks/griffin-dev-wp",
            "stack_type": "IPV4_ONLY",
            "timeouts": null
          },
          "sensitive_attributes": [],
          "private": "eyJlMmJmYjczMC1lY2FhLTExZTYtOGY4OC0zNDM2M2JjN2M0YzAiOnsiY3JlYXRlIjoxMjAwMDAwMDAwMDAwLCJkZWxldGUiOjEyMDAwMDAwMDAwMDAsInVwZGF0ZSI6MTIwMDAwMDAwMDAwMH19",
          "dependencies": [
            "google_compute_network.griffin-dev-vpc"
          ]
        }
      ]
    },
    {
      "mode": "managed",
      "type": "google_compute_subnetwork",
      "name": "griffin-prod-mgmt",
      "provider": "provider[\"registry.terraform.io/hashicorp/google\"]",
      "instances": [
        {
          "schema_version": 0,
          "attributes": {
            "creation_timestamp": "2023-04-30T02:47:40.835-07:00",
            "description": "",
            "external_ipv6_prefix": "",
            "fingerprint": null,
            "gateway_address": "192.168.64.1",
            "id": "projects/qwiklabs-gcp-04-c361fa218a2b/regions/us-east1/subnetworks/griffin-prod-mgmt",
            "ip_cidr_range": "192.168.64.0/20",
            "ipv6_access_type": "",
            "ipv6_cidr_range": "",
            "log_config": [],
            "name": "griffin-prod-mgmt",
            "network": "https://www.googleapis.com/compute/v1/projects/qwiklabs-gcp-04-c361fa218a2b/global/networks/griffin-prod-vpc",
            "private_ip_google_access": false,
            "private_ipv6_google_access": "DISABLE_GOOGLE_ACCESS",
            "project": "qwiklabs-gcp-04-c361fa218a2b",
            "purpose": "PRIVATE",
            "region": "us-east1",
            "role": "",
            "secondary_ip_range": [],
            "self_link": "https://www.googleapis.com/compute/v1/projects/qwiklabs-gcp-04-c361fa218a2b/regions/us-east1/subnetworks/griffin-prod-mgmt",
            "stack_type": "IPV4_ONLY",
            "timeouts": null
          },
          "sensitive_attributes": [],
          "private": "eyJlMmJmYjczMC1lY2FhLTExZTYtOGY4OC0zNDM2M2JjN2M0YzAiOnsiY3JlYXRlIjoxMjAwMDAwMDAwMDAwLCJkZWxldGUiOjEyMDAwMDAwMDAwMDAsInVwZGF0ZSI6MTIwMDAwMDAwMDAwMH19",
          "dependencies": [
            "google_compute_network.griffin-prod-vpc"
          ]
        }
      ]
    },
    {
      "mode": "managed",
      "type": "google_compute_subnetwork",
      "name": "griffin-prod-wp",
      "provider": "provider[\"registry.terraform.io/hashicorp/google\"]",
      "instances": [
        {
          "schema_version": 0,
          "attributes": {
            "creation_timestamp": "2023-04-30T02:47:41.938-07:00",
            "description": "",
            "external_ipv6_prefix": "",
            "fingerprint": null,
            "gateway_address": "192.168.48.1",
            "id": "projects/qwiklabs-gcp-04-c361fa218a2b/regions/us-east1/subnetworks/griffin-prod-wp",
            "ip_cidr_range": "192.168.48.0/20",
            "ipv6_access_type": "",
            "ipv6_cidr_range": "",
            "log_config": [],
            "name": "griffin-prod-wp",
            "network": "https://www.googleapis.com/compute/v1/projects/qwiklabs-gcp-04-c361fa218a2b/global/networks/griffin-prod-vpc",
            "private_ip_google_access": false,
            "private_ipv6_google_access": "DISABLE_GOOGLE_ACCESS",
            "project": "qwiklabs-gcp-04-c361fa218a2b",
            "purpose": "PRIVATE",
            "region": "us-east1",
            "role": "",
            "secondary_ip_range": [],
            "self_link": "https://www.googleapis.com/compute/v1/projects/qwiklabs-gcp-04-c361fa218a2b/regions/us-east1/subnetworks/griffin-prod-wp",
            "stack_type": "IPV4_ONLY",
            "timeouts": null
          },
          "sensitive_attributes": [],
          "private": "eyJlMmJmYjczMC1lY2FhLTExZTYtOGY4OC0zNDM2M2JjN2M0YzAiOnsiY3JlYXRlIjoxMjAwMDAwMDAwMDAwLCJkZWxldGUiOjEyMDAwMDAwMDAwMDAsInVwZGF0ZSI6MTIwMDAwMDAwMDAwMH19",
          "dependencies": [
            "google_compute_network.griffin-prod-vpc"
          ]
        }
      ]
    },
    {
      "mode": "managed",
      "type": "google_container_cluster",
      "name": "griffin-dev",
      "provider": "provider[\"registry.terraform.io/hashicorp/google\"]",
      "instances": [
        {
          "schema_version": 1,
          "attributes": {
            "addons_config": [
              {
                "cloudrun_config": [],
                "config_connector_config": [],
                "dns_cache_config": [],
                "gce_persistent_disk_csi_driver_config": [
                  {
                    "enabled": true
                  }
                ],
                "gcp_filestore_csi_driver_config": [],
                "gke_backup_agent_config": [],
                "horizontal_pod_autoscaling": [],
                "http_load_balancing": [],
                "network_policy_config": [
                  {
                    "disabled": true
                  }
                ]
              }
            ],
            "authenticator_groups_config": [],
            "binary_authorization": [
              {
                "enabled": false,
                "evaluation_mode": ""
              }
            ],
            "cluster_autoscaling": [
              {
                "auto_provisioning_defaults": [],
                "enabled": false,
                "resource_limits": []
              }
            ],
            "cluster_ipv4_cidr": "10.200.0.0/14",
            "confidential_nodes": [],
            "cost_management_config": [],
            "database_encryption": [
              {
                "key_name": "",
                "state": "DECRYPTED"
              }
            ],
            "datapath_provider": "",
            "default_max_pods_per_node": null,
            "default_snat_status": [
              {
                "disabled": false
              }
            ],
            "description": "",
            "dns_config": [],
            "enable_autopilot": false,
            "enable_binary_authorization": false,
            "enable_intranode_visibility": false,
            "enable_kubernetes_alpha": false,
            "enable_l4_ilb_subsetting": false,
            "enable_legacy_abac": false,
            "enable_shielded_nodes": true,
            "enable_tpu": false,
            "endpoint": "34.75.139.106",
            "gateway_api_config": [],
            "id": "projects/qwiklabs-gcp-04-c361fa218a2b/locations/us-east1-b/clusters/griffin-dev",
            "initial_node_count": 1,
            "ip_allocation_policy": [],
            "label_fingerprint": "a9dc16a7",
            "location": "us-east1-b",
            "logging_config": [
              {
                "enable_components": [
                  "SYSTEM_COMPONENTS",
                  "WORKLOADS"
                ]
              }
            ],
            "logging_service": "logging.googleapis.com/kubernetes",
            "maintenance_policy": [],
            "master_auth": [
              {
                "client_certificate": "",
                "client_certificate_config": [
                  {
                    "issue_client_certificate": false
                  }
                ],
                "client_key": "",
                "cluster_ca_certificate": "LS0tLS1CRUdJTiBDRVJUSUZJQ0FURS0tLS0tCk1JSUVMVENDQXBXZ0F3SUJBZ0lSQUxRbTIrQTdBbTQycXlNamFNRFF4T293RFFZSktvWklodmNOQVFFTEJRQXcKTHpFdE1Dc0dBMVVFQXhNa1kyRTBObVF5WVdFdE56a3hNeTAwTm1NeUxXRTFNemN0T1RBd1pEazNaV0k0WTJVNApNQ0FYRFRJek1EUXpNREE0TlRjd01Gb1lEekl3TlRNd05ESXlNRGsxTnpBd1dqQXZNUzB3S3dZRFZRUURFeVJqCllUUTJaREpoWVMwM09URXpMVFEyWXpJdFlUVXpOeTA1TURCa09UZGxZamhqWlRnd2dnR2lNQTBHQ1NxR1NJYjMKRFFFQkFRVUFBNElCandBd2dnR0tBb0lCZ1FDYmlMZllzUWxHVHUzQXhKUWZZQnIvTEdWYXNCOWJDZlZvanJJUApmdDFFejJlSzE5U3dxQ1huK0dUbGJDRWlTcGhmclJKZUEvZG51T2JibVRCb3hKQXVBV2lrb2J3eURwcHpQWXU4Cm4rUW4xbWdieTk5S0FGbzF2eDJsbEpuTWVtWDdyNUg2ajhXZ1ZvVTloVWl5dG1Mci9VU3B1NzZvem5MdTB4YUcKWG4zV0lYODVDcGtaL2ZUM3laWUlMaVFFeUJtbVZwUUlGeUQ4eXlpNmlvY0E2aDI2ZGwyS2s3UVBQZ3EzYnN4dApITHhBUXMwQmxXOUx1WGVQWkpiZFBzMW0vYXZ6TER4a1ZXWjRqall6L1hPaXZzMkZDWm9MODFFdzhnNnFmUE1hCnZGSm94V3pmcEpFZkZhTldXQnFsQXdPbzlBTDIvN2FEM2hibmx5S3pVZkVIdk5DZmtJVE1jWG5WTXk2Zlg5ZGMKUnBoTkVpbGJiQm5FQ1k1SXlXdmFZY0tMRHBOeWxOblJLSG9EaUxNd1M5YlFmSVVVUVFocW5PdE40WjdSVFc0awplUnJKZmxPOWQraThYNzFUWVZVNHcwNW01ZHVIYjh2clF6MThyMk9JZXVDS3JrZnU2N1k0WmthU21PSDhJR1FlCm1MNGtkSmcvR1lyY0FSYXJ0N2h6Ris0d1FKc0NBd0VBQWFOQ01FQXdEZ1lEVlIwUEFRSC9CQVFEQWdJRU1BOEcKQTFVZEV3RUIvd1FGTUFNQkFmOHdIUVlEVlIwT0JCWUVGUHhqS283NEl3bzRnb3dlMk5TK0I5b3RzVU1nTUEwRwpDU3FHU0liM0RRRUJDd1VBQTRJQmdRQ0RnV3ZwRWN3ZkRCcW8raEd6UzMrRU5qOGV5Ky9hbnhmOGRncUtiTFE0CjBKU2NkdnplSUt3OUlYSktJTGNwa3JaRXBGZnFzKzg1SzFsUkxjazd2dXdMY0FoaWYyNGs1QXZkb2J1TTVMbEMKQmpBRFFKSmM0VHlVanpDazRiazl2SFZUMkx5cjVmcHlaOVlNVXFxRkR0WmJveVZxekYzSjlDRmJmL1ZZVlJrTwpvU1dhYkM4ZUFwRExLMWgyaTd6eWEyU0laNGp6ckdXL0VQRFhSTmRSMGlYV3VzSjU0R3NqTnR1aWQvQkxjb0x5Cjh4cVgvVDJqNHNsNEE0NWpobEFyKzdudGhLU2Z5ZUpUM0Q5RDdCWXBDNk9acnFqeVZMWHJQSVMvRm1hYmxQVkwKR1RuNkJxZVI0a1hieU5TN3BFRWE1NmgzbXEvWXVqRGlHN1RqMHcyMVozY3l3dEhjNHZETTdtb0FyNVhZaXJ3QQp5MXgzUXA1MWd1cy9rdWxFRGt1OW5CdlAyMDk3UytDU2VraXR6b2RrNGpySU00N0h0enpQQVhmYXNYY3VSNDgvCllMaUduSWFlNXdWZkUrZkg5aWtVc3c0R0RKMEttUUFwK2F6SGNQQjFvZkJnOHd6NmlSMWlUOXV6QldlZFdWV2wKc3M4aEF5b2w1aFBaTVBYWUlFYWlOZUU9Ci0tLS0tRU5EIENFUlRJRklDQVRFLS0tLS0K"
              }
            ],
            "master_authorized_networks_config": [],
            "master_version": "1.25.7-gke.1000",
            "mesh_certificates": [],
            "min_master_version": null,
            "monitoring_config": [
              {
                "enable_components": [
                  "SYSTEM_COMPONENTS"
                ],
                "managed_prometheus": []
              }
            ],
            "monitoring_service": "monitoring.googleapis.com/kubernetes",
            "name": "griffin-dev",
            "network": "projects/qwiklabs-gcp-04-c361fa218a2b/global/networks/griffin-dev-vpc",
            "network_policy": [
              {
                "enabled": false,
                "provider": "PROVIDER_UNSPECIFIED"
              }
            ],
            "networking_mode": "ROUTES",
            "node_config": [
              {
                "advanced_machine_features": [],
                "boot_disk_kms_key": "",
                "disk_size_gb": 100,
                "disk_type": "pd-balanced",
                "ephemeral_storage_local_ssd_config": [],
                "gcfs_config": [],
                "guest_accelerator": [],
                "gvnic": [],
                "image_type": "COS_CONTAINERD",
                "kubelet_config": [],
                "labels": {},
                "linux_node_config": [],
                "local_nvme_ssd_block_config": [],
                "local_ssd_count": 0,
                "logging_variant": "DEFAULT",
                "machine_type": "n1-standard-4",
                "metadata": {
                  "disable-legacy-endpoints": "true"
                },
                "min_cpu_platform": "",
                "node_group": "",
                "oauth_scopes": [
                  "https://www.googleapis.com/auth/devstorage.read_only",
                  "https://www.googleapis.com/auth/logging.write",
                  "https://www.googleapis.com/auth/monitoring",
                  "https://www.googleapis.com/auth/service.management.readonly",
                  "https://www.googleapis.com/auth/servicecontrol",
                  "https://www.googleapis.com/auth/trace.append"
                ],
                "preemptible": false,
                "reservation_affinity": [],
                "resource_labels": {},
                "service_account": "default",
                "shielded_instance_config": [
                  {
                    "enable_integrity_monitoring": true,
                    "enable_secure_boot": false
                  }
                ],
                "spot": false,
                "tags": [],
                "taint": [],
                "workload_metadata_config": []
              }
            ],
            "node_locations": [],
            "node_pool": [
              {
                "autoscaling": [],
                "initial_node_count": 2,
                "instance_group_urls": [
                  "https://www.googleapis.com/compute/v1/projects/qwiklabs-gcp-04-c361fa218a2b/zones/us-east1-b/instanceGroupManagers/gke-griffin-dev-griffin-dev-nodes-1-8c737298-grp"
                ],
                "managed_instance_group_urls": [
                  "https://www.googleapis.com/compute/v1/projects/qwiklabs-gcp-04-c361fa218a2b/zones/us-east1-b/instanceGroups/gke-griffin-dev-griffin-dev-nodes-1-8c737298-grp"
                ],
                "management": [
                  {
                    "auto_repair": true,
                    "auto_upgrade": true
                  }
                ],
                "max_pods_per_node": 0,
                "name": "griffin-dev-nodes-1",
                "name_prefix": "",
                "network_config": [
                  {
                    "create_pod_range": false,
                    "enable_private_nodes": false,
                    "pod_ipv4_cidr_block": "",
                    "pod_range": ""
                  }
                ],
                "node_config": [
                  {
                    "advanced_machine_features": [],
                    "boot_disk_kms_key": "",
                    "disk_size_gb": 100,
                    "disk_type": "pd-balanced",
                    "ephemeral_storage_local_ssd_config": [],
                    "gcfs_config": [],
                    "guest_accelerator": [],
                    "gvnic": [],
                    "image_type": "COS_CONTAINERD",
                    "kubelet_config": [],
                    "labels": {},
                    "linux_node_config": [],
                    "local_nvme_ssd_block_config": [],
                    "local_ssd_count": 0,
                    "logging_variant": "DEFAULT",
                    "machine_type": "n1-standard-4",
                    "metadata": {
                      "disable-legacy-endpoints": "true"
                    },
                    "min_cpu_platform": "",
                    "node_group": "",
                    "oauth_scopes": [
                      "https://www.googleapis.com/auth/devstorage.read_only",
                      "https://www.googleapis.com/auth/logging.write",
                      "https://www.googleapis.com/auth/monitoring",
                      "https://www.googleapis.com/auth/service.management.readonly",
                      "https://www.googleapis.com/auth/servicecontrol",
                      "https://www.googleapis.com/auth/trace.append"
                    ],
                    "preemptible": false,
                    "reservation_affinity": [],
                    "resource_labels": {},
                    "service_account": "default",
                    "shielded_instance_config": [
                      {
                        "enable_integrity_monitoring": true,
                        "enable_secure_boot": false
                      }
                    ],
                    "spot": false,
                    "tags": [],
                    "taint": [],
                    "workload_metadata_config": []
                  }
                ],
                "node_count": 2,
                "node_locations": [
                  "us-east1-b"
                ],
                "placement_policy": [],
                "upgrade_settings": [
                  {
                    "blue_green_settings": [],
                    "max_surge": 1,
                    "max_unavailable": 0,
                    "strategy": "SURGE"
                  }
                ],
                "version": "1.25.7-gke.1000"
              }
            ],
            "node_pool_defaults": [
              {
                "node_config_defaults": [
                  {
                    "logging_variant": "DEFAULT"
                  }
                ]
              }
            ],
            "node_version": "1.25.7-gke.1000",
            "notification_config": [
              {
                "pubsub": [
                  {
                    "enabled": false,
                    "filter": [],
                    "topic": ""
                  }
                ]
              }
            ],
            "operation": null,
            "private_cluster_config": [
              {
                "enable_private_endpoint": false,
                "enable_private_nodes": false,
                "master_global_access_config": [
                  {
                    "enabled": false
                  }
                ],
                "master_ipv4_cidr_block": "",
                "peering_name": "",
                "private_endpoint": "192.168.16.2",
                "private_endpoint_subnetwork": "",
                "public_endpoint": "34.75.139.106"
              }
            ],
            "private_ipv6_google_access": "",
            "project": "qwiklabs-gcp-04-c361fa218a2b",
            "release_channel": [
              {
                "channel": "REGULAR"
              }
            ],
            "remove_default_node_pool": true,
            "resource_labels": {},
            "resource_usage_export_config": [],
            "self_link": "https://container.googleapis.com/v1/projects/qwiklabs-gcp-04-c361fa218a2b/zones/us-east1-b/clusters/griffin-dev",
            "service_external_ips_config": [
              {
                "enabled": false
              }
            ],
            "services_ipv4_cidr": "10.203.240.0/20",
            "subnetwork": "projects/qwiklabs-gcp-04-c361fa218a2b/regions/us-east1/subnetworks/griffin-dev-wp",
            "timeouts": null,
            "tpu_ipv4_cidr_block": "",
            "vertical_pod_autoscaling": [],
            "workload_identity_config": []
          },
          "sensitive_attributes": [],
          "private": "eyJlMmJmYjczMC1lY2FhLTExZTYtOGY4OC0zNDM2M2JjN2M0YzAiOnsiY3JlYXRlIjoyNDAwMDAwMDAwMDAwLCJkZWxldGUiOjI0MDAwMDAwMDAwMDAsInJlYWQiOjI0MDAwMDAwMDAwMDAsInVwZGF0ZSI6MzYwMDAwMDAwMDAwMH0sInNjaGVtYV92ZXJzaW9uIjoiMSJ9",
          "dependencies": [
            "google_compute_network.griffin-dev-vpc",
            "google_compute_subnetwork.griffin-dev-wps"
          ]
        }
      ]
    },
    {
      "mode": "managed",
      "type": "google_container_node_pool",
      "name": "griffin-dev_nodes_1",
      "provider": "provider[\"registry.terraform.io/hashicorp/google\"]",
      "instances": [
        {
          "schema_version": 1,
          "attributes": {
            "autoscaling": [],
            "cluster": "projects/qwiklabs-gcp-04-c361fa218a2b/locations/us-east1-b/clusters/griffin-dev",
            "id": "projects/qwiklabs-gcp-04-c361fa218a2b/locations/us-east1-b/clusters/griffin-dev/nodePools/griffin-dev-nodes-1",
            "initial_node_count": 2,
            "instance_group_urls": [
              "https://www.googleapis.com/compute/v1/projects/qwiklabs-gcp-04-c361fa218a2b/zones/us-east1-b/instanceGroupManagers/gke-griffin-dev-griffin-dev-nodes-1-8c737298-grp"
            ],
            "location": "us-east1-b",
            "managed_instance_group_urls": [
              "https://www.googleapis.com/compute/v1/projects/qwiklabs-gcp-04-c361fa218a2b/zones/us-east1-b/instanceGroups/gke-griffin-dev-griffin-dev-nodes-1-8c737298-grp"
            ],
            "management": [
              {
                "auto_repair": true,
                "auto_upgrade": true
              }
            ],
            "max_pods_per_node": null,
            "name": "griffin-dev-nodes-1",
            "name_prefix": "",
            "network_config": [
              {
                "create_pod_range": false,
                "enable_private_nodes": false,
                "pod_ipv4_cidr_block": "",
                "pod_range": ""
              }
            ],
            "node_config": [
              {
                "advanced_machine_features": [],
                "boot_disk_kms_key": "",
                "disk_size_gb": 100,
                "disk_type": "pd-balanced",
                "ephemeral_storage_local_ssd_config": [],
                "gcfs_config": [],
                "guest_accelerator": [],
                "gvnic": [],
                "image_type": "COS_CONTAINERD",
                "kubelet_config": [],
                "labels": {},
                "linux_node_config": [],
                "local_nvme_ssd_block_config": [],
                "local_ssd_count": 0,
                "logging_variant": "DEFAULT",
                "machine_type": "n1-standard-4",
                "metadata": {
                  "disable-legacy-endpoints": "true"
                },
                "min_cpu_platform": "",
                "node_group": "",
                "oauth_scopes": [
                  "https://www.googleapis.com/auth/devstorage.read_only",
                  "https://www.googleapis.com/auth/logging.write",
                  "https://www.googleapis.com/auth/monitoring",
                  "https://www.googleapis.com/auth/service.management.readonly",
                  "https://www.googleapis.com/auth/servicecontrol",
                  "https://www.googleapis.com/auth/trace.append"
                ],
                "preemptible": false,
                "reservation_affinity": [],
                "resource_labels": {},
                "service_account": "default",
                "shielded_instance_config": [
                  {
                    "enable_integrity_monitoring": true,
                    "enable_secure_boot": false
                  }
                ],
                "spot": false,
                "tags": [],
                "taint": [],
                "workload_metadata_config": []
              }
            ],
            "node_count": 2,
            "node_locations": [
              "us-east1-b"
            ],
            "operation": null,
            "placement_policy": [],
            "project": "qwiklabs-gcp-04-c361fa218a2b",
            "timeouts": null,
            "upgrade_settings": [
              {
                "blue_green_settings": [],
                "max_surge": 1,
                "max_unavailable": 0,
                "strategy": "SURGE"
              }
            ],
            "version": "1.25.7-gke.1000"
          },
          "sensitive_attributes": [],
          "private": "eyJlMmJmYjczMC1lY2FhLTExZTYtOGY4OC0zNDM2M2JjN2M0YzAiOnsiY3JlYXRlIjoxODAwMDAwMDAwMDAwLCJkZWxldGUiOjE4MDAwMDAwMDAwMDAsInVwZGF0ZSI6MTgwMDAwMDAwMDAwMH0sInNjaGVtYV92ZXJzaW9uIjoiMSJ9",
          "dependencies": [
            "google_compute_network.griffin-dev-vpc",
            "google_compute_subnetwork.griffin-dev-wps",
            "google_container_cluster.griffin-dev"
          ]
        }
      ]
    },
    {
      "mode": "managed",
      "type": "google_monitoring_uptime_check_config",
      "name": "wordpress_site",
      "provider": "provider[\"registry.terraform.io/hashicorp/google\"]",
      "instances": [
        {
          "schema_version": 0,
          "attributes": {
            "checker_type": "STATIC_IP_CHECKERS",
            "content_matchers": [],
            "display_name": "wordpress-site",
            "http_check": [
              {
                "accepted_response_status_codes": [
                  {
                    "status_class": "STATUS_CLASS_2XX",
                    "status_value": 0
                  }
                ],
                "auth_info": [],
                "body": "",
                "content_type": "",
                "headers": {},
                "mask_headers": false,
                "path": "/",
                "port": 80,
                "request_method": "GET",
                "use_ssl": false,
                "validate_ssl": false
              }
            ],
            "id": "projects/qwiklabs-gcp-04-c361fa218a2b/uptimeCheckConfigs/wordpress-site-zEWIKEiPC14",
            "monitored_resource": [
              {
                "labels": {
                  "host": "34.23.45.121",
                  "project_id": "qwiklabs-gcp-04-c361fa218a2b"
                },
                "type": "uptime_url"
              }
            ],
            "name": "projects/qwiklabs-gcp-04-c361fa218a2b/uptimeCheckConfigs/wordpress-site-zEWIKEiPC14",
            "period": "300s",
            "project": "qwiklabs-gcp-04-c361fa218a2b",
            "resource_group": [],
            "selected_regions": [],
            "tcp_check": [],
            "timeout": "60s",
            "timeouts": null,
            "uptime_check_id": "wordpress-site-zEWIKEiPC14"
          },
          "sensitive_attributes": [],
          "private": "eyJlMmJmYjczMC1lY2FhLTExZTYtOGY4OC0zNDM2M2JjN2M0YzAiOnsiY3JlYXRlIjoxMjAwMDAwMDAwMDAwLCJkZWxldGUiOjEyMDAwMDAwMDAwMDAsInVwZGF0ZSI6MTIwMDAwMDAwMDAwMH19"
        }
      ]
    },
    {
      "mode": "managed",
      "type": "google_project_iam_member",
      "name": "editor_enginer",
      "provider": "provider[\"registry.terraform.io/hashicorp/google\"]",
      "instances": [
        {
          "schema_version": 0,
          "attributes": {
            "condition": [],
            "etag": "BwX6iyXlfgw=",
            "id": "qwiklabs-gcp-04-c361fa218a2b/roles/editor/user:student-02-30405ad0cff5@qwiklabs.net",
            "member": "user:student-02-30405ad0cff5@qwiklabs.net",
            "project": "qwiklabs-gcp-04-c361fa218a2b",
            "role": "roles/editor"
          },
          "sensitive_attributes": [],
          "private": "bnVsbA=="
        }
      ]
    },
    {
      "mode": "managed",
      "type": "google_service_networking_connection",
      "name": "private_vpc_connection",
      "provider": "provider[\"registry.terraform.io/hashicorp/google\"]",
      "instances": [
        {
          "schema_version": 0,
          "attributes": {
            "id": "projects%2Fqwiklabs-gcp-04-c361fa218a2b%2Fglobal%2Fnetworks%2Fgriffin-dev-vpc:servicenetworking.googleapis.com",
            "network": "projects/qwiklabs-gcp-04-c361fa218a2b/global/networks/griffin-dev-vpc",
            "peering": "servicenetworking-googleapis-com",
            "reserved_peering_ranges": [
              "private-ip-address"
            ],
            "service": "servicenetworking.googleapis.com",
            "timeouts": null
          },
          "sensitive_attributes": [],
          "private": "eyJlMmJmYjczMC1lY2FhLTExZTYtOGY4OC0zNDM2M2JjN2M0YzAiOnsiY3JlYXRlIjo2MDAwMDAwMDAwMDAsImRlbGV0ZSI6NjAwMDAwMDAwMDAwLCJ1cGRhdGUiOjYwMDAwMDAwMDAwMH19",
          "dependencies": [
            "google_compute_global_address.private_ip_address",
            "google_compute_network.griffin-dev-vpc"
          ]
        }
      ]
    },
    {
      "mode": "managed",
      "type": "google_sql_database_instance",
      "name": "griffin-dev-db",
      "provider": "provider[\"registry.terraform.io/hashicorp/google\"]",
      "instances": [
        {
          "schema_version": 0,
          "attributes": {
            "available_maintenance_versions": [],
            "clone": [],
            "connection_name": "qwiklabs-gcp-04-c361fa218a2b:us-east1:griffin-dev-db",
            "database_version": "MYSQL_5_7",
            "deletion_protection": true,
            "encryption_key_name": null,
            "first_ip_address": "34.148.112.38",
            "id": "griffin-dev-db",
            "instance_type": "CLOUD_SQL_INSTANCE",
            "ip_address": [
              {
                "ip_address": "34.148.112.38",
                "time_to_retire": "",
                "type": "PRIMARY"
              },
              {
                "ip_address": "10.165.0.2",
                "time_to_retire": "",
                "type": "PRIVATE"
              }
            ],
            "maintenance_version": "MYSQL_5_7_40.R20230314.03_02",
            "master_instance_name": "",
            "name": "griffin-dev-db",
            "private_ip_address": "10.165.0.2",
            "project": "qwiklabs-gcp-04-c361fa218a2b",
            "public_ip_address": "34.148.112.38",
            "region": "us-east1",
            "replica_configuration": [],
            "restore_backup_context": [],
            "root_password": "",
            "self_link": "https://sqladmin.googleapis.com/sql/v1beta4/projects/qwiklabs-gcp-04-c361fa218a2b/instances/griffin-dev-db",
            "server_ca_cert": [
              {
                "cert": "-----BEGIN CERTIFICATE-----\nMIIDfzCCAmegAwIBAgIBADANBgkqhkiG9w0BAQsFADB3MS0wKwYDVQQuEyQzY2M5\nN2E3Ni00N2RhLTQ0MGQtYjAzZS03NDA5OGNlMDU4MWMxIzAhBgNVBAMTGkdvb2ds\nZSBDbG91ZCBTUUwgU2VydmVyIENBMRQwEgYDVQQKEwtHb29nbGUsIEluYzELMAkG\nA1UEBhMCVVMwHhcNMjMwNDMwMDk1MjAxWhcNMzMwNDI3MDk1MzAxWjB3MS0wKwYD\nVQQuEyQzY2M5N2E3Ni00N2RhLTQ0MGQtYjAzZS03NDA5OGNlMDU4MWMxIzAhBgNV\nBAMTGkdvb2dsZSBDbG91ZCBTUUwgU2VydmVyIENBMRQwEgYDVQQKEwtHb29nbGUs\nIEluYzELMAkGA1UEBhMCVVMwggEiMA0GCSqGSIb3DQEBAQUAA4IBDwAwggEKAoIB\nAQC5SGaKZCHeFpXTCcCFqIKn97JcfqsbgqY8w68S2lQexCz3c2rOFAgbe/4LSgat\nyadIl68iPsh0Oh8i7e5UwkOAOpKWG0yQ6av/8VMSRJr+eFeCg7Kax776SdBdvDGW\n3eEe7n/faVURUjg3qb79ojsvZiye1xUMDkw+NYO4+A3gKbsj8Byjaq2/e5hd7Ap7\n9tD9/Vaq2onHi4z34T+aoBxTnDteSPNSJHYtYGhhH6YqS/nw/SQjSA2o3/pYBHfO\nqlQM9YqlzrNmcidgu6Ei391mmsh/Bw2+dJ3VyeqH1Uo3yrLRY4tvkSadt2d4W2nd\ndwe26COnJl5VfRQ7IQV5yjl3AgMBAAGjFjAUMBIGA1UdEwEB/wQIMAYBAf8CAQAw\nDQYJKoZIhvcNAQELBQADggEBAIIn9VkKzsxES2Ku8t7Hyk6crJUSeWWxDxNMUlFn\naSPYwLcmKkj0bo+yjT4m0hTWcQTLj//XA69R0z1iO9oS45nsWLywhhhfpPMecpKh\nqFLTn8SwoD6Fe1nkJO3jt/26FOm6lFE6krFRGgEnHIvnWISGKsF6nQWkPxS4QR3w\nHUJBCio5FBxSNxbiwaXYtwBEvU6BHFtiAMoEqHtmnbLNyAIgSj9wp3mSFnQUrSkg\nfxdfAIbb5vw/3wQqxTZPWp9gISNpW2UgOhPIefTmp6eYQclACEHg7Z04aw2rylWN\nDuaEBRV3/7rOUPtVXQU55Z1DCyG9Xv/X/PZnlBpcaItn/6Q=\n-----END CERTIFICATE-----",
                "common_name": "C=US,O=Google\\, Inc,CN=Google Cloud SQL Server CA,dnQualifier=3cc97a76-47da-440d-b03e-74098ce0581c",
                "create_time": "2023-04-30T09:52:01.067Z",
                "expiration_time": "2033-04-27T09:53:01.067Z",
                "sha1_fingerprint": "eb8e67f497a16ee976c45671321ad22c48c47102"
              }
            ],
            "service_account_email_address": "p285856707122-ij2i98@gcp-sa-cloud-sql.iam.gserviceaccount.com",
            "settings": [
              {
                "activation_policy": "ALWAYS",
                "active_directory_config": [],
                "availability_type": "REGIONAL",
                "backup_configuration": [
                  {
                    "backup_retention_settings": [
                      {
                        "retained_backups": 7,
                        "retention_unit": "COUNT"
                      }
                    ],
                    "binary_log_enabled": true,
                    "enabled": true,
                    "location": "",
                    "point_in_time_recovery_enabled": false,
                    "start_time": "04:00",
                    "transaction_log_retention_days": 7
                  }
                ],
                "collation": "",
                "connector_enforcement": "NOT_REQUIRED",
                "database_flags": [],
                "deletion_protection_enabled": false,
                "deny_maintenance_period": [],
                "disk_autoresize": true,
                "disk_autoresize_limit": 0,
                "disk_size": 10,
                "disk_type": "PD_SSD",
                "insights_config": [],
                "ip_configuration": [
                  {
                    "allocated_ip_range": "",
                    "authorized_networks": [],
                    "enable_private_path_for_google_cloud_services": false,
                    "ipv4_enabled": true,
                    "private_network": "projects/qwiklabs-gcp-04-c361fa218a2b/global/networks/griffin-dev-vpc",
                    "require_ssl": false
                  }
                ],
                "location_preference": [
                  {
                    "follow_gae_application": "",
                    "secondary_zone": "",
                    "zone": "us-east1-c"
                  }
                ],
                "maintenance_window": [],
                "password_validation_policy": [],
                "pricing_plan": "PER_USE",
                "sql_server_audit_config": [],
                "tier": "db-n1-standard-1",
                "time_zone": "",
                "user_labels": {},
                "version": 17
              }
            ],
            "timeouts": null
          },
          "sensitive_attributes": [],
          "private": "eyJlMmJmYjczMC1lY2FhLTExZTYtOGY4OC0zNDM2M2JjN2M0YzAiOnsiY3JlYXRlIjoyNDAwMDAwMDAwMDAwLCJkZWxldGUiOjE4MDAwMDAwMDAwMDAsInVwZGF0ZSI6MTgwMDAwMDAwMDAwMH19",
          "dependencies": [
            "google_compute_global_address.private_ip_address",
            "google_compute_network.griffin-dev-vpc",
            "google_service_networking_connection.private_vpc_connection"
          ]
        }
      ]
    },
    {
      "mode": "managed",
      "type": "google_sql_user",
      "name": "root",
      "provider": "provider[\"registry.terraform.io/hashicorp/google\"]",
      "instances": [
        {
          "schema_version": 1,
          "attributes": {
            "deletion_policy": null,
            "host": "%",
            "id": "root/%/griffin-dev-db",
            "instance": "griffin-dev-db",
            "name": "root",
            "password": "allo",
            "password_policy": [],
            "project": "qwiklabs-gcp-04-c361fa218a2b",
            "sql_server_user_details": [],
            "timeouts": null,
            "type": ""
          },
          "sensitive_attributes": [],
          "private": "eyJlMmJmYjczMC1lY2FhLTExZTYtOGY4OC0zNDM2M2JjN2M0YzAiOnsiY3JlYXRlIjo2MDAwMDAwMDAwMDAsImRlbGV0ZSI6NjAwMDAwMDAwMDAwLCJ1cGRhdGUiOjYwMDAwMDAwMDAwMH0sInNjaGVtYV92ZXJzaW9uIjoiMSJ9",
          "dependencies": [
            "google_compute_global_address.private_ip_address",
            "google_compute_network.griffin-dev-vpc",
            "google_service_networking_connection.private_vpc_connection",
            "google_sql_database_instance.griffin-dev-db"
          ]
        }
      ]
    }
  ],
  "check_results": null
}
