{
  "version": 4,
  "terraform_version": "1.4.2",
  "serial": 72,
  "lineage": "22a8ef6c-659e-f26d-ca30-08b1d64d3dc1",
  "outputs": {},
  "resources": [
    {
      "mode": "data",
      "type": "google_compute_default_service_account",
      "name": "default",
      "provider": "provider[\"registry.terraform.io/hashicorp/google\"]",
      "instances": [
        {
          "schema_version": 0,
          "attributes": {
            "display_name": "Compute Engine default service account",
            "email": "25228164250-compute@developer.gserviceaccount.com",
            "id": "projects/qwiklabs-gcp-00-d6b4b4474987/serviceAccounts/25228164250-compute@developer.gserviceaccount.com",
            "name": "projects/qwiklabs-gcp-00-d6b4b4474987/serviceAccounts/25228164250-compute@developer.gserviceaccount.com",
            "project": "qwiklabs-gcp-00-d6b4b4474987",
            "unique_id": "117175439038036065610"
          },
          "sensitive_attributes": []
        }
      ]
    },
    {
      "mode": "data",
      "type": "google_compute_image",
      "name": "mywebserver",
      "provider": "provider[\"registry.terraform.io/hashicorp/google\"]",
      "instances": [
        {
          "schema_version": 0,
          "attributes": {
            "archive_size_bytes": 586006976,
            "creation_timestamp": "2023-04-27T04:40:27.946-07:00",
            "description": "",
            "disk_size_gb": 10,
            "family": "",
            "filter": null,
            "id": "projects/qwiklabs-gcp-00-d6b4b4474987/global/images/mywebserver",
            "image_encryption_key_sha256": "",
            "image_id": "5000165899385692613",
            "label_fingerprint": "42WmSpB8rSM=",
            "labels": {},
            "licenses": [
              "https://www.googleapis.com/compute/v1/projects/debian-cloud/global/licenses/debian-10-buster"
            ],
            "name": "mywebserver",
            "project": "qwiklabs-gcp-00-d6b4b4474987",
            "self_link": "https://www.googleapis.com/compute/v1/projects/qwiklabs-gcp-00-d6b4b4474987/global/images/mywebserver",
            "source_disk": "https://www.googleapis.com/compute/v1/projects/qwiklabs-gcp-00-d6b4b4474987/zones/us-central1-a/disks/webserver",
            "source_disk_encryption_key_sha256": "",
            "source_disk_id": "1211179887254561004",
            "source_image_id": "",
            "status": "READY"
          },
          "sensitive_attributes": []
        }
      ]
    },
    {
      "mode": "managed",
      "type": "google_compute_backend_service",
      "name": "http-backend",
      "provider": "provider[\"registry.terraform.io/hashicorp/google\"]",
      "instances": [
        {
          "schema_version": 1,
          "attributes": {
            "affinity_cookie_ttl_sec": 0,
            "backend": [
              {
                "balancing_mode": "RATE",
                "capacity_scaler": 1,
                "description": "",
                "group": "https://www.googleapis.com/compute/v1/projects/qwiklabs-gcp-00-d6b4b4474987/regions/us-central1/instanceGroups/us-central1-mig",
                "max_connections": 0,
                "max_connections_per_endpoint": 0,
                "max_connections_per_instance": 0,
                "max_rate": 0,
                "max_rate_per_endpoint": 0,
                "max_rate_per_instance": 50,
                "max_utilization": 0
              },
              {
                "balancing_mode": "UTILIZATION",
                "capacity_scaler": 1,
                "description": "",
                "group": "https://www.googleapis.com/compute/v1/projects/qwiklabs-gcp-00-d6b4b4474987/regions/europe-west1/instanceGroups/europe-west1-mig",
                "max_connections": 0,
                "max_connections_per_endpoint": 0,
                "max_connections_per_instance": 0,
                "max_rate": 0,
                "max_rate_per_endpoint": 0,
                "max_rate_per_instance": 0,
                "max_utilization": 0.8
              }
            ],
            "cdn_policy": [],
            "circuit_breakers": [],
            "compression_mode": "",
            "connection_draining_timeout_sec": 300,
            "consistent_hash": [],
            "creation_timestamp": "2023-04-27T04:58:25.338-07:00",
            "custom_request_headers": [],
            "custom_response_headers": [],
            "description": "",
            "edge_security_policy": "",
            "enable_cdn": false,
            "fingerprint": "GyOtocbLhRk=",
            "generated_id": 2820012303475793294,
            "health_checks": [
              "https://www.googleapis.com/compute/v1/projects/qwiklabs-gcp-00-d6b4b4474987/global/healthChecks/http-health-check"
            ],
            "iap": [],
            "id": "projects/qwiklabs-gcp-00-d6b4b4474987/global/backendServices/http-backend",
            "load_balancing_scheme": "EXTERNAL",
            "locality_lb_policies": [],
            "locality_lb_policy": "",
            "log_config": [
              {
                "enable": true,
                "sample_rate": 1
              }
            ],
            "name": "http-backend",
            "outlier_detection": [],
            "port_name": "http",
            "project": "qwiklabs-gcp-00-d6b4b4474987",
            "protocol": "HTTP",
            "security_policy": "",
            "security_settings": [],
            "self_link": "https://www.googleapis.com/compute/v1/projects/qwiklabs-gcp-00-d6b4b4474987/global/backendServices/http-backend",
            "session_affinity": "NONE",
            "timeout_sec": 30,
            "timeouts": null
          },
          "sensitive_attributes": [],
          "private": "eyJlMmJmYjczMC1lY2FhLTExZTYtOGY4OC0zNDM2M2JjN2M0YzAiOnsiY3JlYXRlIjoxMjAwMDAwMDAwMDAwLCJkZWxldGUiOjEyMDAwMDAwMDAwMDAsInVwZGF0ZSI6MTIwMDAwMDAwMDAwMH0sInNjaGVtYV92ZXJzaW9uIjoiMSJ9",
          "dependencies": [
            "data.google_compute_image.mywebserver",
            "google_compute_health_check.http-health-check",
            "google_compute_instance_template.mywebserver-template",
            "google_compute_region_instance_group_manager.europe-west1-mig",
            "google_compute_region_instance_group_manager.us-central1-mig"
          ]
        }
      ]
    },
    {
      "mode": "managed",
      "type": "google_compute_firewall",
      "name": "fw-allow-health-checks",
      "provider": "provider[\"registry.terraform.io/hashicorp/google\"]",
      "instances": [
        {
          "schema_version": 1,
          "attributes": {
            "allow": [
              {
                "ports": [
                  "80"
                ],
                "protocol": "tcp"
              }
            ],
            "creation_timestamp": "2023-04-27T04:33:13.036-07:00",
            "deny": [],
            "description": "",
            "destination_ranges": [],
            "direction": "INGRESS",
            "disabled": false,
            "enable_logging": null,
            "id": "projects/qwiklabs-gcp-00-d6b4b4474987/global/firewalls/fw-allow-health-checks",
            "log_config": [],
            "name": "fw-allow-health-checks",
            "network": "https://www.googleapis.com/compute/v1/projects/qwiklabs-gcp-00-d6b4b4474987/global/networks/default",
            "priority": 1000,
            "project": "qwiklabs-gcp-00-d6b4b4474987",
            "self_link": "https://www.googleapis.com/compute/v1/projects/qwiklabs-gcp-00-d6b4b4474987/global/firewalls/fw-allow-health-checks",
            "source_ranges": [
              "130.211.0.0/22",
              "35.191.0.0/16"
            ],
            "source_service_accounts": [],
            "source_tags": [],
            "target_service_accounts": [],
            "target_tags": [
              "allow-health-checks"
            ],
            "timeouts": null
          },
          "sensitive_attributes": [],
          "private": "eyJlMmJmYjczMC1lY2FhLTExZTYtOGY4OC0zNDM2M2JjN2M0YzAiOnsiY3JlYXRlIjoxMjAwMDAwMDAwMDAwLCJkZWxldGUiOjEyMDAwMDAwMDAwMDAsInVwZGF0ZSI6MTIwMDAwMDAwMDAwMH0sInNjaGVtYV92ZXJzaW9uIjoiMSJ9"
        }
      ]
    },
    {
      "mode": "managed",
      "type": "google_compute_global_address",
      "name": "lb-ipv4",
      "provider": "provider[\"registry.terraform.io/hashicorp/google-beta\"]",
      "instances": [
        {
          "schema_version": 0,
          "attributes": {
            "address": "35.244.252.31",
            "address_type": "EXTERNAL",
            "creation_timestamp": "2023-04-27T05:04:11.504-07:00",
            "description": "",
            "id": "projects/qwiklabs-gcp-00-d6b4b4474987/global/addresses/lb-ipv4-1",
            "ip_version": "",
            "label_fingerprint": "42WmSpB8rSM=",
            "labels": {},
            "name": "lb-ipv4-1",
            "network": "",
            "prefix_length": 0,
            "project": "qwiklabs-gcp-00-d6b4b4474987",
            "purpose": "",
            "self_link": "https://www.googleapis.com/compute/v1/projects/qwiklabs-gcp-00-d6b4b4474987/global/addresses/lb-ipv4-1",
            "timeouts": null
          },
          "sensitive_attributes": [],
          "private": "eyJlMmJmYjczMC1lY2FhLTExZTYtOGY4OC0zNDM2M2JjN2M0YzAiOnsiY3JlYXRlIjoxMjAwMDAwMDAwMDAwLCJkZWxldGUiOjEyMDAwMDAwMDAwMDAsInVwZGF0ZSI6MTIwMDAwMDAwMDAwMH19"
        }
      ]
    },
    {
      "mode": "managed",
      "type": "google_compute_global_address",
      "name": "lb-ipv6",
      "provider": "provider[\"registry.terraform.io/hashicorp/google-beta\"]",
      "instances": [
        {
          "schema_version": 0,
          "attributes": {
            "address": "2600:1901:0:e4ef::",
            "address_type": "EXTERNAL",
            "creation_timestamp": "2023-04-27T05:04:12.034-07:00",
            "description": "",
            "id": "projects/qwiklabs-gcp-00-d6b4b4474987/global/addresses/lb-ipv6-1",
            "ip_version": "IPV6",
            "label_fingerprint": "42WmSpB8rSM=",
            "labels": {},
            "name": "lb-ipv6-1",
            "network": "",
            "prefix_length": 0,
            "project": "qwiklabs-gcp-00-d6b4b4474987",
            "purpose": "",
            "self_link": "https://www.googleapis.com/compute/v1/projects/qwiklabs-gcp-00-d6b4b4474987/global/addresses/lb-ipv6-1",
            "timeouts": null
          },
          "sensitive_attributes": [],
          "private": "eyJlMmJmYjczMC1lY2FhLTExZTYtOGY4OC0zNDM2M2JjN2M0YzAiOnsiY3JlYXRlIjoxMjAwMDAwMDAwMDAwLCJkZWxldGUiOjEyMDAwMDAwMDAwMDAsInVwZGF0ZSI6MTIwMDAwMDAwMDAwMH19"
        }
      ]
    },
    {
      "mode": "managed",
      "type": "google_compute_global_forwarding_rule",
      "name": "http-content-rule-ipv4",
      "provider": "provider[\"registry.terraform.io/hashicorp/google\"]",
      "instances": [
        {
          "schema_version": 0,
          "attributes": {
            "description": "",
            "id": "projects/qwiklabs-gcp-00-d6b4b4474987/global/forwardingRules/http-content-rule-ipv4",
            "ip_address": "35.244.252.31",
            "ip_protocol": "TCP",
            "ip_version": "",
            "label_fingerprint": "42WmSpB8rSM=",
            "labels": {},
            "load_balancing_scheme": "EXTERNAL",
            "metadata_filters": [],
            "name": "http-content-rule-ipv4",
            "network": "",
            "port_range": "80",
            "project": "qwiklabs-gcp-00-d6b4b4474987",
            "psc_connection_id": "",
            "psc_connection_status": "",
            "self_link": "https://www.googleapis.com/compute/v1/projects/qwiklabs-gcp-00-d6b4b4474987/global/forwardingRules/http-content-rule-ipv4",
            "target": "https://www.googleapis.com/compute/v1/projects/qwiklabs-gcp-00-d6b4b4474987/global/targetHttpProxies/http-lb-proxy-ipv4",
            "timeouts": null
          },
          "sensitive_attributes": [],
          "private": "eyJlMmJmYjczMC1lY2FhLTExZTYtOGY4OC0zNDM2M2JjN2M0YzAiOnsiY3JlYXRlIjoxMjAwMDAwMDAwMDAwLCJkZWxldGUiOjEyMDAwMDAwMDAwMDAsInVwZGF0ZSI6MTIwMDAwMDAwMDAwMH19",
          "dependencies": [
            "data.google_compute_image.mywebserver",
            "google_compute_backend_service.http-backend",
            "google_compute_global_address.lb-ipv4",
            "google_compute_health_check.http-health-check",
            "google_compute_instance_template.mywebserver-template",
            "google_compute_region_instance_group_manager.europe-west1-mig",
            "google_compute_region_instance_group_manager.us-central1-mig",
            "google_compute_target_http_proxy.http-lb-proxy-ipv4",
            "google_compute_url_map.http-lb"
          ]
        }
      ]
    },
    {
      "mode": "managed",
      "type": "google_compute_global_forwarding_rule",
      "name": "http-content-rule-ipv6",
      "provider": "provider[\"registry.terraform.io/hashicorp/google\"]",
      "instances": [
        {
          "schema_version": 0,
          "attributes": {
            "description": "",
            "id": "projects/qwiklabs-gcp-00-d6b4b4474987/global/forwardingRules/http-content-rule-ipv6",
            "ip_address": "2600:1901:0:e4ef::",
            "ip_protocol": "TCP",
            "ip_version": "",
            "label_fingerprint": "42WmSpB8rSM=",
            "labels": {},
            "load_balancing_scheme": "EXTERNAL",
            "metadata_filters": [],
            "name": "http-content-rule-ipv6",
            "network": "",
            "port_range": "80",
            "project": "qwiklabs-gcp-00-d6b4b4474987",
            "psc_connection_id": "",
            "psc_connection_status": "",
            "self_link": "https://www.googleapis.com/compute/v1/projects/qwiklabs-gcp-00-d6b4b4474987/global/forwardingRules/http-content-rule-ipv6",
            "target": "https://www.googleapis.com/compute/v1/projects/qwiklabs-gcp-00-d6b4b4474987/global/targetHttpProxies/http-lb-proxy-ipv6",
            "timeouts": null
          },
          "sensitive_attributes": [],
          "private": "eyJlMmJmYjczMC1lY2FhLTExZTYtOGY4OC0zNDM2M2JjN2M0YzAiOnsiY3JlYXRlIjoxMjAwMDAwMDAwMDAwLCJkZWxldGUiOjEyMDAwMDAwMDAwMDAsInVwZGF0ZSI6MTIwMDAwMDAwMDAwMH19",
          "dependencies": [
            "data.google_compute_image.mywebserver",
            "google_compute_backend_service.http-backend",
            "google_compute_global_address.lb-ipv6",
            "google_compute_health_check.http-health-check",
            "google_compute_instance_template.mywebserver-template",
            "google_compute_region_instance_group_manager.europe-west1-mig",
            "google_compute_region_instance_group_manager.us-central1-mig",
            "google_compute_target_http_proxy.http-lb-proxy-ipv6",
            "google_compute_url_map.http-lb"
          ]
        }
      ]
    },
    {
      "mode": "managed",
      "type": "google_compute_health_check",
      "name": "http-health-check",
      "provider": "provider[\"registry.terraform.io/hashicorp/google\"]",
      "instances": [
        {
          "schema_version": 0,
          "attributes": {
            "check_interval_sec": 5,
            "creation_timestamp": "2023-04-27T04:48:37.596-07:00",
            "description": "",
            "grpc_health_check": [],
            "healthy_threshold": 2,
            "http2_health_check": [],
            "http_health_check": [],
            "https_health_check": [],
            "id": "projects/qwiklabs-gcp-00-d6b4b4474987/global/healthChecks/http-health-check",
            "log_config": [
              {
                "enable": false
              }
            ],
            "name": "http-health-check",
            "project": "qwiklabs-gcp-00-d6b4b4474987",
            "self_link": "https://www.googleapis.com/compute/v1/projects/qwiklabs-gcp-00-d6b4b4474987/global/healthChecks/http-health-check",
            "ssl_health_check": [],
            "tcp_health_check": [
              {
                "port": 80,
                "port_name": "",
                "port_specification": "",
                "proxy_header": "NONE",
                "request": "",
                "response": ""
              }
            ],
            "timeout_sec": 5,
            "timeouts": null,
            "type": "TCP",
            "unhealthy_threshold": 2
          },
          "sensitive_attributes": [],
          "private": "eyJlMmJmYjczMC1lY2FhLTExZTYtOGY4OC0zNDM2M2JjN2M0YzAiOnsiY3JlYXRlIjoxMjAwMDAwMDAwMDAwLCJkZWxldGUiOjEyMDAwMDAwMDAwMDAsInVwZGF0ZSI6MTIwMDAwMDAwMDAwMH19"
        }
      ]
    },
    {
      "mode": "managed",
      "type": "google_compute_instance",
      "name": "webserver",
      "provider": "provider[\"registry.terraform.io/hashicorp/google\"]",
      "instances": [
        {
          "schema_version": 6,
          "attributes": {
            "advanced_machine_features": [],
            "allow_stopping_for_update": null,
            "attached_disk": [],
            "boot_disk": [
              {
                "auto_delete": false,
                "device_name": "persistent-disk-0",
                "disk_encryption_key_raw": "",
                "disk_encryption_key_sha256": "",
                "initialize_params": [
                  {
                    "image": "https://www.googleapis.com/compute/v1/projects/debian-cloud/global/images/debian-10-buster-v20230411",
                    "labels": {},
                    "size": 10,
                    "type": "pd-standard"
                  }
                ],
                "kms_key_self_link": "",
                "mode": "READ_WRITE",
                "source": "https://www.googleapis.com/compute/v1/projects/qwiklabs-gcp-00-d6b4b4474987/zones/us-central1-a/disks/webserver"
              }
            ],
            "can_ip_forward": false,
            "confidential_instance_config": [],
            "cpu_platform": "Unknown CPU Platform",
            "current_status": "TERMINATED",
            "deletion_protection": false,
            "description": "",
            "desired_status": "TERMINATED",
            "enable_display": false,
            "guest_accelerator": [],
            "hostname": "",
            "id": "projects/qwiklabs-gcp-00-d6b4b4474987/zones/us-central1-a/instances/webserver",
            "instance_id": "8400554463259517164",
            "label_fingerprint": "42WmSpB8rSM=",
            "labels": {},
            "machine_type": "f1-micro",
            "metadata": {},
            "metadata_fingerprint": "VmDvxjD50EE=",
            "metadata_startup_script": null,
            "min_cpu_platform": "",
            "name": "webserver",
            "network_interface": [
              {
                "access_config": [],
                "alias_ip_range": [],
                "ipv6_access_config": [],
                "ipv6_access_type": "",
                "name": "nic0",
                "network": "https://www.googleapis.com/compute/v1/projects/qwiklabs-gcp-00-d6b4b4474987/global/networks/default",
                "network_ip": "10.128.0.2",
                "nic_type": "",
                "queue_count": 0,
                "stack_type": "IPV4_ONLY",
                "subnetwork": "https://www.googleapis.com/compute/v1/projects/qwiklabs-gcp-00-d6b4b4474987/regions/us-central1/subnetworks/default",
                "subnetwork_project": "qwiklabs-gcp-00-d6b4b4474987"
              }
            ],
            "project": "qwiklabs-gcp-00-d6b4b4474987",
            "reservation_affinity": [],
            "resource_policies": [],
            "scheduling": [
              {
                "automatic_restart": true,
                "instance_termination_action": "",
                "min_node_cpus": 0,
                "node_affinities": [],
                "on_host_maintenance": "MIGRATE",
                "preemptible": false,
                "provisioning_model": "STANDARD"
              }
            ],
            "scratch_disk": [],
            "self_link": "https://www.googleapis.com/compute/v1/projects/qwiklabs-gcp-00-d6b4b4474987/zones/us-central1-a/instances/webserver",
            "service_account": [
              {
                "email": "25228164250-compute@developer.gserviceaccount.com",
                "scopes": [
                  "https://www.googleapis.com/auth/devstorage.read_only",
                  "https://www.googleapis.com/auth/logging.write",
                  "https://www.googleapis.com/auth/monitoring.write",
                  "https://www.googleapis.com/auth/service.management.readonly",
                  "https://www.googleapis.com/auth/servicecontrol",
                  "https://www.googleapis.com/auth/trace.append"
                ]
              }
            ],
            "shielded_instance_config": [
              {
                "enable_integrity_monitoring": true,
                "enable_secure_boot": false,
                "enable_vtpm": true
              }
            ],
            "tags": [
              "allow-health-checks"
            ],
            "tags_fingerprint": "DPTFiyF5goQ=",
            "timeouts": null,
            "zone": "us-central1-a"
          },
          "sensitive_attributes": [],
          "private": "eyJlMmJmYjczMC1lY2FhLTExZTYtOGY4OC0zNDM2M2JjN2M0YzAiOnsiY3JlYXRlIjoxMjAwMDAwMDAwMDAwLCJkZWxldGUiOjEyMDAwMDAwMDAwMDAsInVwZGF0ZSI6MTIwMDAwMDAwMDAwMH0sInNjaGVtYV92ZXJzaW9uIjoiNiJ9",
          "dependencies": [
            "data.google_compute_default_service_account.default"
          ]
        }
      ]
    },
    {
      "mode": "managed",
      "type": "google_compute_instance_template",
      "name": "mywebserver-template",
      "provider": "provider[\"registry.terraform.io/hashicorp/google\"]",
      "instances": [
        {
          "schema_version": 1,
          "attributes": {
            "advanced_machine_features": [],
            "can_ip_forward": false,
            "confidential_instance_config": [],
            "description": "",
            "disk": [
              {
                "auto_delete": true,
                "boot": true,
                "device_name": "persistent-disk-0",
                "disk_encryption_key": [],
                "disk_name": "",
                "disk_size_gb": 0,
                "disk_type": "pd-standard",
                "interface": "SCSI",
                "labels": {},
                "mode": "READ_WRITE",
                "resource_policies": [],
                "source": "",
                "source_image": "projects/qwiklabs-gcp-00-d6b4b4474987/global/images/mywebserver",
                "source_image_encryption_key": [],
                "source_snapshot": "",
                "source_snapshot_encryption_key": [],
                "type": "PERSISTENT"
              }
            ],
            "guest_accelerator": [],
            "id": "projects/qwiklabs-gcp-00-d6b4b4474987/global/instanceTemplates/mywebserver-template",
            "instance_description": "",
            "labels": null,
            "machine_type": "f1-micro",
            "metadata": {},
            "metadata_fingerprint": "VmDvxjD50EE=",
            "metadata_startup_script": null,
            "min_cpu_platform": "",
            "name": "mywebserver-template",
            "name_prefix": null,
            "network_interface": [
              {
                "access_config": [],
                "alias_ip_range": [],
                "ipv6_access_config": [],
                "ipv6_access_type": "",
                "name": "nic0",
                "network": "https://www.googleapis.com/compute/v1/projects/qwiklabs-gcp-00-d6b4b4474987/global/networks/default",
                "network_ip": "",
                "nic_type": "",
                "queue_count": 0,
                "stack_type": "",
                "subnetwork": "",
                "subnetwork_project": ""
              }
            ],
            "project": "qwiklabs-gcp-00-d6b4b4474987",
            "region": null,
            "reservation_affinity": [],
            "resource_policies": null,
            "scheduling": [
              {
                "automatic_restart": true,
                "instance_termination_action": "",
                "min_node_cpus": 0,
                "node_affinities": [],
                "on_host_maintenance": "MIGRATE",
                "preemptible": false,
                "provisioning_model": "STANDARD"
              }
            ],
            "self_link": "https://www.googleapis.com/compute/v1/projects/qwiklabs-gcp-00-d6b4b4474987/global/instanceTemplates/mywebserver-template",
            "self_link_unique": "https://www.googleapis.com/compute/v1/projects/qwiklabs-gcp-00-d6b4b4474987/global/instanceTemplates/mywebserver-template?uniqueId=7161905338410066324",
            "service_account": [],
            "shielded_instance_config": [],
            "tags": [
              "allow-health-checks"
            ],
            "tags_fingerprint": "",
            "timeouts": null
          },
          "sensitive_attributes": [],
          "private": "eyJlMmJmYjczMC1lY2FhLTExZTYtOGY4OC0zNDM2M2JjN2M0YzAiOnsiY3JlYXRlIjoyNDAwMDAwMDAwMDAsImRlbGV0ZSI6MjQwMDAwMDAwMDAwfSwic2NoZW1hX3ZlcnNpb24iOiIxIn0=",
          "dependencies": [
            "data.google_compute_image.mywebserver"
          ]
        }
      ]
    },
    {
      "mode": "managed",
      "type": "google_compute_region_autoscaler",
      "name": "europe-west1-mig-scale",
      "provider": "provider[\"registry.terraform.io/hashicorp/google\"]",
      "instances": [
        {
          "schema_version": 0,
          "attributes": {
            "autoscaling_policy": [
              {
                "cooldown_period": 60,
                "cpu_utilization": [],
                "load_balancing_utilization": [
                  {
                    "target": 0.8
                  }
                ],
                "max_replicas": 2,
                "metric": [],
                "min_replicas": 1,
                "mode": "ON",
                "scale_in_control": [],
                "scaling_schedules": []
              }
            ],
            "creation_timestamp": "2023-04-27T04:50:46.770-07:00",
            "description": "",
            "id": "projects/qwiklabs-gcp-00-d6b4b4474987/regions/europe-west1/autoscalers/europe-west1-mig-scale",
            "name": "europe-west1-mig-scale",
            "project": "qwiklabs-gcp-00-d6b4b4474987",
            "region": "https://www.googleapis.com/compute/v1/projects/qwiklabs-gcp-00-d6b4b4474987/regions/europe-west1",
            "self_link": "https://www.googleapis.com/compute/v1/projects/qwiklabs-gcp-00-d6b4b4474987/regions/europe-west1/autoscalers/europe-west1-mig-scale",
            "target": "https://www.googleapis.com/compute/v1/projects/qwiklabs-gcp-00-d6b4b4474987/regions/europe-west1/instanceGroupManagers/europe-west1-mig",
            "timeouts": null
          },
          "sensitive_attributes": [],
          "private": "eyJlMmJmYjczMC1lY2FhLTExZTYtOGY4OC0zNDM2M2JjN2M0YzAiOnsiY3JlYXRlIjoxMjAwMDAwMDAwMDAwLCJkZWxldGUiOjEyMDAwMDAwMDAwMDAsInVwZGF0ZSI6MTIwMDAwMDAwMDAwMH19",
          "dependencies": [
            "data.google_compute_image.mywebserver",
            "google_compute_health_check.http-health-check",
            "google_compute_instance_template.mywebserver-template",
            "google_compute_region_instance_group_manager.europe-west1-mig"
          ]
        }
      ]
    },
    {
      "mode": "managed",
      "type": "google_compute_region_autoscaler",
      "name": "us-central1-mig-scale",
      "provider": "provider[\"registry.terraform.io/hashicorp/google\"]",
      "instances": [
        {
          "schema_version": 0,
          "attributes": {
            "autoscaling_policy": [
              {
                "cooldown_period": 60,
                "cpu_utilization": [],
                "load_balancing_utilization": [
                  {
                    "target": 0.8
                  }
                ],
                "max_replicas": 2,
                "metric": [],
                "min_replicas": 1,
                "mode": "ON",
                "scale_in_control": [],
                "scaling_schedules": []
              }
            ],
            "creation_timestamp": "2023-04-27T04:50:48.706-07:00",
            "description": "",
            "id": "projects/qwiklabs-gcp-00-d6b4b4474987/regions/us-central1/autoscalers/us-central1-mig-scale",
            "name": "us-central1-mig-scale",
            "project": "qwiklabs-gcp-00-d6b4b4474987",
            "region": "https://www.googleapis.com/compute/v1/projects/qwiklabs-gcp-00-d6b4b4474987/regions/us-central1",
            "self_link": "https://www.googleapis.com/compute/v1/projects/qwiklabs-gcp-00-d6b4b4474987/regions/us-central1/autoscalers/us-central1-mig-scale",
            "target": "https://www.googleapis.com/compute/v1/projects/qwiklabs-gcp-00-d6b4b4474987/regions/us-central1/instanceGroupManagers/us-central1-mig",
            "timeouts": null
          },
          "sensitive_attributes": [],
          "private": "eyJlMmJmYjczMC1lY2FhLTExZTYtOGY4OC0zNDM2M2JjN2M0YzAiOnsiY3JlYXRlIjoxMjAwMDAwMDAwMDAwLCJkZWxldGUiOjEyMDAwMDAwMDAwMDAsInVwZGF0ZSI6MTIwMDAwMDAwMDAwMH19",
          "dependencies": [
            "data.google_compute_image.mywebserver",
            "google_compute_health_check.http-health-check",
            "google_compute_instance_template.mywebserver-template",
            "google_compute_region_instance_group_manager.us-central1-mig"
          ]
        }
      ]
    },
    {
      "mode": "managed",
      "type": "google_compute_region_instance_group_manager",
      "name": "europe-west1-mig",
      "provider": "provider[\"registry.terraform.io/hashicorp/google\"]",
      "instances": [
        {
          "schema_version": 0,
          "attributes": {
            "auto_healing_policies": [
              {
                "health_check": "https://www.googleapis.com/compute/v1/projects/qwiklabs-gcp-00-d6b4b4474987/global/healthChecks/http-health-check",
                "initial_delay_sec": 60
              }
            ],
            "base_instance_name": "europe-west1-backend",
            "description": "",
            "distribution_policy_target_shape": "EVEN",
            "distribution_policy_zones": [
              "europe-west1-b",
              "europe-west1-c",
              "europe-west1-d"
            ],
            "fingerprint": "gt7TaYbAdZI=",
            "id": "projects/qwiklabs-gcp-00-d6b4b4474987/regions/europe-west1/instanceGroupManagers/europe-west1-mig",
            "instance_group": "https://www.googleapis.com/compute/v1/projects/qwiklabs-gcp-00-d6b4b4474987/regions/europe-west1/instanceGroups/europe-west1-mig",
            "list_managed_instances_results": "PAGELESS",
            "name": "europe-west1-mig",
            "named_port": [
              {
                "name": "http",
                "port": 80
              }
            ],
            "project": "qwiklabs-gcp-00-d6b4b4474987",
            "region": "europe-west1",
            "self_link": "https://www.googleapis.com/compute/v1/projects/qwiklabs-gcp-00-d6b4b4474987/regions/europe-west1/instanceGroupManagers/europe-west1-mig",
            "stateful_disk": [],
            "status": [
              {
                "is_stable": true,
                "stateful": [
                  {
                    "has_stateful_config": false,
                    "per_instance_configs": [
                      {
                        "all_effective": true
                      }
                    ]
                  }
                ],
                "version_target": [
                  {
                    "is_reached": true
                  }
                ]
              }
            ],
            "target_pools": [],
            "target_size": 1,
            "timeouts": null,
            "update_policy": [
              {
                "instance_redistribution_type": "PROACTIVE",
                "max_surge_fixed": 3,
                "max_surge_percent": 0,
                "max_unavailable_fixed": 3,
                "max_unavailable_percent": 0,
                "minimal_action": "REPLACE",
                "most_disruptive_allowed_action": "",
                "replacement_method": "SUBSTITUTE",
                "type": "OPPORTUNISTIC"
              }
            ],
            "version": [
              {
                "instance_template": "https://www.googleapis.com/compute/v1/projects/qwiklabs-gcp-00-d6b4b4474987/global/instanceTemplates/mywebserver-template",
                "name": "",
                "target_size": []
              }
            ],
            "wait_for_instances": false,
            "wait_for_instances_status": "STABLE"
          },
          "sensitive_attributes": [],
          "private": "eyJlMmJmYjczMC1lY2FhLTExZTYtOGY4OC0zNDM2M2JjN2M0YzAiOnsiY3JlYXRlIjo5MDAwMDAwMDAwMDAsImRlbGV0ZSI6OTAwMDAwMDAwMDAwLCJ1cGRhdGUiOjkwMDAwMDAwMDAwMH19",
          "dependencies": [
            "data.google_compute_image.mywebserver",
            "google_compute_health_check.http-health-check",
            "google_compute_instance_template.mywebserver-template"
          ]
        }
      ]
    },
    {
      "mode": "managed",
      "type": "google_compute_region_instance_group_manager",
      "name": "us-central1-mig",
      "provider": "provider[\"registry.terraform.io/hashicorp/google\"]",
      "instances": [
        {
          "schema_version": 0,
          "attributes": {
            "auto_healing_policies": [
              {
                "health_check": "https://www.googleapis.com/compute/v1/projects/qwiklabs-gcp-00-d6b4b4474987/global/healthChecks/http-health-check",
                "initial_delay_sec": 60
              }
            ],
            "base_instance_name": "us-central1-backend",
            "description": "",
            "distribution_policy_target_shape": "EVEN",
            "distribution_policy_zones": [
              "us-central1-b",
              "us-central1-c",
              "us-central1-f"
            ],
            "fingerprint": "zJEOhJTTnis=",
            "id": "projects/qwiklabs-gcp-00-d6b4b4474987/regions/us-central1/instanceGroupManagers/us-central1-mig",
            "instance_group": "https://www.googleapis.com/compute/v1/projects/qwiklabs-gcp-00-d6b4b4474987/regions/us-central1/instanceGroups/us-central1-mig",
            "list_managed_instances_results": "PAGELESS",
            "name": "us-central1-mig",
            "named_port": [
              {
                "name": "http",
                "port": 80
              }
            ],
            "project": "qwiklabs-gcp-00-d6b4b4474987",
            "region": "us-central1",
            "self_link": "https://www.googleapis.com/compute/v1/projects/qwiklabs-gcp-00-d6b4b4474987/regions/us-central1/instanceGroupManagers/us-central1-mig",
            "stateful_disk": [],
            "status": [
              {
                "is_stable": true,
                "stateful": [
                  {
                    "has_stateful_config": false,
                    "per_instance_configs": [
                      {
                        "all_effective": true
                      }
                    ]
                  }
                ],
                "version_target": [
                  {
                    "is_reached": true
                  }
                ]
              }
            ],
            "target_pools": [],
            "target_size": 1,
            "timeouts": null,
            "update_policy": [
              {
                "instance_redistribution_type": "PROACTIVE",
                "max_surge_fixed": 3,
                "max_surge_percent": 0,
                "max_unavailable_fixed": 3,
                "max_unavailable_percent": 0,
                "minimal_action": "REPLACE",
                "most_disruptive_allowed_action": "",
                "replacement_method": "SUBSTITUTE",
                "type": "OPPORTUNISTIC"
              }
            ],
            "version": [
              {
                "instance_template": "https://www.googleapis.com/compute/v1/projects/qwiklabs-gcp-00-d6b4b4474987/global/instanceTemplates/mywebserver-template",
                "name": "",
                "target_size": []
              }
            ],
            "wait_for_instances": false,
            "wait_for_instances_status": "STABLE"
          },
          "sensitive_attributes": [],
          "private": "eyJlMmJmYjczMC1lY2FhLTExZTYtOGY4OC0zNDM2M2JjN2M0YzAiOnsiY3JlYXRlIjo5MDAwMDAwMDAwMDAsImRlbGV0ZSI6OTAwMDAwMDAwMDAwLCJ1cGRhdGUiOjkwMDAwMDAwMDAwMH19",
          "dependencies": [
            "data.google_compute_image.mywebserver",
            "google_compute_health_check.http-health-check",
            "google_compute_instance_template.mywebserver-template"
          ]
        }
      ]
    },
    {
      "mode": "managed",
      "type": "google_compute_router",
      "name": "nat-router-us-central1",
      "provider": "provider[\"registry.terraform.io/hashicorp/google\"]",
      "instances": [
        {
          "schema_version": 0,
          "attributes": {
            "bgp": [],
            "creation_timestamp": "2023-04-27T04:37:14.094-07:00",
            "description": "",
            "encrypted_interconnect_router": false,
            "id": "projects/qwiklabs-gcp-00-d6b4b4474987/regions/us-central1/routers/nat-router-us-central1",
            "name": "nat-router-us-central1",
            "network": "https://www.googleapis.com/compute/v1/projects/qwiklabs-gcp-00-d6b4b4474987/global/networks/default",
            "project": "qwiklabs-gcp-00-d6b4b4474987",
            "region": "us-central1",
            "self_link": "https://www.googleapis.com/compute/v1/projects/qwiklabs-gcp-00-d6b4b4474987/regions/us-central1/routers/nat-router-us-central1",
            "timeouts": null
          },
          "sensitive_attributes": [],
          "private": "eyJlMmJmYjczMC1lY2FhLTExZTYtOGY4OC0zNDM2M2JjN2M0YzAiOnsiY3JlYXRlIjoxMjAwMDAwMDAwMDAwLCJkZWxldGUiOjEyMDAwMDAwMDAwMDAsInVwZGF0ZSI6MTIwMDAwMDAwMDAwMH19"
        }
      ]
    },
    {
      "mode": "managed",
      "type": "google_compute_router_nat",
      "name": "nat-config",
      "provider": "provider[\"registry.terraform.io/hashicorp/google\"]",
      "instances": [
        {
          "schema_version": 0,
          "attributes": {
            "drain_nat_ips": [],
            "enable_dynamic_port_allocation": false,
            "enable_endpoint_independent_mapping": true,
            "icmp_idle_timeout_sec": 30,
            "id": "qwiklabs-gcp-00-d6b4b4474987/us-central1/nat-router-us-central1/nat-config",
            "log_config": [
              {
                "enable": true,
                "filter": "ALL"
              }
            ],
            "max_ports_per_vm": 0,
            "min_ports_per_vm": 0,
            "name": "nat-config",
            "nat_ip_allocate_option": "AUTO_ONLY",
            "nat_ips": [],
            "project": "qwiklabs-gcp-00-d6b4b4474987",
            "region": "us-central1",
            "router": "nat-router-us-central1",
            "rules": [],
            "source_subnetwork_ip_ranges_to_nat": "ALL_SUBNETWORKS_ALL_IP_RANGES",
            "subnetwork": [],
            "tcp_established_idle_timeout_sec": 1200,
            "tcp_time_wait_timeout_sec": 120,
            "tcp_transitory_idle_timeout_sec": 30,
            "timeouts": null,
            "udp_idle_timeout_sec": 30
          },
          "sensitive_attributes": [],
          "private": "eyJlMmJmYjczMC1lY2FhLTExZTYtOGY4OC0zNDM2M2JjN2M0YzAiOnsiY3JlYXRlIjoxMjAwMDAwMDAwMDAwLCJkZWxldGUiOjEyMDAwMDAwMDAwMDAsInVwZGF0ZSI6MTIwMDAwMDAwMDAwMH19",
          "dependencies": [
            "google_compute_router.nat-router-us-central1"
          ]
        }
      ]
    },
    {
      "mode": "managed",
      "type": "google_compute_target_http_proxy",
      "name": "http-lb-proxy-ipv4",
      "provider": "provider[\"registry.terraform.io/hashicorp/google\"]",
      "instances": [
        {
          "schema_version": 0,
          "attributes": {
            "creation_timestamp": "2023-04-27T05:07:37.020-07:00",
            "description": "",
            "id": "projects/qwiklabs-gcp-00-d6b4b4474987/global/targetHttpProxies/http-lb-proxy-ipv4",
            "name": "http-lb-proxy-ipv4",
            "project": "qwiklabs-gcp-00-d6b4b4474987",
            "proxy_bind": false,
            "proxy_id": 2844804804623457126,
            "self_link": "https://www.googleapis.com/compute/v1/projects/qwiklabs-gcp-00-d6b4b4474987/global/targetHttpProxies/http-lb-proxy-ipv4",
            "timeouts": null,
            "url_map": "https://www.googleapis.com/compute/v1/projects/qwiklabs-gcp-00-d6b4b4474987/global/urlMaps/http-lb"
          },
          "sensitive_attributes": [],
          "private": "eyJlMmJmYjczMC1lY2FhLTExZTYtOGY4OC0zNDM2M2JjN2M0YzAiOnsiY3JlYXRlIjoxMjAwMDAwMDAwMDAwLCJkZWxldGUiOjEyMDAwMDAwMDAwMDAsInVwZGF0ZSI6MTIwMDAwMDAwMDAwMH19",
          "dependencies": [
            "data.google_compute_image.mywebserver",
            "google_compute_backend_service.http-backend",
            "google_compute_health_check.http-health-check",
            "google_compute_instance_template.mywebserver-template",
            "google_compute_region_instance_group_manager.europe-west1-mig",
            "google_compute_region_instance_group_manager.us-central1-mig",
            "google_compute_url_map.http-lb"
          ]
        }
      ]
    },
    {
      "mode": "managed",
      "type": "google_compute_target_http_proxy",
      "name": "http-lb-proxy-ipv6",
      "provider": "provider[\"registry.terraform.io/hashicorp/google\"]",
      "instances": [
        {
          "schema_version": 0,
          "attributes": {
            "creation_timestamp": "2023-04-27T05:07:37.032-07:00",
            "description": "",
            "id": "projects/qwiklabs-gcp-00-d6b4b4474987/global/targetHttpProxies/http-lb-proxy-ipv6",
            "name": "http-lb-proxy-ipv6",
            "project": "qwiklabs-gcp-00-d6b4b4474987",
            "proxy_bind": false,
            "proxy_id": 451495104254303078,
            "self_link": "https://www.googleapis.com/compute/v1/projects/qwiklabs-gcp-00-d6b4b4474987/global/targetHttpProxies/http-lb-proxy-ipv6",
            "timeouts": null,
            "url_map": "https://www.googleapis.com/compute/v1/projects/qwiklabs-gcp-00-d6b4b4474987/global/urlMaps/http-lb"
          },
          "sensitive_attributes": [],
          "private": "eyJlMmJmYjczMC1lY2FhLTExZTYtOGY4OC0zNDM2M2JjN2M0YzAiOnsiY3JlYXRlIjoxMjAwMDAwMDAwMDAwLCJkZWxldGUiOjEyMDAwMDAwMDAwMDAsInVwZGF0ZSI6MTIwMDAwMDAwMDAwMH19",
          "dependencies": [
            "data.google_compute_image.mywebserver",
            "google_compute_backend_service.http-backend",
            "google_compute_health_check.http-health-check",
            "google_compute_instance_template.mywebserver-template",
            "google_compute_region_instance_group_manager.europe-west1-mig",
            "google_compute_region_instance_group_manager.us-central1-mig",
            "google_compute_url_map.http-lb"
          ]
        }
      ]
    },
    {
      "mode": "managed",
      "type": "google_compute_url_map",
      "name": "http-lb",
      "provider": "provider[\"registry.terraform.io/hashicorp/google\"]",
      "instances": [
        {
          "schema_version": 0,
          "attributes": {
            "creation_timestamp": "2023-04-27T05:05:32.719-07:00",
            "default_route_action": [],
            "default_service": "https://www.googleapis.com/compute/v1/projects/qwiklabs-gcp-00-d6b4b4474987/global/backendServices/http-backend",
            "default_url_redirect": [],
            "description": "",
            "fingerprint": "0xkEn4M3vcs=",
            "header_action": [],
            "host_rule": [],
            "id": "projects/qwiklabs-gcp-00-d6b4b4474987/global/urlMaps/http-lb",
            "map_id": 9109769476406500323,
            "name": "http-lb",
            "path_matcher": [],
            "project": "qwiklabs-gcp-00-d6b4b4474987",
            "self_link": "https://www.googleapis.com/compute/v1/projects/qwiklabs-gcp-00-d6b4b4474987/global/urlMaps/http-lb",
            "test": [],
            "timeouts": null
          },
          "sensitive_attributes": [],
          "private": "eyJlMmJmYjczMC1lY2FhLTExZTYtOGY4OC0zNDM2M2JjN2M0YzAiOnsiY3JlYXRlIjoxMjAwMDAwMDAwMDAwLCJkZWxldGUiOjEyMDAwMDAwMDAwMDAsInVwZGF0ZSI6MTIwMDAwMDAwMDAwMH19",
          "dependencies": [
            "data.google_compute_image.mywebserver",
            "google_compute_backend_service.http-backend",
            "google_compute_health_check.http-health-check",
            "google_compute_instance_template.mywebserver-template",
            "google_compute_region_instance_group_manager.europe-west1-mig",
            "google_compute_region_instance_group_manager.us-central1-mig"
          ]
        }
      ]
    }
  ],
  "check_results": null
}
