{
  "version": 4,
  "terraform_version": "1.4.2",
  "serial": 8,
  "lineage": "34bff688-9f61-93d7-62a6-64094b4fef8e",
  "outputs": {},
  "resources": [
    {
      "mode": "managed",
      "type": "google_pubsub_topic",
      "name": "default",
      "provider": "provider[\"registry.terraform.io/hashicorp/google\"]",
      "instances": [
        {
          "schema_version": 0,
          "attributes": {
            "id": "projects/qwiklabs-gcp-00-dda72955671e/topics/memories-topic-518",
            "kms_key_name": "",
            "labels": {},
            "message_retention_duration": "",
            "message_storage_policy": [
              {
                "allowed_persistence_regions": [
                  "asia-east1",
                  "asia-northeast1",
                  "asia-south1",
                  "asia-southeast1",
                  "australia-southeast1",
                  "europe-central2",
                  "europe-north1",
                  "europe-west1",
                  "europe-west12",
                  "europe-west2",
                  "europe-west3",
                  "europe-west4",
                  "europe-west5",
                  "me-central1",
                  "me-west1",
                  "southamerica-west1",
                  "us-central1",
                  "us-central2",
                  "us-east1",
                  "us-east4",
                  "us-east5",
                  "us-east7",
                  "us-south1",
                  "us-west1",
                  "us-west2",
                  "us-west3",
                  "us-west4"
                ]
              }
            ],
            "name": "memories-topic-518",
            "project": "qwiklabs-gcp-00-dda72955671e",
            "schema_settings": [],
            "timeouts": null
          },
          "sensitive_attributes": [],
          "private": "eyJlMmJmYjczMC1lY2FhLTExZTYtOGY4OC0zNDM2M2JjN2M0YzAiOnsiY3JlYXRlIjoxMjAwMDAwMDAwMDAwLCJkZWxldGUiOjEyMDAwMDAwMDAwMDAsInVwZGF0ZSI6MTIwMDAwMDAwMDAwMH19"
        }
      ]
    },
    {
      "mode": "managed",
      "type": "google_storage_bucket",
      "name": "code-storage",
      "provider": "provider[\"registry.terraform.io/hashicorp/google\"]",
      "instances": [
        {
          "schema_version": 0,
          "attributes": {
            "autoclass": [],
            "cors": [],
            "custom_placement_config": [],
            "default_event_based_hold": false,
            "encryption": [],
            "force_destroy": false,
            "id": "jesuisunbucketpourstockerducode",
            "labels": {},
            "lifecycle_rule": [],
            "location": "US",
            "logging": [],
            "name": "jesuisunbucketpourstockerducode",
            "project": "qwiklabs-gcp-00-dda72955671e",
            "public_access_prevention": "inherited",
            "requester_pays": false,
            "retention_policy": [],
            "self_link": "https://www.googleapis.com/storage/v1/b/jesuisunbucketpourstockerducode",
            "storage_class": "STANDARD",
            "timeouts": null,
            "uniform_bucket_level_access": true,
            "url": "gs://jesuisunbucketpourstockerducode",
            "versioning": [],
            "website": []
          },
          "sensitive_attributes": [],
          "private": "eyJlMmJmYjczMC1lY2FhLTExZTYtOGY4OC0zNDM2M2JjN2M0YzAiOnsiY3JlYXRlIjo2MDAwMDAwMDAwMDAsInJlYWQiOjI0MDAwMDAwMDAwMCwidXBkYXRlIjoyNDAwMDAwMDAwMDB9fQ=="
        }
      ]
    },
    {
      "mode": "managed",
      "type": "google_storage_bucket",
      "name": "image-storage",
      "provider": "provider[\"registry.terraform.io/hashicorp/google\"]",
      "instances": [
        {
          "schema_version": 0,
          "attributes": {
            "autoclass": [],
            "cors": [],
            "custom_placement_config": [],
            "default_event_based_hold": false,
            "encryption": [],
            "force_destroy": false,
            "id": "memories-bucket-83227",
            "labels": {},
            "lifecycle_rule": [],
            "location": "US",
            "logging": [],
            "name": "memories-bucket-83227",
            "project": "qwiklabs-gcp-00-dda72955671e",
            "public_access_prevention": "inherited",
            "requester_pays": false,
            "retention_policy": [],
            "self_link": "https://www.googleapis.com/storage/v1/b/memories-bucket-83227",
            "storage_class": "STANDARD",
            "timeouts": null,
            "uniform_bucket_level_access": false,
            "url": "gs://memories-bucket-83227",
            "versioning": [],
            "website": []
          },
          "sensitive_attributes": [],
          "private": "eyJlMmJmYjczMC1lY2FhLTExZTYtOGY4OC0zNDM2M2JjN2M0YzAiOnsiY3JlYXRlIjo2MDAwMDAwMDAwMDAsInJlYWQiOjI0MDAwMDAwMDAwMCwidXBkYXRlIjoyNDAwMDAwMDAwMDB9fQ=="
        }
      ]
    },
    {
      "mode": "managed",
      "type": "google_storage_bucket_object",
      "name": "archive",
      "provider": "provider[\"registry.terraform.io/hashicorp/google\"]",
      "instances": [
        {
          "schema_version": 0,
          "attributes": {
            "bucket": "jesuisunbucketpourstockerducode",
            "cache_control": "",
            "content": null,
            "content_disposition": "",
            "content_encoding": "zip",
            "content_language": "",
            "content_type": "application/zip",
            "crc32c": "pkr29A==",
            "customer_encryption": [],
            "detect_md5hash": "xLniZVXC1bVoJR8cY5RmLg==",
            "event_based_hold": false,
            "id": "jesuisunbucketpourstockerducode-code.zip",
            "kms_key_name": "",
            "md5hash": "xLniZVXC1bVoJR8cY5RmLg==",
            "media_link": "https://storage.googleapis.com/download/storage/v1/b/jesuisunbucketpourstockerducode/o/code.zip?generation=1682334747837037\u0026alt=media",
            "metadata": {},
            "name": "code.zip",
            "output_name": "code.zip",
            "self_link": "https://www.googleapis.com/storage/v1/b/jesuisunbucketpourstockerducode/o/code.zip",
            "source": "./code.zip",
            "storage_class": "STANDARD",
            "temporary_hold": false,
            "timeouts": null
          },
          "sensitive_attributes": [],
          "private": "eyJlMmJmYjczMC1lY2FhLTExZTYtOGY4OC0zNDM2M2JjN2M0YzAiOnsiY3JlYXRlIjoyNDAwMDAwMDAwMDAsImRlbGV0ZSI6MjQwMDAwMDAwMDAwLCJ1cGRhdGUiOjI0MDAwMDAwMDAwMH19",
          "dependencies": [
            "google_storage_bucket.code-storage"
          ]
        }
      ]
    }
  ],
  "check_results": null
}
