{
  "version": 4,
  "terraform_version": "1.4.2",
  "serial": 4,
  "lineage": "b876729c-6731-1ce5-49a6-0b59d5a643a5",
  "outputs": {},
  "resources": [
    {
      "mode": "managed",
      "type": "google_container_cluster",
      "name": "primary",
      "provider": "provider[\"registry.terraform.io/hashicorp/google\"]",
      "instances": [
        {
          "schema_version": 1,
          "attributes": {
            "addons_config": [
              {
                "cloudrun_config": [],
                "config_connector_config": [],
                "dns_cache_config": [],
                "gce_persistent_disk_csi_driver_config": [
                  {
                    "enabled": true
                  }
                ],
                "gcp_filestore_csi_driver_config": [],
                "gke_backup_agent_config": [],
                "horizontal_pod_autoscaling": [],
                "http_load_balancing": [],
                "network_policy_config": [
                  {
                    "disabled": true
                  }
                ]
              }
            ],
            "authenticator_groups_config": [],
            "binary_authorization": [
              {
                "enabled": false,
                "evaluation_mode": ""
              }
            ],
            "cluster_autoscaling": [
              {
                "auto_provisioning_defaults": [],
                "enabled": false,
                "resource_limits": []
              }
            ],
            "cluster_ipv4_cidr": "10.0.0.0/14",
            "confidential_nodes": [],
            "cost_management_config": [],
            "database_encryption": [
              {
                "key_name": "",
                "state": "DECRYPTED"
              }
            ],
            "datapath_provider": "",
            "default_max_pods_per_node": null,
            "default_snat_status": [
              {
                "disabled": false
              }
            ],
            "description": "",
            "dns_config": [],
            "enable_autopilot": false,
            "enable_binary_authorization": false,
            "enable_intranode_visibility": false,
            "enable_kubernetes_alpha": false,
            "enable_l4_ilb_subsetting": false,
            "enable_legacy_abac": false,
            "enable_shielded_nodes": true,
            "enable_tpu": false,
            "endpoint": "34.75.25.236",
            "gateway_api_config": [],
            "id": "projects/qwiklabs-gcp-01-6002b8d1ccdd/locations/us-east1-c/clusters/webfrontend",
            "initial_node_count": 1,
            "ip_allocation_policy": [],
            "label_fingerprint": "a9dc16a7",
            "location": "us-east1-c",
            "logging_config": [
              {
                "enable_components": [
                  "SYSTEM_COMPONENTS",
                  "WORKLOADS"
                ]
              }
            ],
            "logging_service": "logging.googleapis.com/kubernetes",
            "maintenance_policy": [],
            "master_auth": [
              {
                "client_certificate": "",
                "client_certificate_config": [
                  {
                    "issue_client_certificate": false
                  }
                ],
                "client_key": "",
                "cluster_ca_certificate": "LS0tLS1CRUdJTiBDRVJUSUZJQ0FURS0tLS0tCk1JSUVMRENDQXBTZ0F3SUJBZ0lRRjZSZk1FeEtwNUI3dWlZZFkzQ0tNakFOQmdrcWhraUc5dzBCQVFzRkFEQXYKTVMwd0t3WURWUVFERXlRMk9EWmpaRGM1TnkwNFlqZ3lMVFE0WWpRdFlqUm1PUzB4TjJRMU1XTmxaVFJtT0dFdwpJQmNOTWpNd05ERTBNVGd6TmpRNFdoZ1BNakExTXpBME1EWXhPVE0yTkRoYU1DOHhMVEFyQmdOVkJBTVRKRFk0Ck5tTmtOemszTFRoaU9ESXRORGhpTkMxaU5HWTVMVEUzWkRVeFkyVmxOR1k0WVRDQ0FhSXdEUVlKS29aSWh2Y04KQVFFQkJRQURnZ0dQQURDQ0FZb0NnZ0dCQU5RVnF4aW95eEppa2xkdCs2c1d5S1gyUjAyNEVvUmRmNDZORnVqdgpQZjI5RGl0eTJsN3YwMXZobXcwK3JFMTljcC9jcU9WdURuRnljZ1NwaUtEc0w3NXlsQlNWWHprL1lzTHJ6V1ZRCjRpUGVnM0pKcEVkakR3WHRMb2lDMnN5a01xaWI3Nk5PUjFZK00wd1FUNXUxQk9oY2hYbEZQWk85R1dBRnk4REEKcHgyaG8zY1ZQdHlzNkZsbExkTTc5NTV4WkNHMmxIbnMzclJrbVpETGxIcXNrbzNIRW9yTUNqQm13c2tCeEMrVwpOazJGdVNwOFdGUU5oZlBTcEJ2NDc4cWN2bFZOVjhpcnJSWE9pV3pLUEhzODRmM0R5MHhXSEMwekVuVHZ5N3MrCk1hRVhRWnJnUG9RR2kxRkp2Y1R2YlVBdFA4NE9JYVdNbkpQeWZtV0RndktadlBYeTUwQVlzNExJWWI2UE5PRloKcEMxQkJsYno2UHFRbkYyT3p6aTJFZU84Z3dIWkVaMms4Wmc0ZGllcDNSdXpVeHNzVXVkcGdVYlZQTVhmQ3g2SgpTVUpzT3lZVDREV0xFeW5Ya0FPTFNqWXJ2Y0dQMkprci9uS0FVNE5qL0tSckgxc0tYUXRKUXdwTVhyUHF1TzJJCjkycHArdi8zOTBvOWpDcmZxMzlpdFQranR3SURBUUFCbzBJd1FEQU9CZ05WSFE4QkFmOEVCQU1DQWdRd0R3WUQKVlIwVEFRSC9CQVV3QXdFQi96QWRCZ05WSFE0RUZnUVVqT0ROKzM3MkZGb0xDT09KWDNTSThXdFArTXN3RFFZSgpLb1pJaHZjTkFRRUxCUUFEZ2dHQkFBdGdVNDhUNUZGemdEUFowQlhNSG1YcnhvMWVUWStYc2VZWS9yRzlPdG44CjdOd1MrY3NCbVh5VnF0SVg5OGVjMzRkOEV0TkxvWVUvemNmWnpNcUxTS3RlS3NLb3NLRDB3b1ExWG9lN2RiejIKd2R1N0JnNEVnV3VaditXMmVMNGV6b1FhVmNkUGVqQ2xpaGRmbnNWUHhBTHFXVVVrZUZqdzA1MkZEeDRQVXZPKwpicmYzMjJWOE5CL3dLYzV1bW96Nm1rTVUwZVZCckdHU2NzdEsrNGpKbVY1YTZibTJSelFCV0h3bVNLR1A4RGNlCmg3bmVBN1htck9rMjIyUDc4SmplNW83ZnlQMGo5QSt5SHh3clhaN0R6QXBzaGRYamxGc0VoWGFlcUJneXd2LzIKMThEM3YvVG1BYTF3VUtTQ0llS3Zac25CYXMxTkNsKzBSMk15N1RlWDVVRW5DT2VxRXU3b1hEMTJGZFBlTU8wWApIdFpmSi92STFXLy8rSlJDdVgveDVhK08zMHRtcXpEeEVIWnlZVTNTVVJManA0MHF3K2VqVHFmalA1cVZVK0QxCmVNTXJtQUE0c3c4NklmTVV3SkR4cDVBSmNrVzY4RXVOTnRDMy9GQlYrckRITHlENndaditkRktwUEJBNFFwcTEKZ3lBZDZ0eCtLc0MwdEFhY1p1UWJGdz09Ci0tLS0tRU5EIENFUlRJRklDQVRFLS0tLS0K"
              }
            ],
            "master_authorized_networks_config": [],
            "master_version": "1.24.10-gke.2300",
            "mesh_certificates": [],
            "min_master_version": null,
            "monitoring_config": [
              {
                "enable_components": [
                  "SYSTEM_COMPONENTS"
                ],
                "managed_prometheus": []
              }
            ],
            "monitoring_service": "monitoring.googleapis.com/kubernetes",
            "name": "webfrontend",
            "network": "projects/qwiklabs-gcp-01-6002b8d1ccdd/global/networks/default",
            "network_policy": [
              {
                "enabled": false,
                "provider": "PROVIDER_UNSPECIFIED"
              }
            ],
            "networking_mode": "ROUTES",
            "node_config": [],
            "node_locations": [],
            "node_pool": [],
            "node_pool_defaults": [
              {
                "node_config_defaults": [
                  {
                    "logging_variant": "DEFAULT"
                  }
                ]
              }
            ],
            "node_version": "1.24.10-gke.2300",
            "notification_config": [
              {
                "pubsub": [
                  {
                    "enabled": false,
                    "filter": [],
                    "topic": ""
                  }
                ]
              }
            ],
            "operation": null,
            "private_cluster_config": [
              {
                "enable_private_endpoint": false,
                "enable_private_nodes": false,
                "master_global_access_config": [
                  {
                    "enabled": false
                  }
                ],
                "master_ipv4_cidr_block": "",
                "peering_name": "",
                "private_endpoint": "10.142.0.2",
                "private_endpoint_subnetwork": "",
                "public_endpoint": "34.75.25.236"
              }
            ],
            "private_ipv6_google_access": "",
            "project": "qwiklabs-gcp-01-6002b8d1ccdd",
            "release_channel": [
              {
                "channel": "REGULAR"
              }
            ],
            "remove_default_node_pool": true,
            "resource_labels": null,
            "resource_usage_export_config": [],
            "self_link": "https://container.googleapis.com/v1/projects/qwiklabs-gcp-01-6002b8d1ccdd/zones/us-east1-c/clusters/webfrontend",
            "service_external_ips_config": [
              {
                "enabled": false
              }
            ],
            "services_ipv4_cidr": "10.3.240.0/20",
            "subnetwork": "projects/qwiklabs-gcp-01-6002b8d1ccdd/regions/us-east1/subnetworks/default",
            "timeouts": null,
            "tpu_ipv4_cidr_block": "",
            "vertical_pod_autoscaling": [],
            "workload_identity_config": []
          },
          "sensitive_attributes": [],
          "private": "eyJlMmJmYjczMC1lY2FhLTExZTYtOGY4OC0zNDM2M2JjN2M0YzAiOnsiY3JlYXRlIjoyNDAwMDAwMDAwMDAwLCJkZWxldGUiOjI0MDAwMDAwMDAwMDAsInJlYWQiOjI0MDAwMDAwMDAwMDAsInVwZGF0ZSI6MzYwMDAwMDAwMDAwMH0sInNjaGVtYV92ZXJzaW9uIjoiMSJ9"
        }
      ]
    },
    {
      "mode": "managed",
      "type": "google_container_node_pool",
      "name": "primary_preemptible_nodes",
      "provider": "provider[\"registry.terraform.io/hashicorp/google\"]",
      "instances": [
        {
          "schema_version": 1,
          "attributes": {
            "autoscaling": [],
            "cluster": "webfrontend",
            "id": "projects/qwiklabs-gcp-01-6002b8d1ccdd/locations/us-east1-c/clusters/webfrontend/nodePools/webfrontend-nodes",
            "initial_node_count": 2,
            "instance_group_urls": [
              "https://www.googleapis.com/compute/v1/projects/qwiklabs-gcp-01-6002b8d1ccdd/zones/us-east1-c/instanceGroupManagers/gke-webfrontend-webfrontend-nodes-ba22b30c-grp"
            ],
            "location": "us-east1-c",
            "managed_instance_group_urls": [
              "https://www.googleapis.com/compute/v1/projects/qwiklabs-gcp-01-6002b8d1ccdd/zones/us-east1-c/instanceGroups/gke-webfrontend-webfrontend-nodes-ba22b30c-grp"
            ],
            "management": [
              {
                "auto_repair": true,
                "auto_upgrade": true
              }
            ],
            "max_pods_per_node": null,
            "name": "webfrontend-nodes",
            "name_prefix": "",
            "network_config": [
              {
                "create_pod_range": false,
                "enable_private_nodes": false,
                "pod_ipv4_cidr_block": "",
                "pod_range": ""
              }
            ],
            "node_config": [
              {
                "advanced_machine_features": [],
                "boot_disk_kms_key": "",
                "disk_size_gb": 100,
                "disk_type": "pd-balanced",
                "ephemeral_storage_local_ssd_config": [],
                "gcfs_config": [],
                "guest_accelerator": [],
                "gvnic": [],
                "image_type": "COS_CONTAINERD",
                "kubelet_config": [],
                "labels": {},
                "linux_node_config": [],
                "local_nvme_ssd_block_config": [],
                "local_ssd_count": 0,
                "logging_variant": "DEFAULT",
                "machine_type": "e2-medium",
                "metadata": {
                  "disable-legacy-endpoints": "true"
                },
                "min_cpu_platform": "",
                "node_group": "",
                "oauth_scopes": [
                  "https://www.googleapis.com/auth/devstorage.read_only",
                  "https://www.googleapis.com/auth/logging.write",
                  "https://www.googleapis.com/auth/monitoring",
                  "https://www.googleapis.com/auth/service.management.readonly",
                  "https://www.googleapis.com/auth/servicecontrol",
                  "https://www.googleapis.com/auth/trace.append"
                ],
                "preemptible": false,
                "reservation_affinity": [],
                "resource_labels": null,
                "service_account": "default",
                "shielded_instance_config": [
                  {
                    "enable_integrity_monitoring": true,
                    "enable_secure_boot": false
                  }
                ],
                "spot": false,
                "tags": null,
                "taint": [],
                "workload_metadata_config": []
              }
            ],
            "node_count": 2,
            "node_locations": [
              "us-east1-c"
            ],
            "operation": null,
            "placement_policy": [],
            "project": "qwiklabs-gcp-01-6002b8d1ccdd",
            "timeouts": null,
            "upgrade_settings": [
              {
                "blue_green_settings": [],
                "max_surge": 1,
                "max_unavailable": 0,
                "strategy": "SURGE"
              }
            ],
            "version": "1.24.10-gke.2300"
          },
          "sensitive_attributes": [],
          "private": "eyJlMmJmYjczMC1lY2FhLTExZTYtOGY4OC0zNDM2M2JjN2M0YzAiOnsiY3JlYXRlIjoxODAwMDAwMDAwMDAwLCJkZWxldGUiOjE4MDAwMDAwMDAwMDAsInVwZGF0ZSI6MTgwMDAwMDAwMDAwMH0sInNjaGVtYV92ZXJzaW9uIjoiMSJ9",
          "dependencies": [
            "google_container_cluster.primary"
          ]
        }
      ]
    },
    {
      "mode": "managed",
      "type": "google_project_service",
      "name": "container",
      "provider": "provider[\"registry.terraform.io/hashicorp/google\"]",
      "instances": [
        {
          "schema_version": 0,
          "attributes": {
            "disable_dependent_services": true,
            "disable_on_destroy": true,
            "id": "qwiklabs-gcp-01-6002b8d1ccdd/container.googleapis.com",
            "project": "qwiklabs-gcp-01-6002b8d1ccdd",
            "service": "container.googleapis.com",
            "timeouts": null
          },
          "sensitive_attributes": [],
          "private": "eyJlMmJmYjczMC1lY2FhLTExZTYtOGY4OC0zNDM2M2JjN2M0YzAiOnsiY3JlYXRlIjoxMjAwMDAwMDAwMDAwLCJkZWxldGUiOjEyMDAwMDAwMDAwMDAsInJlYWQiOjYwMDAwMDAwMDAwMCwidXBkYXRlIjoxMjAwMDAwMDAwMDAwfX0="
        }
      ]
    }
  ],
  "check_results": null
}
