{
  "version": 4,
  "terraform_version": "1.4.2",
  "serial": 3,
  "lineage": "7b5f53af-c10c-da85-ccc5-5c6c071f6d4a",
  "outputs": {},
  "resources": [
    {
      "mode": "managed",
      "type": "google_service_account",
      "name": "github_action_service_account",
      "provider": "provider[\"registry.terraform.io/hashicorp/google\"]",
      "instances": [
        {
          "schema_version": 0,
          "attributes": {
            "account_id": "je-suis-un-service-eaccount",
            "description": "",
            "disabled": false,
            "display_name": "Testeuuh Service Account",
            "email": "je-suis-un-service-eaccount@qwiklabs-gcp-00-7a5e2079d6eb.iam.gserviceaccount.com",
            "id": "projects/qwiklabs-gcp-00-7a5e2079d6eb/serviceAccounts/je-suis-un-service-eaccount@qwiklabs-gcp-00-7a5e2079d6eb.iam.gserviceaccount.com",
            "member": "serviceAccount:je-suis-un-service-eaccount@qwiklabs-gcp-00-7a5e2079d6eb.iam.gserviceaccount.com",
            "name": "projects/qwiklabs-gcp-00-7a5e2079d6eb/serviceAccounts/je-suis-un-service-eaccount@qwiklabs-gcp-00-7a5e2079d6eb.iam.gserviceaccount.com",
            "project": "qwiklabs-gcp-00-7a5e2079d6eb",
            "timeouts": null,
            "unique_id": "116843369696599945103"
          },
          "sensitive_attributes": [],
          "private": "eyJlMmJmYjczMC1lY2FhLTExZTYtOGY4OC0zNDM2M2JjN2M0YzAiOnsiY3JlYXRlIjozMDAwMDAwMDAwMDB9fQ=="
        }
      ]
    }
  ],
  "check_results": null
}
