{
  "version": 4,
  "terraform_version": "1.4.2",
  "serial": 11,
  "lineage": "c4a2dd54-3b7a-0f01-781e-3ce61df823a2",
  "outputs": {},
  "resources": [
    {
      "mode": "data",
      "type": "google_compute_default_service_account",
      "name": "default",
      "provider": "provider[\"registry.terraform.io/hashicorp/google\"]",
      "instances": [
        {
          "schema_version": 0,
          "attributes": {
            "display_name": "Compute Engine default service account",
            "email": "115634455385-compute@developer.gserviceaccount.com",
            "id": "projects/qwiklabs-gcp-04-504c678dbc64/serviceAccounts/115634455385-compute@developer.gserviceaccount.com",
            "name": "projects/qwiklabs-gcp-04-504c678dbc64/serviceAccounts/115634455385-compute@developer.gserviceaccount.com",
            "project": "qwiklabs-gcp-04-504c678dbc64",
            "unique_id": "112474227857398085647"
          },
          "sensitive_attributes": []
        }
      ]
    },
    {
      "mode": "managed",
      "type": "google_storage_bucket",
      "name": "default",
      "provider": "provider[\"registry.terraform.io/hashicorp/google\"]",
      "instances": [
        {
          "schema_version": 0,
          "attributes": {
            "autoclass": [],
            "cors": [],
            "custom_placement_config": [],
            "default_event_based_hold": false,
            "encryption": [],
            "force_destroy": true,
            "id": "qwiklabs-gcp-04-504c678dbc64",
            "labels": null,
            "lifecycle_rule": [],
            "location": "EU",
            "logging": [],
            "name": "qwiklabs-gcp-04-504c678dbc64",
            "project": "qwiklabs-gcp-04-504c678dbc64",
            "public_access_prevention": "inherited",
            "requester_pays": false,
            "retention_policy": [],
            "self_link": "https://www.googleapis.com/storage/v1/b/qwiklabs-gcp-04-504c678dbc64",
            "storage_class": "STANDARD",
            "timeouts": null,
            "uniform_bucket_level_access": false,
            "url": "gs://qwiklabs-gcp-04-504c678dbc64",
            "versioning": [],
            "website": []
          },
          "sensitive_attributes": [],
          "private": "eyJlMmJmYjczMC1lY2FhLTExZTYtOGY4OC0zNDM2M2JjN2M0YzAiOnsiY3JlYXRlIjo2MDAwMDAwMDAwMDAsInJlYWQiOjI0MDAwMDAwMDAwMCwidXBkYXRlIjoyNDAwMDAwMDAwMDB9fQ=="
        }
      ]
    }
  ],
  "check_results": null
}
