{
  "version": 4,
  "terraform_version": "1.4.2",
  "serial": 19,
  "lineage": "fce8ad7e-a8f4-3dbf-2bbc-f45739f95baa",
  "outputs": {},
  "resources": [
    {
      "mode": "managed",
      "type": "google_storage_bucket",
      "name": "default",
      "provider": "provider[\"registry.terraform.io/hashicorp/google\"]",
      "instances": [
        {
          "schema_version": 0,
          "attributes": {
            "autoclass": [],
            "cors": [],
            "custom_placement_config": [],
            "default_event_based_hold": false,
            "encryption": [],
            "force_destroy": false,
            "id": "qwiklabs-gcp-03-04c443f62c44",
            "labels": {},
            "lifecycle_rule": [
              {
                "action": [
                  {
                    "storage_class": "",
                    "type": "Delete"
                  }
                ],
                "condition": [
                  {
                    "age": 31,
                    "created_before": "",
                    "custom_time_before": "",
                    "days_since_custom_time": 0,
                    "days_since_noncurrent_time": 0,
                    "matches_prefix": [],
                    "matches_storage_class": [],
                    "matches_suffix": [],
                    "noncurrent_time_before": "",
                    "num_newer_versions": 0,
                    "with_state": ""
                  }
                ]
              }
            ],
            "location": "US",
            "logging": [],
            "name": "qwiklabs-gcp-03-04c443f62c44",
            "project": "qwiklabs-gcp-03-04c443f62c44",
            "public_access_prevention": "inherited",
            "requester_pays": false,
            "retention_policy": [],
            "self_link": "https://www.googleapis.com/storage/v1/b/qwiklabs-gcp-03-04c443f62c44",
            "storage_class": "STANDARD",
            "timeouts": null,
            "uniform_bucket_level_access": false,
            "url": "gs://qwiklabs-gcp-03-04c443f62c44",
            "versioning": [],
            "website": []
          },
          "sensitive_attributes": [],
          "private": "eyJlMmJmYjczMC1lY2FhLTExZTYtOGY4OC0zNDM2M2JjN2M0YzAiOnsiY3JlYXRlIjo2MDAwMDAwMDAwMDAsInJlYWQiOjI0MDAwMDAwMDAwMCwidXBkYXRlIjoyNDAwMDAwMDAwMDB9fQ=="
        }
      ]
    },
    {
      "mode": "managed",
      "type": "google_storage_object_acl",
      "name": "image-store-acl",
      "provider": "provider[\"registry.terraform.io/hashicorp/google\"]",
      "instances": [
        {
          "schema_version": 0,
          "attributes": {
            "bucket": "qwiklabs-gcp-03-04c443f62c44",
            "id": "setup.html-acl",
            "object": "setup.html",
            "predefined_acl": "",
            "role_entity": [
              "OWNER:user-student-01-51d9b8454b4c@qwiklabs.net",
              "READER:allUsers"
            ]
          },
          "sensitive_attributes": [],
          "private": "bnVsbA==",
          "dependencies": [
            "google_storage_bucket.default"
          ]
        }
      ]
    }
  ],
  "check_results": null
}
