{
  "version": 4,
  "terraform_version": "1.4.2",
  "serial": 29,
  "lineage": "81ec37dd-f60f-14a1-2283-71db9cbd2ecc",
  "outputs": {},
  "resources": [
    {
      "mode": "managed",
      "type": "google_compute_instance",
      "name": "lab-3",
      "provider": "provider[\"registry.terraform.io/hashicorp/google\"]",
      "instances": [
        {
          "schema_version": 6,
          "attributes": {
            "advanced_machine_features": [],
            "allow_stopping_for_update": null,
            "attached_disk": [],
            "boot_disk": [
              {
                "auto_delete": true,
                "device_name": "persistent-disk-0",
                "disk_encryption_key_raw": "",
                "disk_encryption_key_sha256": "",
                "initialize_params": [
                  {
                    "image": "https://www.googleapis.com/compute/v1/projects/debian-cloud/global/images/debian-10-buster-v20230510",
                    "labels": {},
                    "size": 10,
                    "type": "pd-standard"
                  }
                ],
                "kms_key_self_link": "",
                "mode": "READ_WRITE",
                "source": "https://www.googleapis.com/compute/v1/projects/qwiklabs-gcp-00-bc7b2f21ded6/zones/us-east1-c/disks/lab-3"
              }
            ],
            "can_ip_forward": false,
            "confidential_instance_config": [],
            "cpu_platform": "AMD Rome",
            "current_status": "RUNNING",
            "deletion_protection": false,
            "description": "",
            "desired_status": null,
            "enable_display": false,
            "guest_accelerator": [],
            "hostname": "",
            "id": "projects/qwiklabs-gcp-00-bc7b2f21ded6/zones/us-east1-c/instances/lab-3",
            "instance_id": "8817830219899199016",
            "label_fingerprint": "42WmSpB8rSM=",
            "labels": {},
            "machine_type": "e2-micro",
            "metadata": {},
            "metadata_fingerprint": "kK2M9FOB1QU=",
            "metadata_startup_script": null,
            "min_cpu_platform": "",
            "name": "lab-3",
            "network_interface": [
              {
                "access_config": [
                  {
                    "nat_ip": "34.73.184.152",
                    "network_tier": "PREMIUM",
                    "public_ptr_domain_name": ""
                  }
                ],
                "alias_ip_range": [],
                "ipv6_access_config": [],
                "ipv6_access_type": "",
                "name": "nic0",
                "network": "https://www.googleapis.com/compute/v1/projects/qwiklabs-gcp-00-bc7b2f21ded6/global/networks/default",
                "network_ip": "10.142.0.2",
                "nic_type": "",
                "queue_count": 0,
                "stack_type": "IPV4_ONLY",
                "subnetwork": "https://www.googleapis.com/compute/v1/projects/qwiklabs-gcp-00-bc7b2f21ded6/regions/us-east1/subnetworks/default",
                "subnetwork_project": "qwiklabs-gcp-00-bc7b2f21ded6"
              }
            ],
            "project": "qwiklabs-gcp-00-bc7b2f21ded6",
            "reservation_affinity": [],
            "resource_policies": [],
            "scheduling": [
              {
                "automatic_restart": true,
                "instance_termination_action": "",
                "min_node_cpus": 0,
                "node_affinities": [],
                "on_host_maintenance": "MIGRATE",
                "preemptible": false,
                "provisioning_model": "STANDARD"
              }
            ],
            "scratch_disk": [],
            "self_link": "https://www.googleapis.com/compute/v1/projects/qwiklabs-gcp-00-bc7b2f21ded6/zones/us-east1-c/instances/lab-3",
            "service_account": [
              {
                "email": "devops@qwiklabs-gcp-00-bc7b2f21ded6.iam.gserviceaccount.com",
                "scopes": [
                  "https://www.googleapis.com/auth/compute"
                ]
              }
            ],
            "shielded_instance_config": [
              {
                "enable_integrity_monitoring": true,
                "enable_secure_boot": false,
                "enable_vtpm": true
              }
            ],
            "tags": [],
            "tags_fingerprint": "42WmSpB8rSM=",
            "timeouts": null,
            "zone": "us-east1-c"
          },
          "sensitive_attributes": [],
          "private": "eyJlMmJmYjczMC1lY2FhLTExZTYtOGY4OC0zNDM2M2JjN2M0YzAiOnsiY3JlYXRlIjoxMjAwMDAwMDAwMDAwLCJkZWxldGUiOjEyMDAwMDAwMDAwMDAsInVwZGF0ZSI6MTIwMDAwMDAwMDAwMH0sInNjaGVtYV92ZXJzaW9uIjoiNiJ9"
        }
      ]
    },
    {
      "mode": "managed",
      "type": "google_project_iam_binding",
      "name": "custom-role",
      "provider": "provider[\"registry.terraform.io/hashicorp/google\"]",
      "instances": [
        {
          "schema_version": 0,
          "attributes": {
            "condition": [],
            "etag": "BwX7+zmj6mY=",
            "id": "qwiklabs-gcp-00-bc7b2f21ded6/projects/qwiklabs-gcp-00-bc7b2f21ded6/roles/devops",
            "members": [
              "user:student-02-d5080b967911@qwiklabs.net"
            ],
            "project": "qwiklabs-gcp-00-bc7b2f21ded6",
            "role": "projects/qwiklabs-gcp-00-bc7b2f21ded6/roles/devops"
          },
          "sensitive_attributes": [],
          "private": "bnVsbA=="
        }
      ]
    },
    {
      "mode": "managed",
      "type": "google_project_iam_binding",
      "name": "devops-admin",
      "provider": "provider[\"registry.terraform.io/hashicorp/google\"]",
      "instances": [
        {
          "schema_version": 0,
          "attributes": {
            "condition": [],
            "etag": "BwX7+zmj6mY=",
            "id": "qwiklabs-gcp-00-bc7b2f21ded6/roles/compute.instanceAdmin",
            "members": [
              "serviceAccount:devops@qwiklabs-gcp-00-bc7b2f21ded6.iam.gserviceaccount.com"
            ],
            "project": "qwiklabs-gcp-00-bc7b2f21ded6",
            "role": "roles/compute.instanceAdmin"
          },
          "sensitive_attributes": [],
          "private": "bnVsbA=="
        }
      ]
    },
    {
      "mode": "managed",
      "type": "google_project_iam_binding",
      "name": "devops-sau",
      "provider": "provider[\"registry.terraform.io/hashicorp/google\"]",
      "instances": [
        {
          "schema_version": 0,
          "attributes": {
            "condition": [],
            "etag": "BwX7+zmj6mY=",
            "id": "qwiklabs-gcp-00-bc7b2f21ded6/roles/iam.serviceAccountUser",
            "members": [
              "serviceAccount:devops@qwiklabs-gcp-00-bc7b2f21ded6.iam.gserviceaccount.com"
            ],
            "project": "qwiklabs-gcp-00-bc7b2f21ded6",
            "role": "roles/iam.serviceAccountUser"
          },
          "sensitive_attributes": [],
          "private": "bnVsbA=="
        }
      ]
    },
    {
      "mode": "managed",
      "type": "google_project_iam_binding",
      "name": "project",
      "provider": "provider[\"registry.terraform.io/hashicorp/google\"]",
      "instances": [
        {
          "schema_version": 0,
          "attributes": {
            "condition": [],
            "etag": "BwX7+zmj6mY=",
            "id": "qwiklabs-gcp-00-bc7b2f21ded6/roles/viewer",
            "members": [
              "user:student-02-d5080b967911@qwiklabs.net"
            ],
            "project": "qwiklabs-gcp-00-bc7b2f21ded6",
            "role": "roles/viewer"
          },
          "sensitive_attributes": [],
          "private": "bnVsbA=="
        }
      ]
    },
    {
      "mode": "managed",
      "type": "google_project_iam_binding",
      "name": "sa",
      "provider": "provider[\"registry.terraform.io/hashicorp/google\"]",
      "instances": [
        {
          "schema_version": 0,
          "attributes": {
            "condition": [],
            "etag": "BwX7+0nEzWo=",
            "id": "qwiklabs-gcp-00-bc7b2f21ded6/roles/iam.serviceAccountUser",
            "members": [
              "user:student-02-d5080b967911@qwiklabs.net"
            ],
            "project": "qwiklabs-gcp-00-bc7b2f21ded6",
            "role": "roles/iam.serviceAccountUser"
          },
          "sensitive_attributes": [],
          "private": "bnVsbA=="
        }
      ]
    },
    {
      "mode": "managed",
      "type": "google_project_iam_custom_role",
      "name": "devops",
      "provider": "provider[\"registry.terraform.io/hashicorp/google\"]",
      "instances": [
        {
          "schema_version": 0,
          "attributes": {
            "deleted": false,
            "description": "A description",
            "id": "projects/qwiklabs-gcp-00-bc7b2f21ded6/roles/devops",
            "name": "projects/qwiklabs-gcp-00-bc7b2f21ded6/roles/devops",
            "permissions": [
              "compute.disks.create",
              "compute.instances.create",
              "compute.instances.delete",
              "compute.instances.setMetadata",
              "compute.instances.setServiceAccount",
              "compute.instances.start",
              "compute.instances.stop",
              "compute.instances.update",
              "compute.subnetworks.use",
              "compute.subnetworks.useExternalIp"
            ],
            "project": "qwiklabs-gcp-00-bc7b2f21ded6",
            "role_id": "devops",
            "stage": "GA",
            "title": "My devops Role"
          },
          "sensitive_attributes": [],
          "private": "bnVsbA=="
        }
      ]
    },
    {
      "mode": "managed",
      "type": "google_service_account",
      "name": "devops",
      "provider": "provider[\"registry.terraform.io/hashicorp/google\"]",
      "instances": [
        {
          "schema_version": 0,
          "attributes": {
            "account_id": "devops",
            "description": "",
            "disabled": false,
            "display_name": "devops",
            "email": "devops@qwiklabs-gcp-00-bc7b2f21ded6.iam.gserviceaccount.com",
            "id": "projects/qwiklabs-gcp-00-bc7b2f21ded6/serviceAccounts/devops@qwiklabs-gcp-00-bc7b2f21ded6.iam.gserviceaccount.com",
            "member": "serviceAccount:devops@qwiklabs-gcp-00-bc7b2f21ded6.iam.gserviceaccount.com",
            "name": "projects/qwiklabs-gcp-00-bc7b2f21ded6/serviceAccounts/devops@qwiklabs-gcp-00-bc7b2f21ded6.iam.gserviceaccount.com",
            "project": "qwiklabs-gcp-00-bc7b2f21ded6",
            "timeouts": null,
            "unique_id": "104885332723042748079"
          },
          "sensitive_attributes": [],
          "private": "eyJlMmJmYjczMC1lY2FhLTExZTYtOGY4OC0zNDM2M2JjN2M0YzAiOnsiY3JlYXRlIjozMDAwMDAwMDAwMDB9fQ=="
        }
      ]
    }
  ],
  "check_results": null
}
