{
  "version": 4,
  "terraform_version": "1.4.2",
  "serial": 5,
  "lineage": "841935ed-69e4-e504-b047-7c44eb5e4f9d",
  "outputs": {},
  "resources": [
    {
      "mode": "managed",
      "type": "google_container_cluster",
      "name": "bootcamp",
      "provider": "provider[\"registry.terraform.io/hashicorp/google\"]",
      "instances": [
        {
          "schema_version": 1,
          "attributes": {
            "addons_config": [
              {
                "cloudrun_config": [],
                "config_connector_config": [],
                "dns_cache_config": [],
                "gce_persistent_disk_csi_driver_config": [
                  {
                    "enabled": true
                  }
                ],
                "gcp_filestore_csi_driver_config": [],
                "gke_backup_agent_config": [],
                "horizontal_pod_autoscaling": [],
                "http_load_balancing": [],
                "network_policy_config": [
                  {
                    "disabled": true
                  }
                ]
              }
            ],
            "authenticator_groups_config": [],
            "binary_authorization": [
              {
                "enabled": false,
                "evaluation_mode": ""
              }
            ],
            "cluster_autoscaling": [
              {
                "auto_provisioning_defaults": [],
                "enabled": false,
                "resource_limits": []
              }
            ],
            "cluster_ipv4_cidr": "10.84.0.0/14",
            "confidential_nodes": [],
            "cost_management_config": [],
            "database_encryption": [
              {
                "key_name": "",
                "state": "DECRYPTED"
              }
            ],
            "datapath_provider": "",
            "default_max_pods_per_node": null,
            "default_snat_status": [
              {
                "disabled": false
              }
            ],
            "description": "",
            "dns_config": [],
            "enable_autopilot": false,
            "enable_binary_authorization": false,
            "enable_intranode_visibility": false,
            "enable_kubernetes_alpha": false,
            "enable_l4_ilb_subsetting": false,
            "enable_legacy_abac": false,
            "enable_shielded_nodes": true,
            "enable_tpu": false,
            "endpoint": "35.230.175.78",
            "gateway_api_config": [],
            "id": "projects/qwiklabs-gcp-02-050638d99e6f/locations/us-east4-a/clusters/bootcamp",
            "initial_node_count": 1,
            "ip_allocation_policy": [],
            "label_fingerprint": "a9dc16a7",
            "location": "us-east4-a",
            "logging_config": [
              {
                "enable_components": [
                  "SYSTEM_COMPONENTS",
                  "WORKLOADS"
                ]
              }
            ],
            "logging_service": "logging.googleapis.com/kubernetes",
            "maintenance_policy": [],
            "master_auth": [
              {
                "client_certificate": "",
                "client_certificate_config": [
                  {
                    "issue_client_certificate": false
                  }
                ],
                "client_key": "",
                "cluster_ca_certificate": "LS0tLS1CRUdJTiBDRVJUSUZJQ0FURS0tLS0tCk1JSUVMVENDQXBXZ0F3SUJBZ0lSQU1udkJNaDZDYlNhMm4zSlRjTTVYSFl3RFFZSktvWklodmNOQVFFTEJRQXcKTHpFdE1Dc0dBMVVFQXhNa00yUTRZMk5pTWpRdE1HRmtNUzAwT1RNekxXRmhZakV0TURNMk9HSTVPREJrT1dZNApNQ0FYRFRJek1EUXlPVEV4TXpjMU5sb1lEekl3TlRNd05ESXhNVEl6TnpVMldqQXZNUzB3S3dZRFZRUURFeVF6ClpEaGpZMkl5TkMwd1lXUXhMVFE1TXpNdFlXRmlNUzB3TXpZNFlqazRNR1E1Wmpnd2dnR2lNQTBHQ1NxR1NJYjMKRFFFQkFRVUFBNElCandBd2dnR0tBb0lCZ1FEdXdvR0gzN0RnYmNsL1k5UXFYbHh1QlgvZCt2SDBnTWc1VnBmOQpjNDhwaUd5TWp6OTNlYUxNektlVGxxbjRHZ0l1WVNJM1RWYWdvSDBDSHY4cnZFT2pPMzJqODRFQzJPcVVtVHpECitTL0dGQnovL0E1RFozaUZ5Y0hRWkt6WWhmRVNHVUJ6OFZPSjVUOTlPdXNBRS9xUnZxb1ByUEN2RVVZYVJTL3IKNGxQUU9XU0plT2hFdGJvR3dOaUhjS1cxUlpSTytiQUh0VlUyTG5JeFM3M0d2NEFUelV2c0hCUlpQRm1jOG1UNgpacFdNcjdYSlZZblBjcVBHSnVpQS9RbW9hRTZYS0dFbUhhamxkQTFacFE1S1N2WUc5RWxNUmZ1YXZQQUpBU0pXClRVb3R6WjVmY3hxTlhzMHFrcmoxNkwzRWxIOXJERTlPUWUwcXlUQ2hyRU12VHEwQ2NseGhOVUhIaGFHVS9tQkIKVUN0N2s5SFV6SEVHWmIzVzJzMXhQZWkxZHlaeTRjMGl2ZmxRNnZMV2tzYW9kcnhEVEN6cmRoL1l5WGxnK1JZZQo2b1lLSnJkM1Z4ZXRpeFpWdmpvZWpZNmZMc3BZWXhKSWh2eThYTy96NUM2ZS9FYmxnRzgva2JKM2FXR242TmxCCklBS2o2MDhCc01Ocm1wV01hd0NQNTgvUGNoOENBd0VBQWFOQ01FQXdEZ1lEVlIwUEFRSC9CQVFEQWdJRU1BOEcKQTFVZEV3RUIvd1FGTUFNQkFmOHdIUVlEVlIwT0JCWUVGSUp3M3Vja1dIdXdkSXZxQjZLRTNHbGhjOTNyTUEwRwpDU3FHU0liM0RRRUJDd1VBQTRJQmdRQzZZVzg3NXVhR3ZmbzJ5ejhoc0Y1anlVMWtRZk43andDOHVnbGNDcUdZCmZHdWFKOUtNdVVrNmFIVmZGMUR2aHlVVTQvaUpZZ3VQVlVTSzYwUS9NdVNuK0FreDNwQXloTDB3R3B6elJsZWMKN3poQ3Z5OWljcW5STlR6c0NjTGRiSnRqRnlqTWNFc3d4dUlpVjA2eG1yNi82ZUQ0VUYxdWE3R0cvbXU0ekxyZApZaHZaTHFsZmxVVFQ1MlcyRXh1UXBjQ0VKRnVpYW9Tems5MVJRaUJMa2UzN0JQMkFCSXphWUlZTW43Kyt3RjhYCnJ5dEtKa1ZqbEJJdWcyWk5ZTTVYTWl5c2hubHRpQ3VlS3pLRERLWjR0M0UyOWQyajJlUXZJSW9Id2tvdzdFckUKcGlBRnJ3RUlLWkNWQ24yNTE5OTY2S1Y4WXh1UkI4SW10T2djZnhUZ1IvdXBNVGluSG1hLzJzWWtnSnhTeWFOeApDcXpmeXlrMU05Z2hDRDY1Z0YvTHd0a3FUeE9QeW52T2x2WEd5OWQ1U1picFE5ZDh5TUM3ZFhwVDZoaGFkQ0ZWCjN5K29jaWxjTHQwVlNkcFNKdjRBdWhPcWlwQzg3aUxZRmN4cUovdnVyY056S2dUcEUxVjBhczRReW1WcFNxbDIKZnh2b1hjc0JsT3ZrelRQYmh3YzdaN009Ci0tLS0tRU5EIENFUlRJRklDQVRFLS0tLS0K"
              }
            ],
            "master_authorized_networks_config": [],
            "master_version": "1.25.7-gke.1000",
            "mesh_certificates": [],
            "min_master_version": null,
            "monitoring_config": [
              {
                "enable_components": [
                  "SYSTEM_COMPONENTS"
                ],
                "managed_prometheus": []
              }
            ],
            "monitoring_service": "monitoring.googleapis.com/kubernetes",
            "name": "bootcamp",
            "network": "projects/qwiklabs-gcp-02-050638d99e6f/global/networks/default",
            "network_policy": [
              {
                "enabled": false,
                "provider": "PROVIDER_UNSPECIFIED"
              }
            ],
            "networking_mode": "ROUTES",
            "node_config": [],
            "node_locations": [],
            "node_pool": [],
            "node_pool_defaults": [
              {
                "node_config_defaults": [
                  {
                    "logging_variant": "DEFAULT"
                  }
                ]
              }
            ],
            "node_version": "1.25.7-gke.1000",
            "notification_config": [
              {
                "pubsub": [
                  {
                    "enabled": false,
                    "filter": [],
                    "topic": ""
                  }
                ]
              }
            ],
            "operation": null,
            "private_cluster_config": [
              {
                "enable_private_endpoint": false,
                "enable_private_nodes": false,
                "master_global_access_config": [
                  {
                    "enabled": false
                  }
                ],
                "master_ipv4_cidr_block": "",
                "peering_name": "",
                "private_endpoint": "10.150.0.2",
                "private_endpoint_subnetwork": "",
                "public_endpoint": "35.230.175.78"
              }
            ],
            "private_ipv6_google_access": "",
            "project": "qwiklabs-gcp-02-050638d99e6f",
            "release_channel": [
              {
                "channel": "REGULAR"
              }
            ],
            "remove_default_node_pool": true,
            "resource_labels": {},
            "resource_usage_export_config": [],
            "self_link": "https://container.googleapis.com/v1/projects/qwiklabs-gcp-02-050638d99e6f/zones/us-east4-a/clusters/bootcamp",
            "service_external_ips_config": [
              {
                "enabled": false
              }
            ],
            "services_ipv4_cidr": "10.87.240.0/20",
            "subnetwork": "projects/qwiklabs-gcp-02-050638d99e6f/regions/us-east4/subnetworks/default",
            "timeouts": null,
            "tpu_ipv4_cidr_block": "",
            "vertical_pod_autoscaling": [],
            "workload_identity_config": []
          },
          "sensitive_attributes": [],
          "private": "eyJlMmJmYjczMC1lY2FhLTExZTYtOGY4OC0zNDM2M2JjN2M0YzAiOnsiY3JlYXRlIjoyNDAwMDAwMDAwMDAwLCJkZWxldGUiOjI0MDAwMDAwMDAwMDAsInJlYWQiOjI0MDAwMDAwMDAwMDAsInVwZGF0ZSI6MzYwMDAwMDAwMDAwMH0sInNjaGVtYV92ZXJzaW9uIjoiMSJ9"
        }
      ]
    },
    {
      "mode": "managed",
      "type": "google_container_node_pool",
      "name": "primary_nodes",
      "provider": "provider[\"registry.terraform.io/hashicorp/google\"]",
      "instances": [
        {
          "status": "tainted",
          "schema_version": 1,
          "attributes": {
            "autoscaling": [],
            "cluster": "bootcamp",
            "id": "projects/qwiklabs-gcp-02-050638d99e6f/locations/us-east4-a/clusters/bootcamp/nodePools/bootcamp-nodes-1",
            "initial_node_count": null,
            "instance_group_urls": null,
            "location": "us-east4-a",
            "managed_instance_group_urls": null,
            "management": null,
            "max_pods_per_node": null,
            "name": "bootcamp-nodes-1",
            "name_prefix": null,
            "network_config": null,
            "node_config": [
              {
                "advanced_machine_features": [],
                "boot_disk_kms_key": "",
                "disk_size_gb": 0,
                "disk_type": "",
                "ephemeral_storage_local_ssd_config": [],
                "gcfs_config": [],
                "guest_accelerator": [],
                "gvnic": [],
                "image_type": "",
                "kubelet_config": [],
                "labels": {},
                "linux_node_config": [],
                "local_nvme_ssd_block_config": [],
                "local_ssd_count": 0,
                "logging_variant": "DEFAULT",
                "machine_type": "e2-small",
                "metadata": {},
                "min_cpu_platform": "",
                "node_group": "",
                "oauth_scopes": [
                  "https://www.googleapis.com/auth/projecthosting",
                  "https://www.googleapis.com/auth/storage-rw"
                ],
                "preemptible": false,
                "reservation_affinity": [],
                "resource_labels": null,
                "service_account": "",
                "shielded_instance_config": [],
                "spot": false,
                "tags": null,
                "taint": [],
                "workload_metadata_config": []
              }
            ],
            "node_count": 3,
            "node_locations": [],
            "operation": null,
            "placement_policy": [],
            "project": null,
            "timeouts": null,
            "upgrade_settings": null,
            "version": null
          },
          "sensitive_attributes": [],
          "private": "eyJlMmJmYjczMC1lY2FhLTExZTYtOGY4OC0zNDM2M2JjN2M0YzAiOnsiY3JlYXRlIjoxODAwMDAwMDAwMDAwLCJkZWxldGUiOjE4MDAwMDAwMDAwMDAsInVwZGF0ZSI6MTgwMDAwMDAwMDAwMH0sInNjaGVtYV92ZXJzaW9uIjoiMSJ9",
          "dependencies": [
            "google_container_cluster.bootcamp"
          ]
        }
      ]
    }
  ],
  "check_results": null
}
